
Microsoft Visual Studio Solution File, Format Version 12.00
# Visual Studio 15
VisualStudioVersion = 15.0.27130.2026
MinimumVisualStudioVersion = 10.0.40219.1
Project("{9A19103F-16F7-4668-BE54-9A1E7A4F7556}") = "CSharpMath", "CSharpMath\CSharpMath.csproj", "{5157367B-F03E-4ACB-83A1-0DE414A3BFCA}"
EndProject
Project("{9A19103F-16F7-4668-BE54-9A1E7A4F7556}") = "CSharpMath.Tests", "CSharpMath.Tests\CSharpMath.Tests.csproj", "{0830C47F-AA16-4A0E-9CCF-E40835D1430D}"
EndProject
Project("{D954291E-2A0B-460D-934E-DC6B0785DB48}") = "CSharpMath.Apple", "CSharpMath.Apple\CSharpMath.Apple.shproj", "{1E62C0F0-B5C9-430E-ADDC-6F6EC6E0BDE1}"
EndProject
Project("{2150E333-8FDC-42A3-9474-1A3956D46DE8}") = "Config", "Config", "{4095C402-9D46-4F54-9A19-4FA063852135}"
	ProjectSection(SolutionItems) = preProject
		.editorconfig = .editorconfig
	EndProjectSection
EndProject
Project("{FAE04EC0-301F-11D3-BF4B-00C04F79EFBC}") = "CSharpMath.Ios.Example", "CSharpMath.IosExample\CSharpMath.Ios.Example.csproj", "{664EAD44-C19D-462B-9127-FD1106B4F3C6}"
EndProject
Project("{FAE04EC0-301F-11D3-BF4B-00C04F79EFBC}") = "CSharpMath.Ios", "CSharpMath.Ios\CSharpMath.Ios.csproj", "{11D4E6C7-C8E2-449C-A1E7-18BBBCE4E6F3}"
EndProject
Project("{9A19103F-16F7-4668-BE54-9A1E7A4F7556}") = "CSharpMath.SkiaSharp", "CSharpMath.SkiaSharp\CSharpMath.SkiaSharp.csproj", "{35B4BB5B-2202-436E-9AFE-00997CA2CC65}"
EndProject
Project("{FAE04EC0-301F-11D3-BF4B-00C04F79EFBC}") = "CSharpMath.Forms.Android", "CSharpMath.Forms\CSharpMath.Forms.Android\CSharpMath.Forms.Android.csproj", "{95596BAD-4D78-4D19-939B-C6EA3D60D988}"
EndProject
Project("{FAE04EC0-301F-11D3-BF4B-00C04F79EFBC}") = "CSharpMath.Forms.iOS", "CSharpMath.Forms\CSharpMath.Forms.iOS\CSharpMath.Forms.iOS.csproj", "{D2DCB05B-D4D2-4FB2-A65D-22CDB8F4F96C}"
EndProject
Project("{FAE04EC0-301F-11D3-BF4B-00C04F79EFBC}") = "CSharpMath.Forms.UWP", "CSharpMath.Forms\CSharpMath.Forms.UWP\CSharpMath.Forms.UWP.csproj", "{9E83749E-663D-4327-97A2-9E5A786906E7}"
EndProject
Project("{FAE04EC0-301F-11D3-BF4B-00C04F79EFBC}") = "CSharpMath.Forms", "CSharpMath.Forms\CSharpMath.Forms\CSharpMath.Forms.csproj", "{E024CC1D-D022-44B2-8B11-ECCC1462DEF7}"
EndProject
Global
	GlobalSection(SharedMSBuildProjectFiles) = preSolution
		CSharpMath.Apple\CSharpMath.Apple.projitems*{11d4e6c7-c8e2-449c-a1e7-18bbbce4e6f3}*SharedItemsImports = 4
		CSharpMath.Apple\CSharpMath.Apple.projitems*{1e62c0f0-b5c9-430e-addc-6f6ec6e0bde1}*SharedItemsImports = 13
	EndGlobalSection
	GlobalSection(SolutionConfigurationPlatforms) = preSolution
		Ad-Hoc|Any CPU = Ad-Hoc|Any CPU
		Ad-Hoc|ARM = Ad-Hoc|ARM
		Ad-Hoc|iPhone = Ad-Hoc|iPhone
		Ad-Hoc|iPhoneSimulator = Ad-Hoc|iPhoneSimulator
		Ad-Hoc|x64 = Ad-Hoc|x64
		Ad-Hoc|x86 = Ad-Hoc|x86
		AppStore|Any CPU = AppStore|Any CPU
		AppStore|ARM = AppStore|ARM
		AppStore|iPhone = AppStore|iPhone
		AppStore|iPhoneSimulator = AppStore|iPhoneSimulator
		AppStore|x64 = AppStore|x64
		AppStore|x86 = AppStore|x86
		Debug|Any CPU = Debug|Any CPU
		Debug|ARM = Debug|ARM
		Debug|iPhone = Debug|iPhone
		Debug|iPhoneSimulator = Debug|iPhoneSimulator
		Debug|x64 = Debug|x64
		Debug|x86 = Debug|x86
		Release|Any CPU = Release|Any CPU
		Release|ARM = Release|ARM
		Release|iPhone = Release|iPhone
		Release|iPhoneSimulator = Release|iPhoneSimulator
		Release|x64 = Release|x64
		Release|x86 = Release|x86
	EndGlobalSection
	GlobalSection(ProjectConfigurationPlatforms) = postSolution
		{5157367B-F03E-4ACB-83A1-0DE414A3BFCA}.Ad-Hoc|Any CPU.ActiveCfg = Release|Any CPU
		{5157367B-F03E-4ACB-83A1-0DE414A3BFCA}.Ad-Hoc|Any CPU.Build.0 = Release|Any CPU
		{5157367B-F03E-4ACB-83A1-0DE414A3BFCA}.Ad-Hoc|ARM.ActiveCfg = Debug|Any CPU
		{5157367B-F03E-4ACB-83A1-0DE414A3BFCA}.Ad-Hoc|ARM.Build.0 = Debug|Any CPU
		{5157367B-F03E-4ACB-83A1-0DE414A3BFCA}.Ad-Hoc|iPhone.ActiveCfg = Release|Any CPU
		{5157367B-F03E-4ACB-83A1-0DE414A3BFCA}.Ad-Hoc|iPhone.Build.0 = Release|Any CPU
		{5157367B-F03E-4ACB-83A1-0DE414A3BFCA}.Ad-Hoc|iPhoneSimulator.ActiveCfg = Release|Any CPU
		{5157367B-F03E-4ACB-83A1-0DE414A3BFCA}.Ad-Hoc|iPhoneSimulator.Build.0 = Release|Any CPU
		{5157367B-F03E-4ACB-83A1-0DE414A3BFCA}.Ad-Hoc|x64.ActiveCfg = Debug|Any CPU
		{5157367B-F03E-4ACB-83A1-0DE414A3BFCA}.Ad-Hoc|x64.Build.0 = Debug|Any CPU
		{5157367B-F03E-4ACB-83A1-0DE414A3BFCA}.Ad-Hoc|x86.ActiveCfg = Debug|Any CPU
		{5157367B-F03E-4ACB-83A1-0DE414A3BFCA}.Ad-Hoc|x86.Build.0 = Debug|Any CPU
		{5157367B-F03E-4ACB-83A1-0DE414A3BFCA}.AppStore|Any CPU.ActiveCfg = Release|Any CPU
		{5157367B-F03E-4ACB-83A1-0DE414A3BFCA}.AppStore|Any CPU.Build.0 = Release|Any CPU
		{5157367B-F03E-4ACB-83A1-0DE414A3BFCA}.AppStore|ARM.ActiveCfg = Debug|Any CPU
		{5157367B-F03E-4ACB-83A1-0DE414A3BFCA}.AppStore|ARM.Build.0 = Debug|Any CPU
		{5157367B-F03E-4ACB-83A1-0DE414A3BFCA}.AppStore|iPhone.ActiveCfg = Release|Any CPU
		{5157367B-F03E-4ACB-83A1-0DE414A3BFCA}.AppStore|iPhone.Build.0 = Release|Any CPU
		{5157367B-F03E-4ACB-83A1-0DE414A3BFCA}.AppStore|iPhoneSimulator.ActiveCfg = Release|Any CPU
		{5157367B-F03E-4ACB-83A1-0DE414A3BFCA}.AppStore|iPhoneSimulator.Build.0 = Release|Any CPU
		{5157367B-F03E-4ACB-83A1-0DE414A3BFCA}.AppStore|x64.ActiveCfg = Debug|Any CPU
		{5157367B-F03E-4ACB-83A1-0DE414A3BFCA}.AppStore|x64.Build.0 = Debug|Any CPU
		{5157367B-F03E-4ACB-83A1-0DE414A3BFCA}.AppStore|x86.ActiveCfg = Debug|Any CPU
		{5157367B-F03E-4ACB-83A1-0DE414A3BFCA}.AppStore|x86.Build.0 = Debug|Any CPU
		{5157367B-F03E-4ACB-83A1-0DE414A3BFCA}.Debug|Any CPU.ActiveCfg = Debug|Any CPU
		{5157367B-F03E-4ACB-83A1-0DE414A3BFCA}.Debug|Any CPU.Build.0 = Debug|Any CPU
		{5157367B-F03E-4ACB-83A1-0DE414A3BFCA}.Debug|ARM.ActiveCfg = Debug|Any CPU
		{5157367B-F03E-4ACB-83A1-0DE414A3BFCA}.Debug|ARM.Build.0 = Debug|Any CPU
		{5157367B-F03E-4ACB-83A1-0DE414A3BFCA}.Debug|iPhone.ActiveCfg = Debug|Any CPU
		{5157367B-F03E-4ACB-83A1-0DE414A3BFCA}.Debug|iPhone.Build.0 = Debug|Any CPU
		{5157367B-F03E-4ACB-83A1-0DE414A3BFCA}.Debug|iPhoneSimulator.ActiveCfg = Debug|Any CPU
		{5157367B-F03E-4ACB-83A1-0DE414A3BFCA}.Debug|iPhoneSimulator.Build.0 = Debug|Any CPU
		{5157367B-F03E-4ACB-83A1-0DE414A3BFCA}.Debug|x64.ActiveCfg = Debug|Any CPU
		{5157367B-F03E-4ACB-83A1-0DE414A3BFCA}.Debug|x64.Build.0 = Debug|Any CPU
		{5157367B-F03E-4ACB-83A1-0DE414A3BFCA}.Debug|x86.ActiveCfg = Debug|Any CPU
		{5157367B-F03E-4ACB-83A1-0DE414A3BFCA}.Debug|x86.Build.0 = Debug|Any CPU
		{5157367B-F03E-4ACB-83A1-0DE414A3BFCA}.Release|Any CPU.ActiveCfg = Release|Any CPU
		{5157367B-F03E-4ACB-83A1-0DE414A3BFCA}.Release|Any CPU.Build.0 = Release|Any CPU
		{5157367B-F03E-4ACB-83A1-0DE414A3BFCA}.Release|ARM.ActiveCfg = Release|Any CPU
		{5157367B-F03E-4ACB-83A1-0DE414A3BFCA}.Release|ARM.Build.0 = Release|Any CPU
		{5157367B-F03E-4ACB-83A1-0DE414A3BFCA}.Release|iPhone.ActiveCfg = Release|Any CPU
		{5157367B-F03E-4ACB-83A1-0DE414A3BFCA}.Release|iPhone.Build.0 = Release|Any CPU
		{5157367B-F03E-4ACB-83A1-0DE414A3BFCA}.Release|iPhoneSimulator.ActiveCfg = Release|Any CPU
		{5157367B-F03E-4ACB-83A1-0DE414A3BFCA}.Release|iPhoneSimulator.Build.0 = Release|Any CPU
		{5157367B-F03E-4ACB-83A1-0DE414A3BFCA}.Release|x64.ActiveCfg = Release|Any CPU
		{5157367B-F03E-4ACB-83A1-0DE414A3BFCA}.Release|x64.Build.0 = Release|Any CPU
		{5157367B-F03E-4ACB-83A1-0DE414A3BFCA}.Release|x86.ActiveCfg = Release|Any CPU
		{5157367B-F03E-4ACB-83A1-0DE414A3BFCA}.Release|x86.Build.0 = Release|Any CPU
		{0830C47F-AA16-4A0E-9CCF-E40835D1430D}.Ad-Hoc|Any CPU.ActiveCfg = Release|Any CPU
		{0830C47F-AA16-4A0E-9CCF-E40835D1430D}.Ad-Hoc|Any CPU.Build.0 = Release|Any CPU
		{0830C47F-AA16-4A0E-9CCF-E40835D1430D}.Ad-Hoc|ARM.ActiveCfg = Debug|Any CPU
		{0830C47F-AA16-4A0E-9CCF-E40835D1430D}.Ad-Hoc|ARM.Build.0 = Debug|Any CPU
		{0830C47F-AA16-4A0E-9CCF-E40835D1430D}.Ad-Hoc|iPhone.ActiveCfg = Release|Any CPU
		{0830C47F-AA16-4A0E-9CCF-E40835D1430D}.Ad-Hoc|iPhone.Build.0 = Release|Any CPU
		{0830C47F-AA16-4A0E-9CCF-E40835D1430D}.Ad-Hoc|iPhoneSimulator.ActiveCfg = Release|Any CPU
		{0830C47F-AA16-4A0E-9CCF-E40835D1430D}.Ad-Hoc|iPhoneSimulator.Build.0 = Release|Any CPU
		{0830C47F-AA16-4A0E-9CCF-E40835D1430D}.Ad-Hoc|x64.ActiveCfg = Debug|Any CPU
		{0830C47F-AA16-4A0E-9CCF-E40835D1430D}.Ad-Hoc|x64.Build.0 = Debug|Any CPU
		{0830C47F-AA16-4A0E-9CCF-E40835D1430D}.Ad-Hoc|x86.ActiveCfg = Debug|Any CPU
		{0830C47F-AA16-4A0E-9CCF-E40835D1430D}.Ad-Hoc|x86.Build.0 = Debug|Any CPU
		{0830C47F-AA16-4A0E-9CCF-E40835D1430D}.AppStore|Any CPU.ActiveCfg = Release|Any CPU
		{0830C47F-AA16-4A0E-9CCF-E40835D1430D}.AppStore|Any CPU.Build.0 = Release|Any CPU
		{0830C47F-AA16-4A0E-9CCF-E40835D1430D}.AppStore|ARM.ActiveCfg = Debug|Any CPU
		{0830C47F-AA16-4A0E-9CCF-E40835D1430D}.AppStore|ARM.Build.0 = Debug|Any CPU
		{0830C47F-AA16-4A0E-9CCF-E40835D1430D}.AppStore|iPhone.ActiveCfg = Release|Any CPU
		{0830C47F-AA16-4A0E-9CCF-E40835D1430D}.AppStore|iPhone.Build.0 = Release|Any CPU
		{0830C47F-AA16-4A0E-9CCF-E40835D1430D}.AppStore|iPhoneSimulator.ActiveCfg = Release|Any CPU
		{0830C47F-AA16-4A0E-9CCF-E40835D1430D}.AppStore|iPhoneSimulator.Build.0 = Release|Any CPU
		{0830C47F-AA16-4A0E-9CCF-E40835D1430D}.AppStore|x64.ActiveCfg = Debug|Any CPU
		{0830C47F-AA16-4A0E-9CCF-E40835D1430D}.AppStore|x64.Build.0 = Debug|Any CPU
		{0830C47F-AA16-4A0E-9CCF-E40835D1430D}.AppStore|x86.ActiveCfg = Debug|Any CPU
		{0830C47F-AA16-4A0E-9CCF-E40835D1430D}.AppStore|x86.Build.0 = Debug|Any CPU
		{0830C47F-AA16-4A0E-9CCF-E40835D1430D}.Debug|Any CPU.ActiveCfg = Debug|Any CPU
		{0830C47F-AA16-4A0E-9CCF-E40835D1430D}.Debug|Any CPU.Build.0 = Debug|Any CPU
		{0830C47F-AA16-4A0E-9CCF-E40835D1430D}.Debug|ARM.ActiveCfg = Debug|Any CPU
		{0830C47F-AA16-4A0E-9CCF-E40835D1430D}.Debug|ARM.Build.0 = Debug|Any CPU
		{0830C47F-AA16-4A0E-9CCF-E40835D1430D}.Debug|iPhone.ActiveCfg = Debug|Any CPU
		{0830C47F-AA16-4A0E-9CCF-E40835D1430D}.Debug|iPhone.Build.0 = Debug|Any CPU
		{0830C47F-AA16-4A0E-9CCF-E40835D1430D}.Debug|iPhoneSimulator.ActiveCfg = Debug|Any CPU
		{0830C47F-AA16-4A0E-9CCF-E40835D1430D}.Debug|iPhoneSimulator.Build.0 = Debug|Any CPU
		{0830C47F-AA16-4A0E-9CCF-E40835D1430D}.Debug|x64.ActiveCfg = Debug|Any CPU
		{0830C47F-AA16-4A0E-9CCF-E40835D1430D}.Debug|x64.Build.0 = Debug|Any CPU
		{0830C47F-AA16-4A0E-9CCF-E40835D1430D}.Debug|x86.ActiveCfg = Debug|Any CPU
		{0830C47F-AA16-4A0E-9CCF-E40835D1430D}.Debug|x86.Build.0 = Debug|Any CPU
		{0830C47F-AA16-4A0E-9CCF-E40835D1430D}.Release|Any CPU.ActiveCfg = Release|Any CPU
		{0830C47F-AA16-4A0E-9CCF-E40835D1430D}.Release|Any CPU.Build.0 = Release|Any CPU
		{0830C47F-AA16-4A0E-9CCF-E40835D1430D}.Release|ARM.ActiveCfg = Release|Any CPU
		{0830C47F-AA16-4A0E-9CCF-E40835D1430D}.Release|ARM.Build.0 = Release|Any CPU
		{0830C47F-AA16-4A0E-9CCF-E40835D1430D}.Release|iPhone.ActiveCfg = Release|Any CPU
		{0830C47F-AA16-4A0E-9CCF-E40835D1430D}.Release|iPhone.Build.0 = Release|Any CPU
		{0830C47F-AA16-4A0E-9CCF-E40835D1430D}.Release|iPhoneSimulator.ActiveCfg = Release|Any CPU
		{0830C47F-AA16-4A0E-9CCF-E40835D1430D}.Release|iPhoneSimulator.Build.0 = Release|Any CPU
		{0830C47F-AA16-4A0E-9CCF-E40835D1430D}.Release|x64.ActiveCfg = Release|Any CPU
		{0830C47F-AA16-4A0E-9CCF-E40835D1430D}.Release|x64.Build.0 = Release|Any CPU
		{0830C47F-AA16-4A0E-9CCF-E40835D1430D}.Release|x86.ActiveCfg = Release|Any CPU
		{0830C47F-AA16-4A0E-9CCF-E40835D1430D}.Release|x86.Build.0 = Release|Any CPU
		{664EAD44-C19D-462B-9127-FD1106B4F3C6}.Ad-Hoc|Any CPU.ActiveCfg = Debug|iPhoneSimulator
		{664EAD44-C19D-462B-9127-FD1106B4F3C6}.Ad-Hoc|Any CPU.Build.0 = Debug|iPhoneSimulator
		{664EAD44-C19D-462B-9127-FD1106B4F3C6}.Ad-Hoc|ARM.ActiveCfg = Release|iPhoneSimulator
		{664EAD44-C19D-462B-9127-FD1106B4F3C6}.Ad-Hoc|ARM.Build.0 = Release|iPhoneSimulator
		{664EAD44-C19D-462B-9127-FD1106B4F3C6}.Ad-Hoc|iPhone.ActiveCfg = Release|iPhone
		{664EAD44-C19D-462B-9127-FD1106B4F3C6}.Ad-Hoc|iPhone.Build.0 = Release|iPhone
		{664EAD44-C19D-462B-9127-FD1106B4F3C6}.Ad-Hoc|iPhoneSimulator.ActiveCfg = Debug|iPhoneSimulator
		{664EAD44-C19D-462B-9127-FD1106B4F3C6}.Ad-Hoc|iPhoneSimulator.Build.0 = Debug|iPhoneSimulator
		{664EAD44-C19D-462B-9127-FD1106B4F3C6}.Ad-Hoc|x64.ActiveCfg = Release|iPhoneSimulator
		{664EAD44-C19D-462B-9127-FD1106B4F3C6}.Ad-Hoc|x64.Build.0 = Release|iPhoneSimulator
		{664EAD44-C19D-462B-9127-FD1106B4F3C6}.Ad-Hoc|x86.ActiveCfg = Release|iPhoneSimulator
		{664EAD44-C19D-462B-9127-FD1106B4F3C6}.Ad-Hoc|x86.Build.0 = Release|iPhoneSimulator
		{664EAD44-C19D-462B-9127-FD1106B4F3C6}.AppStore|Any CPU.ActiveCfg = Debug|iPhoneSimulator
		{664EAD44-C19D-462B-9127-FD1106B4F3C6}.AppStore|Any CPU.Build.0 = Debug|iPhoneSimulator
		{664EAD44-C19D-462B-9127-FD1106B4F3C6}.AppStore|ARM.ActiveCfg = Release|iPhoneSimulator
		{664EAD44-C19D-462B-9127-FD1106B4F3C6}.AppStore|ARM.Build.0 = Release|iPhoneSimulator
		{664EAD44-C19D-462B-9127-FD1106B4F3C6}.AppStore|iPhone.ActiveCfg = Release|iPhone
		{664EAD44-C19D-462B-9127-FD1106B4F3C6}.AppStore|iPhone.Build.0 = Release|iPhone
		{664EAD44-C19D-462B-9127-FD1106B4F3C6}.AppStore|iPhoneSimulator.ActiveCfg = Debug|iPhoneSimulator
		{664EAD44-C19D-462B-9127-FD1106B4F3C6}.AppStore|iPhoneSimulator.Build.0 = Debug|iPhoneSimulator
		{664EAD44-C19D-462B-9127-FD1106B4F3C6}.AppStore|x64.ActiveCfg = Release|iPhoneSimulator
		{664EAD44-C19D-462B-9127-FD1106B4F3C6}.AppStore|x64.Build.0 = Release|iPhoneSimulator
		{664EAD44-C19D-462B-9127-FD1106B4F3C6}.AppStore|x86.ActiveCfg = Release|iPhoneSimulator
		{664EAD44-C19D-462B-9127-FD1106B4F3C6}.AppStore|x86.Build.0 = Release|iPhoneSimulator
		{664EAD44-C19D-462B-9127-FD1106B4F3C6}.Debug|Any CPU.ActiveCfg = Debug|iPhoneSimulator
		{664EAD44-C19D-462B-9127-FD1106B4F3C6}.Debug|ARM.ActiveCfg = Debug|iPhone
		{664EAD44-C19D-462B-9127-FD1106B4F3C6}.Debug|iPhone.ActiveCfg = Debug|iPhone
		{664EAD44-C19D-462B-9127-FD1106B4F3C6}.Debug|iPhone.Build.0 = Debug|iPhone
		{664EAD44-C19D-462B-9127-FD1106B4F3C6}.Debug|iPhoneSimulator.ActiveCfg = Debug|iPhoneSimulator
		{664EAD44-C19D-462B-9127-FD1106B4F3C6}.Debug|iPhoneSimulator.Build.0 = Debug|iPhoneSimulator
		{664EAD44-C19D-462B-9127-FD1106B4F3C6}.Debug|x64.ActiveCfg = Debug|iPhone
		{664EAD44-C19D-462B-9127-FD1106B4F3C6}.Debug|x86.ActiveCfg = Debug|iPhone
		{664EAD44-C19D-462B-9127-FD1106B4F3C6}.Release|Any CPU.ActiveCfg = Release|iPhone
		{664EAD44-C19D-462B-9127-FD1106B4F3C6}.Release|Any CPU.Build.0 = Release|iPhone
		{664EAD44-C19D-462B-9127-FD1106B4F3C6}.Release|ARM.ActiveCfg = Release|iPhoneSimulator
		{664EAD44-C19D-462B-9127-FD1106B4F3C6}.Release|iPhone.ActiveCfg = Release|iPhone
		{664EAD44-C19D-462B-9127-FD1106B4F3C6}.Release|iPhone.Build.0 = Release|iPhone
		{664EAD44-C19D-462B-9127-FD1106B4F3C6}.Release|iPhoneSimulator.ActiveCfg = Release|iPhoneSimulator
		{664EAD44-C19D-462B-9127-FD1106B4F3C6}.Release|iPhoneSimulator.Build.0 = Release|iPhoneSimulator
		{664EAD44-C19D-462B-9127-FD1106B4F3C6}.Release|x64.ActiveCfg = Release|iPhoneSimulator
		{664EAD44-C19D-462B-9127-FD1106B4F3C6}.Release|x86.ActiveCfg = Release|iPhoneSimulator
		{11D4E6C7-C8E2-449C-A1E7-18BBBCE4E6F3}.Ad-Hoc|Any CPU.ActiveCfg = Release|Any CPU
		{11D4E6C7-C8E2-449C-A1E7-18BBBCE4E6F3}.Ad-Hoc|Any CPU.Build.0 = Release|Any CPU
		{11D4E6C7-C8E2-449C-A1E7-18BBBCE4E6F3}.Ad-Hoc|ARM.ActiveCfg = Debug|Any CPU
		{11D4E6C7-C8E2-449C-A1E7-18BBBCE4E6F3}.Ad-Hoc|ARM.Build.0 = Debug|Any CPU
		{11D4E6C7-C8E2-449C-A1E7-18BBBCE4E6F3}.Ad-Hoc|iPhone.ActiveCfg = Release|Any CPU
		{11D4E6C7-C8E2-449C-A1E7-18BBBCE4E6F3}.Ad-Hoc|iPhone.Build.0 = Release|Any CPU
		{11D4E6C7-C8E2-449C-A1E7-18BBBCE4E6F3}.Ad-Hoc|iPhoneSimulator.ActiveCfg = Release|Any CPU
		{11D4E6C7-C8E2-449C-A1E7-18BBBCE4E6F3}.Ad-Hoc|iPhoneSimulator.Build.0 = Release|Any CPU
		{11D4E6C7-C8E2-449C-A1E7-18BBBCE4E6F3}.Ad-Hoc|x64.ActiveCfg = Debug|Any CPU
		{11D4E6C7-C8E2-449C-A1E7-18BBBCE4E6F3}.Ad-Hoc|x64.Build.0 = Debug|Any CPU
		{11D4E6C7-C8E2-449C-A1E7-18BBBCE4E6F3}.Ad-Hoc|x86.ActiveCfg = Debug|Any CPU
		{11D4E6C7-C8E2-449C-A1E7-18BBBCE4E6F3}.Ad-Hoc|x86.Build.0 = Debug|Any CPU
		{11D4E6C7-C8E2-449C-A1E7-18BBBCE4E6F3}.AppStore|Any CPU.ActiveCfg = Release|Any CPU
		{11D4E6C7-C8E2-449C-A1E7-18BBBCE4E6F3}.AppStore|Any CPU.Build.0 = Release|Any CPU
		{11D4E6C7-C8E2-449C-A1E7-18BBBCE4E6F3}.AppStore|ARM.ActiveCfg = Debug|Any CPU
		{11D4E6C7-C8E2-449C-A1E7-18BBBCE4E6F3}.AppStore|ARM.Build.0 = Debug|Any CPU
		{11D4E6C7-C8E2-449C-A1E7-18BBBCE4E6F3}.AppStore|iPhone.ActiveCfg = Release|Any CPU
		{11D4E6C7-C8E2-449C-A1E7-18BBBCE4E6F3}.AppStore|iPhone.Build.0 = Release|Any CPU
		{11D4E6C7-C8E2-449C-A1E7-18BBBCE4E6F3}.AppStore|iPhoneSimulator.ActiveCfg = Release|Any CPU
		{11D4E6C7-C8E2-449C-A1E7-18BBBCE4E6F3}.AppStore|iPhoneSimulator.Build.0 = Release|Any CPU
		{11D4E6C7-C8E2-449C-A1E7-18BBBCE4E6F3}.AppStore|x64.ActiveCfg = Debug|Any CPU
		{11D4E6C7-C8E2-449C-A1E7-18BBBCE4E6F3}.AppStore|x64.Build.0 = Debug|Any CPU
		{11D4E6C7-C8E2-449C-A1E7-18BBBCE4E6F3}.AppStore|x86.ActiveCfg = Debug|Any CPU
		{11D4E6C7-C8E2-449C-A1E7-18BBBCE4E6F3}.AppStore|x86.Build.0 = Debug|Any CPU
		{11D4E6C7-C8E2-449C-A1E7-18BBBCE4E6F3}.Debug|Any CPU.ActiveCfg = Debug|Any CPU
		{11D4E6C7-C8E2-449C-A1E7-18BBBCE4E6F3}.Debug|Any CPU.Build.0 = Debug|Any CPU
		{11D4E6C7-C8E2-449C-A1E7-18BBBCE4E6F3}.Debug|ARM.ActiveCfg = Debug|Any CPU
		{11D4E6C7-C8E2-449C-A1E7-18BBBCE4E6F3}.Debug|ARM.Build.0 = Debug|Any CPU
		{11D4E6C7-C8E2-449C-A1E7-18BBBCE4E6F3}.Debug|iPhone.ActiveCfg = Debug|Any CPU
		{11D4E6C7-C8E2-449C-A1E7-18BBBCE4E6F3}.Debug|iPhone.Build.0 = Debug|Any CPU
		{11D4E6C7-C8E2-449C-A1E7-18BBBCE4E6F3}.Debug|iPhoneSimulator.ActiveCfg = Debug|Any CPU
		{11D4E6C7-C8E2-449C-A1E7-18BBBCE4E6F3}.Debug|iPhoneSimulator.Build.0 = Debug|Any CPU
		{11D4E6C7-C8E2-449C-A1E7-18BBBCE4E6F3}.Debug|x64.ActiveCfg = Debug|Any CPU
		{11D4E6C7-C8E2-449C-A1E7-18BBBCE4E6F3}.Debug|x64.Build.0 = Debug|Any CPU
		{11D4E6C7-C8E2-449C-A1E7-18BBBCE4E6F3}.Debug|x86.ActiveCfg = Debug|Any CPU
		{11D4E6C7-C8E2-449C-A1E7-18BBBCE4E6F3}.Debug|x86.Build.0 = Debug|Any CPU
		{11D4E6C7-C8E2-449C-A1E7-18BBBCE4E6F3}.Release|Any CPU.ActiveCfg = Release|Any CPU
		{11D4E6C7-C8E2-449C-A1E7-18BBBCE4E6F3}.Release|Any CPU.Build.0 = Release|Any CPU
		{11D4E6C7-C8E2-449C-A1E7-18BBBCE4E6F3}.Release|ARM.ActiveCfg = Release|Any CPU
		{11D4E6C7-C8E2-449C-A1E7-18BBBCE4E6F3}.Release|ARM.Build.0 = Release|Any CPU
		{11D4E6C7-C8E2-449C-A1E7-18BBBCE4E6F3}.Release|iPhone.ActiveCfg = Release|Any CPU
		{11D4E6C7-C8E2-449C-A1E7-18BBBCE4E6F3}.Release|iPhone.Build.0 = Release|Any CPU
		{11D4E6C7-C8E2-449C-A1E7-18BBBCE4E6F3}.Release|iPhoneSimulator.ActiveCfg = Release|Any CPU
		{11D4E6C7-C8E2-449C-A1E7-18BBBCE4E6F3}.Release|iPhoneSimulator.Build.0 = Release|Any CPU
		{11D4E6C7-C8E2-449C-A1E7-18BBBCE4E6F3}.Release|x64.ActiveCfg = Release|Any CPU
		{11D4E6C7-C8E2-449C-A1E7-18BBBCE4E6F3}.Release|x64.Build.0 = Release|Any CPU
		{11D4E6C7-C8E2-449C-A1E7-18BBBCE4E6F3}.Release|x86.ActiveCfg = Release|Any CPU
		{11D4E6C7-C8E2-449C-A1E7-18BBBCE4E6F3}.Release|x86.Build.0 = Release|Any CPU
		{35B4BB5B-2202-436E-9AFE-00997CA2CC65}.Ad-Hoc|Any CPU.ActiveCfg = Debug|Any CPU
		{35B4BB5B-2202-436E-9AFE-00997CA2CC65}.Ad-Hoc|Any CPU.Build.0 = Debug|Any CPU
		{35B4BB5B-2202-436E-9AFE-00997CA2CC65}.Ad-Hoc|ARM.ActiveCfg = Release|Any CPU
		{35B4BB5B-2202-436E-9AFE-00997CA2CC65}.Ad-Hoc|ARM.Build.0 = Release|Any CPU
		{35B4BB5B-2202-436E-9AFE-00997CA2CC65}.Ad-Hoc|iPhone.ActiveCfg = Debug|Any CPU
		{35B4BB5B-2202-436E-9AFE-00997CA2CC65}.Ad-Hoc|iPhone.Build.0 = Debug|Any CPU
		{35B4BB5B-2202-436E-9AFE-00997CA2CC65}.Ad-Hoc|iPhoneSimulator.ActiveCfg = Debug|Any CPU
		{35B4BB5B-2202-436E-9AFE-00997CA2CC65}.Ad-Hoc|iPhoneSimulator.Build.0 = Debug|Any CPU
		{35B4BB5B-2202-436E-9AFE-00997CA2CC65}.Ad-Hoc|x64.ActiveCfg = Release|Any CPU
		{35B4BB5B-2202-436E-9AFE-00997CA2CC65}.Ad-Hoc|x64.Build.0 = Release|Any CPU
		{35B4BB5B-2202-436E-9AFE-00997CA2CC65}.Ad-Hoc|x86.ActiveCfg = Release|Any CPU
		{35B4BB5B-2202-436E-9AFE-00997CA2CC65}.Ad-Hoc|x86.Build.0 = Release|Any CPU
		{35B4BB5B-2202-436E-9AFE-00997CA2CC65}.AppStore|Any CPU.ActiveCfg = Debug|Any CPU
		{35B4BB5B-2202-436E-9AFE-00997CA2CC65}.AppStore|Any CPU.Build.0 = Debug|Any CPU
		{35B4BB5B-2202-436E-9AFE-00997CA2CC65}.AppStore|ARM.ActiveCfg = Release|Any CPU
		{35B4BB5B-2202-436E-9AFE-00997CA2CC65}.AppStore|ARM.Build.0 = Release|Any CPU
		{35B4BB5B-2202-436E-9AFE-00997CA2CC65}.AppStore|iPhone.ActiveCfg = Debug|Any CPU
		{35B4BB5B-2202-436E-9AFE-00997CA2CC65}.AppStore|iPhone.Build.0 = Debug|Any CPU
		{35B4BB5B-2202-436E-9AFE-00997CA2CC65}.AppStore|iPhoneSimulator.ActiveCfg = Debug|Any CPU
		{35B4BB5B-2202-436E-9AFE-00997CA2CC65}.AppStore|iPhoneSimulator.Build.0 = Debug|Any CPU
		{35B4BB5B-2202-436E-9AFE-00997CA2CC65}.AppStore|x64.ActiveCfg = Release|Any CPU
		{35B4BB5B-2202-436E-9AFE-00997CA2CC65}.AppStore|x64.Build.0 = Release|Any CPU
		{35B4BB5B-2202-436E-9AFE-00997CA2CC65}.AppStore|x86.ActiveCfg = Release|Any CPU
		{35B4BB5B-2202-436E-9AFE-00997CA2CC65}.AppStore|x86.Build.0 = Release|Any CPU
		{35B4BB5B-2202-436E-9AFE-00997CA2CC65}.Debug|Any CPU.ActiveCfg = Debug|Any CPU
		{35B4BB5B-2202-436E-9AFE-00997CA2CC65}.Debug|Any CPU.Build.0 = Debug|Any CPU
		{35B4BB5B-2202-436E-9AFE-00997CA2CC65}.Debug|ARM.ActiveCfg = Debug|Any CPU
		{35B4BB5B-2202-436E-9AFE-00997CA2CC65}.Debug|ARM.Build.0 = Debug|Any CPU
		{35B4BB5B-2202-436E-9AFE-00997CA2CC65}.Debug|iPhone.ActiveCfg = Debug|Any CPU
		{35B4BB5B-2202-436E-9AFE-00997CA2CC65}.Debug|iPhone.Build.0 = Debug|Any CPU
		{35B4BB5B-2202-436E-9AFE-00997CA2CC65}.Debug|iPhoneSimulator.ActiveCfg = Debug|Any CPU
		{35B4BB5B-2202-436E-9AFE-00997CA2CC65}.Debug|iPhoneSimulator.Build.0 = Debug|Any CPU
		{35B4BB5B-2202-436E-9AFE-00997CA2CC65}.Debug|x64.ActiveCfg = Debug|Any CPU
		{35B4BB5B-2202-436E-9AFE-00997CA2CC65}.Debug|x64.Build.0 = Debug|Any CPU
		{35B4BB5B-2202-436E-9AFE-00997CA2CC65}.Debug|x86.ActiveCfg = Debug|Any CPU
		{35B4BB5B-2202-436E-9AFE-00997CA2CC65}.Debug|x86.Build.0 = Debug|Any CPU
		{35B4BB5B-2202-436E-9AFE-00997CA2CC65}.Release|Any CPU.ActiveCfg = Release|Any CPU
		{35B4BB5B-2202-436E-9AFE-00997CA2CC65}.Release|Any CPU.Build.0 = Release|Any CPU
		{35B4BB5B-2202-436E-9AFE-00997CA2CC65}.Release|ARM.ActiveCfg = Release|Any CPU
		{35B4BB5B-2202-436E-9AFE-00997CA2CC65}.Release|ARM.Build.0 = Release|Any CPU
		{35B4BB5B-2202-436E-9AFE-00997CA2CC65}.Release|iPhone.ActiveCfg = Release|Any CPU
		{35B4BB5B-2202-436E-9AFE-00997CA2CC65}.Release|iPhone.Build.0 = Release|Any CPU
		{35B4BB5B-2202-436E-9AFE-00997CA2CC65}.Release|iPhoneSimulator.ActiveCfg = Release|Any CPU
		{35B4BB5B-2202-436E-9AFE-00997CA2CC65}.Release|iPhoneSimulator.Build.0 = Release|Any CPU
		{35B4BB5B-2202-436E-9AFE-00997CA2CC65}.Release|x64.ActiveCfg = Release|Any CPU
		{35B4BB5B-2202-436E-9AFE-00997CA2CC65}.Release|x64.Build.0 = Release|Any CPU
		{35B4BB5B-2202-436E-9AFE-00997CA2CC65}.Release|x86.ActiveCfg = Release|Any CPU
		{35B4BB5B-2202-436E-9AFE-00997CA2CC65}.Release|x86.Build.0 = Release|Any CPU
		{95596BAD-4D78-4D19-939B-C6EA3D60D988}.Ad-Hoc|Any CPU.ActiveCfg = Release|Any CPU
		{95596BAD-4D78-4D19-939B-C6EA3D60D988}.Ad-Hoc|Any CPU.Build.0 = Release|Any CPU
		{95596BAD-4D78-4D19-939B-C6EA3D60D988}.Ad-Hoc|Any CPU.Deploy.0 = Release|Any CPU
		{95596BAD-4D78-4D19-939B-C6EA3D60D988}.Ad-Hoc|ARM.ActiveCfg = Release|Any CPU
		{95596BAD-4D78-4D19-939B-C6EA3D60D988}.Ad-Hoc|ARM.Build.0 = Release|Any CPU
		{95596BAD-4D78-4D19-939B-C6EA3D60D988}.Ad-Hoc|ARM.Deploy.0 = Release|Any CPU
		{95596BAD-4D78-4D19-939B-C6EA3D60D988}.Ad-Hoc|iPhone.ActiveCfg = Release|Any CPU
		{95596BAD-4D78-4D19-939B-C6EA3D60D988}.Ad-Hoc|iPhone.Build.0 = Release|Any CPU
		{95596BAD-4D78-4D19-939B-C6EA3D60D988}.Ad-Hoc|iPhone.Deploy.0 = Release|Any CPU
		{95596BAD-4D78-4D19-939B-C6EA3D60D988}.Ad-Hoc|iPhoneSimulator.ActiveCfg = Release|Any CPU
		{95596BAD-4D78-4D19-939B-C6EA3D60D988}.Ad-Hoc|iPhoneSimulator.Build.0 = Release|Any CPU
		{95596BAD-4D78-4D19-939B-C6EA3D60D988}.Ad-Hoc|iPhoneSimulator.Deploy.0 = Release|Any CPU
		{95596BAD-4D78-4D19-939B-C6EA3D60D988}.Ad-Hoc|x64.ActiveCfg = Release|Any CPU
		{95596BAD-4D78-4D19-939B-C6EA3D60D988}.Ad-Hoc|x64.Build.0 = Release|Any CPU
		{95596BAD-4D78-4D19-939B-C6EA3D60D988}.Ad-Hoc|x64.Deploy.0 = Release|Any CPU
		{95596BAD-4D78-4D19-939B-C6EA3D60D988}.Ad-Hoc|x86.ActiveCfg = Release|Any CPU
		{95596BAD-4D78-4D19-939B-C6EA3D60D988}.Ad-Hoc|x86.Build.0 = Release|Any CPU
		{95596BAD-4D78-4D19-939B-C6EA3D60D988}.Ad-Hoc|x86.Deploy.0 = Release|Any CPU
		{95596BAD-4D78-4D19-939B-C6EA3D60D988}.AppStore|Any CPU.ActiveCfg = Release|Any CPU
		{95596BAD-4D78-4D19-939B-C6EA3D60D988}.AppStore|Any CPU.Build.0 = Release|Any CPU
		{95596BAD-4D78-4D19-939B-C6EA3D60D988}.AppStore|Any CPU.Deploy.0 = Release|Any CPU
		{95596BAD-4D78-4D19-939B-C6EA3D60D988}.AppStore|ARM.ActiveCfg = Release|Any CPU
		{95596BAD-4D78-4D19-939B-C6EA3D60D988}.AppStore|ARM.Build.0 = Release|Any CPU
		{95596BAD-4D78-4D19-939B-C6EA3D60D988}.AppStore|ARM.Deploy.0 = Release|Any CPU
		{95596BAD-4D78-4D19-939B-C6EA3D60D988}.AppStore|iPhone.ActiveCfg = Release|Any CPU
		{95596BAD-4D78-4D19-939B-C6EA3D60D988}.AppStore|iPhone.Build.0 = Release|Any CPU
		{95596BAD-4D78-4D19-939B-C6EA3D60D988}.AppStore|iPhone.Deploy.0 = Release|Any CPU
		{95596BAD-4D78-4D19-939B-C6EA3D60D988}.AppStore|iPhoneSimulator.ActiveCfg = Release|Any CPU
		{95596BAD-4D78-4D19-939B-C6EA3D60D988}.AppStore|iPhoneSimulator.Build.0 = Release|Any CPU
		{95596BAD-4D78-4D19-939B-C6EA3D60D988}.AppStore|iPhoneSimulator.Deploy.0 = Release|Any CPU
		{95596BAD-4D78-4D19-939B-C6EA3D60D988}.AppStore|x64.ActiveCfg = Release|Any CPU
		{95596BAD-4D78-4D19-939B-C6EA3D60D988}.AppStore|x64.Build.0 = Release|Any CPU
		{95596BAD-4D78-4D19-939B-C6EA3D60D988}.AppStore|x64.Deploy.0 = Release|Any CPU
		{95596BAD-4D78-4D19-939B-C6EA3D60D988}.AppStore|x86.ActiveCfg = Release|Any CPU
		{95596BAD-4D78-4D19-939B-C6EA3D60D988}.AppStore|x86.Build.0 = Release|Any CPU
		{95596BAD-4D78-4D19-939B-C6EA3D60D988}.AppStore|x86.Deploy.0 = Release|Any CPU
		{95596BAD-4D78-4D19-939B-C6EA3D60D988}.Debug|Any CPU.ActiveCfg = Debug|Any CPU
		{95596BAD-4D78-4D19-939B-C6EA3D60D988}.Debug|Any CPU.Build.0 = Debug|Any CPU
		{95596BAD-4D78-4D19-939B-C6EA3D60D988}.Debug|Any CPU.Deploy.0 = Debug|Any CPU
		{95596BAD-4D78-4D19-939B-C6EA3D60D988}.Debug|ARM.ActiveCfg = Debug|Any CPU
		{95596BAD-4D78-4D19-939B-C6EA3D60D988}.Debug|ARM.Build.0 = Debug|Any CPU
		{95596BAD-4D78-4D19-939B-C6EA3D60D988}.Debug|ARM.Deploy.0 = Debug|Any CPU
		{95596BAD-4D78-4D19-939B-C6EA3D60D988}.Debug|iPhone.ActiveCfg = Debug|Any CPU
		{95596BAD-4D78-4D19-939B-C6EA3D60D988}.Debug|iPhone.Build.0 = Debug|Any CPU
		{95596BAD-4D78-4D19-939B-C6EA3D60D988}.Debug|iPhone.Deploy.0 = Debug|Any CPU
		{95596BAD-4D78-4D19-939B-C6EA3D60D988}.Debug|iPhoneSimulator.ActiveCfg = Debug|Any CPU
		{95596BAD-4D78-4D19-939B-C6EA3D60D988}.Debug|iPhoneSimulator.Build.0 = Debug|Any CPU
		{95596BAD-4D78-4D19-939B-C6EA3D60D988}.Debug|iPhoneSimulator.Deploy.0 = Debug|Any CPU
		{95596BAD-4D78-4D19-939B-C6EA3D60D988}.Debug|x64.ActiveCfg = Debug|Any CPU
		{95596BAD-4D78-4D19-939B-C6EA3D60D988}.Debug|x64.Build.0 = Debug|Any CPU
		{95596BAD-4D78-4D19-939B-C6EA3D60D988}.Debug|x64.Deploy.0 = Debug|Any CPU
		{95596BAD-4D78-4D19-939B-C6EA3D60D988}.Debug|x86.ActiveCfg = Debug|Any CPU
		{95596BAD-4D78-4D19-939B-C6EA3D60D988}.Debug|x86.Build.0 = Debug|Any CPU
		{95596BAD-4D78-4D19-939B-C6EA3D60D988}.Debug|x86.Deploy.0 = Debug|Any CPU
		{95596BAD-4D78-4D19-939B-C6EA3D60D988}.Release|Any CPU.ActiveCfg = Release|Any CPU
		{95596BAD-4D78-4D19-939B-C6EA3D60D988}.Release|Any CPU.Build.0 = Release|Any CPU
		{95596BAD-4D78-4D19-939B-C6EA3D60D988}.Release|Any CPU.Deploy.0 = Release|Any CPU
		{95596BAD-4D78-4D19-939B-C6EA3D60D988}.Release|ARM.ActiveCfg = Release|Any CPU
		{95596BAD-4D78-4D19-939B-C6EA3D60D988}.Release|ARM.Build.0 = Release|Any CPU
		{95596BAD-4D78-4D19-939B-C6EA3D60D988}.Release|ARM.Deploy.0 = Release|Any CPU
		{95596BAD-4D78-4D19-939B-C6EA3D60D988}.Release|iPhone.ActiveCfg = Release|Any CPU
		{95596BAD-4D78-4D19-939B-C6EA3D60D988}.Release|iPhone.Build.0 = Release|Any CPU
		{95596BAD-4D78-4D19-939B-C6EA3D60D988}.Release|iPhone.Deploy.0 = Release|Any CPU
		{95596BAD-4D78-4D19-939B-C6EA3D60D988}.Release|iPhoneSimulator.ActiveCfg = Release|Any CPU
		{95596BAD-4D78-4D19-939B-C6EA3D60D988}.Release|iPhoneSimulator.Build.0 = Release|Any CPU
		{95596BAD-4D78-4D19-939B-C6EA3D60D988}.Release|iPhoneSimulator.Deploy.0 = Release|Any CPU
		{95596BAD-4D78-4D19-939B-C6EA3D60D988}.Release|x64.ActiveCfg = Release|Any CPU
		{95596BAD-4D78-4D19-939B-C6EA3D60D988}.Release|x64.Build.0 = Release|Any CPU
		{95596BAD-4D78-4D19-939B-C6EA3D60D988}.Release|x64.Deploy.0 = Release|Any CPU
		{95596BAD-4D78-4D19-939B-C6EA3D60D988}.Release|x86.ActiveCfg = Release|Any CPU
		{95596BAD-4D78-4D19-939B-C6EA3D60D988}.Release|x86.Build.0 = Release|Any CPU
		{95596BAD-4D78-4D19-939B-C6EA3D60D988}.Release|x86.Deploy.0 = Release|Any CPU
		{D2DCB05B-D4D2-4FB2-A65D-22CDB8F4F96C}.Ad-Hoc|Any CPU.ActiveCfg = Ad-Hoc|iPhone
		{D2DCB05B-D4D2-4FB2-A65D-22CDB8F4F96C}.Ad-Hoc|ARM.ActiveCfg = Ad-Hoc|iPhone
		{D2DCB05B-D4D2-4FB2-A65D-22CDB8F4F96C}.Ad-Hoc|iPhone.ActiveCfg = Ad-Hoc|iPhone
		{D2DCB05B-D4D2-4FB2-A65D-22CDB8F4F96C}.Ad-Hoc|iPhone.Build.0 = Ad-Hoc|iPhone
		{D2DCB05B-D4D2-4FB2-A65D-22CDB8F4F96C}.Ad-Hoc|iPhoneSimulator.ActiveCfg = Ad-Hoc|iPhoneSimulator
		{D2DCB05B-D4D2-4FB2-A65D-22CDB8F4F96C}.Ad-Hoc|iPhoneSimulator.Build.0 = Ad-Hoc|iPhoneSimulator
		{D2DCB05B-D4D2-4FB2-A65D-22CDB8F4F96C}.Ad-Hoc|x64.ActiveCfg = Ad-Hoc|iPhone
		{D2DCB05B-D4D2-4FB2-A65D-22CDB8F4F96C}.Ad-Hoc|x86.ActiveCfg = Ad-Hoc|iPhone
		{D2DCB05B-D4D2-4FB2-A65D-22CDB8F4F96C}.AppStore|Any CPU.ActiveCfg = AppStore|iPhone
		{D2DCB05B-D4D2-4FB2-A65D-22CDB8F4F96C}.AppStore|ARM.ActiveCfg = AppStore|iPhone
		{D2DCB05B-D4D2-4FB2-A65D-22CDB8F4F96C}.AppStore|iPhone.ActiveCfg = AppStore|iPhone
		{D2DCB05B-D4D2-4FB2-A65D-22CDB8F4F96C}.AppStore|iPhone.Build.0 = AppStore|iPhone
		{D2DCB05B-D4D2-4FB2-A65D-22CDB8F4F96C}.AppStore|iPhoneSimulator.ActiveCfg = AppStore|iPhoneSimulator
		{D2DCB05B-D4D2-4FB2-A65D-22CDB8F4F96C}.AppStore|iPhoneSimulator.Build.0 = AppStore|iPhoneSimulator
		{D2DCB05B-D4D2-4FB2-A65D-22CDB8F4F96C}.AppStore|x64.ActiveCfg = AppStore|iPhone
		{D2DCB05B-D4D2-4FB2-A65D-22CDB8F4F96C}.AppStore|x86.ActiveCfg = AppStore|iPhone
		{D2DCB05B-D4D2-4FB2-A65D-22CDB8F4F96C}.Debug|Any CPU.ActiveCfg = Debug|iPhone
		{D2DCB05B-D4D2-4FB2-A65D-22CDB8F4F96C}.Debug|ARM.ActiveCfg = Debug|iPhone
		{D2DCB05B-D4D2-4FB2-A65D-22CDB8F4F96C}.Debug|iPhone.ActiveCfg = Debug|iPhone
		{D2DCB05B-D4D2-4FB2-A65D-22CDB8F4F96C}.Debug|iPhone.Build.0 = Debug|iPhone
		{D2DCB05B-D4D2-4FB2-A65D-22CDB8F4F96C}.Debug|iPhoneSimulator.ActiveCfg = Debug|iPhoneSimulator
		{D2DCB05B-D4D2-4FB2-A65D-22CDB8F4F96C}.Debug|iPhoneSimulator.Build.0 = Debug|iPhoneSimulator
		{D2DCB05B-D4D2-4FB2-A65D-22CDB8F4F96C}.Debug|x64.ActiveCfg = Debug|iPhone
		{D2DCB05B-D4D2-4FB2-A65D-22CDB8F4F96C}.Debug|x86.ActiveCfg = Debug|iPhone
		{D2DCB05B-D4D2-4FB2-A65D-22CDB8F4F96C}.Release|Any CPU.ActiveCfg = Release|iPhone
		{D2DCB05B-D4D2-4FB2-A65D-22CDB8F4F96C}.Release|ARM.ActiveCfg = Release|iPhone
		{D2DCB05B-D4D2-4FB2-A65D-22CDB8F4F96C}.Release|iPhone.ActiveCfg = Release|iPhone
		{D2DCB05B-D4D2-4FB2-A65D-22CDB8F4F96C}.Release|iPhone.Build.0 = Release|iPhone
		{D2DCB05B-D4D2-4FB2-A65D-22CDB8F4F96C}.Release|iPhoneSimulator.ActiveCfg = Release|iPhoneSimulator
		{D2DCB05B-D4D2-4FB2-A65D-22CDB8F4F96C}.Release|iPhoneSimulator.Build.0 = Release|iPhoneSimulator
		{D2DCB05B-D4D2-4FB2-A65D-22CDB8F4F96C}.Release|x64.ActiveCfg = Release|iPhone
		{D2DCB05B-D4D2-4FB2-A65D-22CDB8F4F96C}.Release|x86.ActiveCfg = Release|iPhone
		{9E83749E-663D-4327-97A2-9E5A786906E7}.Ad-Hoc|Any CPU.ActiveCfg = Release|x86
		{9E83749E-663D-4327-97A2-9E5A786906E7}.Ad-Hoc|Any CPU.Build.0 = Release|x86
		{9E83749E-663D-4327-97A2-9E5A786906E7}.Ad-Hoc|Any CPU.Deploy.0 = Release|x86
		{9E83749E-663D-4327-97A2-9E5A786906E7}.Ad-Hoc|ARM.ActiveCfg = Release|ARM
		{9E83749E-663D-4327-97A2-9E5A786906E7}.Ad-Hoc|ARM.Build.0 = Release|ARM
		{9E83749E-663D-4327-97A2-9E5A786906E7}.Ad-Hoc|ARM.Deploy.0 = Release|ARM
		{9E83749E-663D-4327-97A2-9E5A786906E7}.Ad-Hoc|iPhone.ActiveCfg = Release|x86
		{9E83749E-663D-4327-97A2-9E5A786906E7}.Ad-Hoc|iPhone.Build.0 = Release|x86
		{9E83749E-663D-4327-97A2-9E5A786906E7}.Ad-Hoc|iPhone.Deploy.0 = Release|x86
		{9E83749E-663D-4327-97A2-9E5A786906E7}.Ad-Hoc|iPhoneSimulator.ActiveCfg = Release|x86
		{9E83749E-663D-4327-97A2-9E5A786906E7}.Ad-Hoc|iPhoneSimulator.Build.0 = Release|x86
		{9E83749E-663D-4327-97A2-9E5A786906E7}.Ad-Hoc|iPhoneSimulator.Deploy.0 = Release|x86
		{9E83749E-663D-4327-97A2-9E5A786906E7}.Ad-Hoc|x64.ActiveCfg = Release|x64
		{9E83749E-663D-4327-97A2-9E5A786906E7}.Ad-Hoc|x64.Build.0 = Release|x64
		{9E83749E-663D-4327-97A2-9E5A786906E7}.Ad-Hoc|x64.Deploy.0 = Release|x64
		{9E83749E-663D-4327-97A2-9E5A786906E7}.Ad-Hoc|x86.ActiveCfg = Release|x86
		{9E83749E-663D-4327-97A2-9E5A786906E7}.Ad-Hoc|x86.Build.0 = Release|x86
		{9E83749E-663D-4327-97A2-9E5A786906E7}.Ad-Hoc|x86.Deploy.0 = Release|x86
		{9E83749E-663D-4327-97A2-9E5A786906E7}.AppStore|Any CPU.ActiveCfg = Release|x86
		{9E83749E-663D-4327-97A2-9E5A786906E7}.AppStore|Any CPU.Build.0 = Release|x86
		{9E83749E-663D-4327-97A2-9E5A786906E7}.AppStore|Any CPU.Deploy.0 = Release|x86
		{9E83749E-663D-4327-97A2-9E5A786906E7}.AppStore|ARM.ActiveCfg = Release|ARM
		{9E83749E-663D-4327-97A2-9E5A786906E7}.AppStore|ARM.Build.0 = Release|ARM
		{9E83749E-663D-4327-97A2-9E5A786906E7}.AppStore|ARM.Deploy.0 = Release|ARM
		{9E83749E-663D-4327-97A2-9E5A786906E7}.AppStore|iPhone.ActiveCfg = Release|x86
		{9E83749E-663D-4327-97A2-9E5A786906E7}.AppStore|iPhone.Build.0 = Release|x86
		{9E83749E-663D-4327-97A2-9E5A786906E7}.AppStore|iPhone.Deploy.0 = Release|x86
		{9E83749E-663D-4327-97A2-9E5A786906E7}.AppStore|iPhoneSimulator.ActiveCfg = Release|x86
		{9E83749E-663D-4327-97A2-9E5A786906E7}.AppStore|iPhoneSimulator.Build.0 = Release|x86
		{9E83749E-663D-4327-97A2-9E5A786906E7}.AppStore|iPhoneSimulator.Deploy.0 = Release|x86
		{9E83749E-663D-4327-97A2-9E5A786906E7}.AppStore|x64.ActiveCfg = Release|x64
		{9E83749E-663D-4327-97A2-9E5A786906E7}.AppStore|x64.Build.0 = Release|x64
		{9E83749E-663D-4327-97A2-9E5A786906E7}.AppStore|x64.Deploy.0 = Release|x64
		{9E83749E-663D-4327-97A2-9E5A786906E7}.AppStore|x86.ActiveCfg = Release|x86
		{9E83749E-663D-4327-97A2-9E5A786906E7}.AppStore|x86.Build.0 = Release|x86
		{9E83749E-663D-4327-97A2-9E5A786906E7}.AppStore|x86.Deploy.0 = Release|x86
		{9E83749E-663D-4327-97A2-9E5A786906E7}.Debug|Any CPU.ActiveCfg = Debug|x86
		{9E83749E-663D-4327-97A2-9E5A786906E7}.Debug|ARM.ActiveCfg = Debug|ARM
		{9E83749E-663D-4327-97A2-9E5A786906E7}.Debug|ARM.Build.0 = Debug|ARM
		{9E83749E-663D-4327-97A2-9E5A786906E7}.Debug|ARM.Deploy.0 = Debug|ARM
		{9E83749E-663D-4327-97A2-9E5A786906E7}.Debug|iPhone.ActiveCfg = Debug|x86
		{9E83749E-663D-4327-97A2-9E5A786906E7}.Debug|iPhoneSimulator.ActiveCfg = Debug|x86
		{9E83749E-663D-4327-97A2-9E5A786906E7}.Debug|x64.ActiveCfg = Debug|x64
		{9E83749E-663D-4327-97A2-9E5A786906E7}.Debug|x64.Build.0 = Debug|x64
		{9E83749E-663D-4327-97A2-9E5A786906E7}.Debug|x64.Deploy.0 = Debug|x64
		{9E83749E-663D-4327-97A2-9E5A786906E7}.Debug|x86.ActiveCfg = Debug|x86
		{9E83749E-663D-4327-97A2-9E5A786906E7}.Debug|x86.Build.0 = Debug|x86
		{9E83749E-663D-4327-97A2-9E5A786906E7}.Debug|x86.Deploy.0 = Debug|x86
		{9E83749E-663D-4327-97A2-9E5A786906E7}.Release|Any CPU.ActiveCfg = Release|x86
		{9E83749E-663D-4327-97A2-9E5A786906E7}.Release|ARM.ActiveCfg = Release|ARM
		{9E83749E-663D-4327-97A2-9E5A786906E7}.Release|ARM.Build.0 = Release|ARM
		{9E83749E-663D-4327-97A2-9E5A786906E7}.Release|ARM.Deploy.0 = Release|ARM
		{9E83749E-663D-4327-97A2-9E5A786906E7}.Release|iPhone.ActiveCfg = Release|x86
		{9E83749E-663D-4327-97A2-9E5A786906E7}.Release|iPhoneSimulator.ActiveCfg = Release|x86
		{9E83749E-663D-4327-97A2-9E5A786906E7}.Release|x64.ActiveCfg = Release|x64
		{9E83749E-663D-4327-97A2-9E5A786906E7}.Release|x64.Build.0 = Release|x64
		{9E83749E-663D-4327-97A2-9E5A786906E7}.Release|x64.Deploy.0 = Release|x64
		{9E83749E-663D-4327-97A2-9E5A786906E7}.Release|x86.ActiveCfg = Release|x86
		{9E83749E-663D-4327-97A2-9E5A786906E7}.Release|x86.Build.0 = Release|x86
		{9E83749E-663D-4327-97A2-9E5A786906E7}.Release|x86.Deploy.0 = Release|x86
		{E024CC1D-D022-44B2-8B11-ECCC1462DEF7}.Ad-Hoc|Any CPU.ActiveCfg = Debug|Any CPU
		{E024CC1D-D022-44B2-8B11-ECCC1462DEF7}.Ad-Hoc|Any CPU.Build.0 = Debug|Any CPU
		{E024CC1D-D022-44B2-8B11-ECCC1462DEF7}.Ad-Hoc|ARM.ActiveCfg = Debug|Any CPU
		{E024CC1D-D022-44B2-8B11-ECCC1462DEF7}.Ad-Hoc|ARM.Build.0 = Debug|Any CPU
		{E024CC1D-D022-44B2-8B11-ECCC1462DEF7}.Ad-Hoc|iPhone.ActiveCfg = Debug|Any CPU
		{E024CC1D-D022-44B2-8B11-ECCC1462DEF7}.Ad-Hoc|iPhone.Build.0 = Debug|Any CPU
		{E024CC1D-D022-44B2-8B11-ECCC1462DEF7}.Ad-Hoc|iPhoneSimulator.ActiveCfg = Debug|Any CPU
		{E024CC1D-D022-44B2-8B11-ECCC1462DEF7}.Ad-Hoc|iPhoneSimulator.Build.0 = Debug|Any CPU
		{E024CC1D-D022-44B2-8B11-ECCC1462DEF7}.Ad-Hoc|x64.ActiveCfg = Debug|Any CPU
		{E024CC1D-D022-44B2-8B11-ECCC1462DEF7}.Ad-Hoc|x64.Build.0 = Debug|Any CPU
		{E024CC1D-D022-44B2-8B11-ECCC1462DEF7}.Ad-Hoc|x86.ActiveCfg = Debug|Any CPU
		{E024CC1D-D022-44B2-8B11-ECCC1462DEF7}.Ad-Hoc|x86.Build.0 = Debug|Any CPU
		{E024CC1D-D022-44B2-8B11-ECCC1462DEF7}.AppStore|Any CPU.ActiveCfg = Debug|Any CPU
		{E024CC1D-D022-44B2-8B11-ECCC1462DEF7}.AppStore|Any CPU.Build.0 = Debug|Any CPU
		{E024CC1D-D022-44B2-8B11-ECCC1462DEF7}.AppStore|ARM.ActiveCfg = Debug|Any CPU
		{E024CC1D-D022-44B2-8B11-ECCC1462DEF7}.AppStore|ARM.Build.0 = Debug|Any CPU
		{E024CC1D-D022-44B2-8B11-ECCC1462DEF7}.AppStore|iPhone.ActiveCfg = Debug|Any CPU
		{E024CC1D-D022-44B2-8B11-ECCC1462DEF7}.AppStore|iPhone.Build.0 = Debug|Any CPU
		{E024CC1D-D022-44B2-8B11-ECCC1462DEF7}.AppStore|iPhoneSimulator.ActiveCfg = Debug|Any CPU
		{E024CC1D-D022-44B2-8B11-ECCC1462DEF7}.AppStore|iPhoneSimulator.Build.0 = Debug|Any CPU
		{E024CC1D-D022-44B2-8B11-ECCC1462DEF7}.AppStore|x64.ActiveCfg = Debug|Any CPU
		{E024CC1D-D022-44B2-8B11-ECCC1462DEF7}.AppStore|x64.Build.0 = Debug|Any CPU
		{E024CC1D-D022-44B2-8B11-ECCC1462DEF7}.AppStore|x86.ActiveCfg = Debug|Any CPU
		{E024CC1D-D022-44B2-8B11-ECCC1462DEF7}.AppStore|x86.Build.0 = Debug|Any CPU
		{E024CC1D-D022-44B2-8B11-ECCC1462DEF7}.Debug|Any CPU.ActiveCfg = Debug|Any CPU
		{E024CC1D-D022-44B2-8B11-ECCC1462DEF7}.Debug|Any CPU.Build.0 = Debug|Any CPU
		{E024CC1D-D022-44B2-8B11-ECCC1462DEF7}.Debug|ARM.ActiveCfg = Debug|Any CPU
		{E024CC1D-D022-44B2-8B11-ECCC1462DEF7}.Debug|ARM.Build.0 = Debug|Any CPU
		{E024CC1D-D022-44B2-8B11-ECCC1462DEF7}.Debug|iPhone.ActiveCfg = Debug|Any CPU
		{E024CC1D-D022-44B2-8B11-ECCC1462DEF7}.Debug|iPhone.Build.0 = Debug|Any CPU
		{E024CC1D-D022-44B2-8B11-ECCC1462DEF7}.Debug|iPhoneSimulator.ActiveCfg = Debug|Any CPU
		{E024CC1D-D022-44B2-8B11-ECCC1462DEF7}.Debug|iPhoneSimulator.Build.0 = Debug|Any CPU
		{E024CC1D-D022-44B2-8B11-ECCC1462DEF7}.Debug|x64.ActiveCfg = Debug|Any CPU
		{E024CC1D-D022-44B2-8B11-ECCC1462DEF7}.Debug|x64.Build.0 = Debug|Any CPU
		{E024CC1D-D022-44B2-8B11-ECCC1462DEF7}.Debug|x86.ActiveCfg = Debug|Any CPU
		{E024CC1D-D022-44B2-8B11-ECCC1462DEF7}.Debug|x86.Build.0 = Debug|Any CPU
		{E024CC1D-D022-44B2-8B11-ECCC1462DEF7}.Release|Any CPU.ActiveCfg = Release|Any CPU
		{E024CC1D-D022-44B2-8B11-ECCC1462DEF7}.Release|Any CPU.Build.0 = Release|Any CPU
		{E024CC1D-D022-44B2-8B11-ECCC1462DEF7}.Release|ARM.ActiveCfg = Release|Any CPU
		{E024CC1D-D022-44B2-8B11-ECCC1462DEF7}.Release|ARM.Build.0 = Release|Any CPU
		{E024CC1D-D022-44B2-8B11-ECCC1462DEF7}.Release|iPhone.ActiveCfg = Release|Any CPU
		{E024CC1D-D022-44B2-8B11-ECCC1462DEF7}.Release|iPhone.Build.0 = Release|Any CPU
		{E024CC1D-D022-44B2-8B11-ECCC1462DEF7}.Release|iPhoneSimulator.ActiveCfg = Release|Any CPU
		{E024CC1D-D022-44B2-8B11-ECCC1462DEF7}.Release|iPhoneSimulator.Build.0 = Release|Any CPU
		{E024CC1D-D022-44B2-8B11-ECCC1462DEF7}.Release|x64.ActiveCfg = Release|Any CPU
		{E024CC1D-D022-44B2-8B11-ECCC1462DEF7}.Release|x64.Build.0 = Release|Any CPU
		{E024CC1D-D022-44B2-8B11-ECCC1462DEF7}.Release|x86.ActiveCfg = Release|Any CPU
		{E024CC1D-D022-44B2-8B11-ECCC1462DEF7}.Release|x86.Build.0 = Release|Any CPU
	EndGlobalSection
	GlobalSection(SolutionProperties) = preSolution
		HideSolutionNode = FALSE
	EndGlobalSection
	GlobalSection(ExtensibilityGlobals) = postSolution
		SolutionGuid = {3C9A56A6-4EA3-4228-B064-E4789B282032}
	EndGlobalSection
EndGlobal
