
Microsoft Visual Studio Solution File, Format Version 12.00
# Visual Studio 15
VisualStudioVersion = 15.0.27130.2026
MinimumVisualStudioVersion = 10.0.40219.1
Project("{9A19103F-16F7-4668-BE54-9A1E7A4F7556}") = "CSharpMath", "CSharpMath\CSharpMath.csproj", "{5157367B-F03E-4ACB-83A1-0DE414A3BFCA}"
EndProject
Project("{9A19103F-16F7-4668-BE54-9A1E7A4F7556}") = "CSharpMath.Tests", "CSharpMath.Tests\CSharpMath.Tests.csproj", "{0830C47F-AA16-4A0E-9CCF-E40835D1430D}"
EndProject
Project("{D954291E-2A0B-460D-934E-DC6B0785DB48}") = "CSharpMath.Apple", "CSharpMath.Apple\CSharpMath.Apple.shproj", "{1E62C0F0-B5C9-430E-ADDC-6F6EC6E0BDE1}"
EndProject
Project("{2150E333-8FDC-42A3-9474-1A3956D46DE8}") = "Config", "Config", "{4095C402-9D46-4F54-9A19-4FA063852135}"
	ProjectSection(SolutionItems) = preProject
		.editorconfig = .editorconfig
	EndProjectSection
EndProject
Project("{FAE04EC0-301F-11D3-BF4B-00C04F79EFBC}") = "CSharpMath.Ios.Example", "CSharpMath.IosExample\CSharpMath.Ios.Example.csproj", "{664EAD44-C19D-462B-9127-FD1106B4F3C6}"
EndProject
Project("{FAE04EC0-301F-11D3-BF4B-00C04F79EFBC}") = "CSharpMath.Ios", "CSharpMath.Ios\CSharpMath.Ios.csproj", "{11D4E6C7-C8E2-449C-A1E7-18BBBCE4E6F3}"
EndProject
Project("{FAE04EC0-301F-11D3-BF4B-00C04F79EFBC}") = "CSharpMath.SkiaSharp", "CSharpMath.SkiaSharp\CSharpMath.SkiaSharp.csproj", "{35B4BB5B-2202-436E-9AFE-00997CA2CC65}"
EndProject
Global
	GlobalSection(SharedMSBuildProjectFiles) = preSolution
		CSharpMath.Apple\CSharpMath.Apple.projitems*{11d4e6c7-c8e2-449c-a1e7-18bbbce4e6f3}*SharedItemsImports = 4
		CSharpMath.Apple\CSharpMath.Apple.projitems*{1e62c0f0-b5c9-430e-addc-6f6ec6e0bde1}*SharedItemsImports = 13
	EndGlobalSection
	GlobalSection(SolutionConfigurationPlatforms) = preSolution
		Ad-Hoc|Any CPU = Ad-Hoc|Any CPU
		Ad-Hoc|iPhone = Ad-Hoc|iPhone
		Ad-Hoc|iPhoneSimulator = Ad-Hoc|iPhoneSimulator
		AppStore|Any CPU = AppStore|Any CPU
		AppStore|iPhone = AppStore|iPhone
		AppStore|iPhoneSimulator = AppStore|iPhoneSimulator
		Debug|Any CPU = Debug|Any CPU
		Debug|iPhone = Debug|iPhone
		Debug|iPhoneSimulator = Debug|iPhoneSimulator
		Release|Any CPU = Release|Any CPU
		Release|iPhone = Release|iPhone
		Release|iPhoneSimulator = Release|iPhoneSimulator
	EndGlobalSection
	GlobalSection(ProjectConfigurationPlatforms) = postSolution
		{5157367B-F03E-4ACB-83A1-0DE414A3BFCA}.Ad-Hoc|Any CPU.ActiveCfg = Release|Any CPU
		{5157367B-F03E-4ACB-83A1-0DE414A3BFCA}.Ad-Hoc|Any CPU.Build.0 = Release|Any CPU
		{5157367B-F03E-4ACB-83A1-0DE414A3BFCA}.Ad-Hoc|iPhone.ActiveCfg = Release|Any CPU
		{5157367B-F03E-4ACB-83A1-0DE414A3BFCA}.Ad-Hoc|iPhone.Build.0 = Release|Any CPU
		{5157367B-F03E-4ACB-83A1-0DE414A3BFCA}.Ad-Hoc|iPhoneSimulator.ActiveCfg = Release|Any CPU
		{5157367B-F03E-4ACB-83A1-0DE414A3BFCA}.Ad-Hoc|iPhoneSimulator.Build.0 = Release|Any CPU
		{5157367B-F03E-4ACB-83A1-0DE414A3BFCA}.AppStore|Any CPU.ActiveCfg = Release|Any CPU
		{5157367B-F03E-4ACB-83A1-0DE414A3BFCA}.AppStore|Any CPU.Build.0 = Release|Any CPU
		{5157367B-F03E-4ACB-83A1-0DE414A3BFCA}.AppStore|iPhone.ActiveCfg = Release|Any CPU
		{5157367B-F03E-4ACB-83A1-0DE414A3BFCA}.AppStore|iPhone.Build.0 = Release|Any CPU
		{5157367B-F03E-4ACB-83A1-0DE414A3BFCA}.AppStore|iPhoneSimulator.ActiveCfg = Release|Any CPU
		{5157367B-F03E-4ACB-83A1-0DE414A3BFCA}.AppStore|iPhoneSimulator.Build.0 = Release|Any CPU
		{5157367B-F03E-4ACB-83A1-0DE414A3BFCA}.Debug|Any CPU.ActiveCfg = Debug|Any CPU
		{5157367B-F03E-4ACB-83A1-0DE414A3BFCA}.Debug|Any CPU.Build.0 = Debug|Any CPU
		{5157367B-F03E-4ACB-83A1-0DE414A3BFCA}.Debug|iPhone.ActiveCfg = Debug|Any CPU
		{5157367B-F03E-4ACB-83A1-0DE414A3BFCA}.Debug|iPhone.Build.0 = Debug|Any CPU
		{5157367B-F03E-4ACB-83A1-0DE414A3BFCA}.Debug|iPhoneSimulator.ActiveCfg = Debug|Any CPU
		{5157367B-F03E-4ACB-83A1-0DE414A3BFCA}.Debug|iPhoneSimulator.Build.0 = Debug|Any CPU
		{5157367B-F03E-4ACB-83A1-0DE414A3BFCA}.Release|Any CPU.ActiveCfg = Release|Any CPU
		{5157367B-F03E-4ACB-83A1-0DE414A3BFCA}.Release|Any CPU.Build.0 = Release|Any CPU
		{5157367B-F03E-4ACB-83A1-0DE414A3BFCA}.Release|iPhone.ActiveCfg = Release|Any CPU
		{5157367B-F03E-4ACB-83A1-0DE414A3BFCA}.Release|iPhone.Build.0 = Release|Any CPU
		{5157367B-F03E-4ACB-83A1-0DE414A3BFCA}.Release|iPhoneSimulator.ActiveCfg = Release|Any CPU
		{5157367B-F03E-4ACB-83A1-0DE414A3BFCA}.Release|iPhoneSimulator.Build.0 = Release|Any CPU
		{0830C47F-AA16-4A0E-9CCF-E40835D1430D}.Ad-Hoc|Any CPU.ActiveCfg = Release|Any CPU
		{0830C47F-AA16-4A0E-9CCF-E40835D1430D}.Ad-Hoc|Any CPU.Build.0 = Release|Any CPU
		{0830C47F-AA16-4A0E-9CCF-E40835D1430D}.Ad-Hoc|iPhone.ActiveCfg = Release|Any CPU
		{0830C47F-AA16-4A0E-9CCF-E40835D1430D}.Ad-Hoc|iPhone.Build.0 = Release|Any CPU
		{0830C47F-AA16-4A0E-9CCF-E40835D1430D}.Ad-Hoc|iPhoneSimulator.ActiveCfg = Release|Any CPU
		{0830C47F-AA16-4A0E-9CCF-E40835D1430D}.Ad-Hoc|iPhoneSimulator.Build.0 = Release|Any CPU
		{0830C47F-AA16-4A0E-9CCF-E40835D1430D}.AppStore|Any CPU.ActiveCfg = Release|Any CPU
		{0830C47F-AA16-4A0E-9CCF-E40835D1430D}.AppStore|Any CPU.Build.0 = Release|Any CPU
		{0830C47F-AA16-4A0E-9CCF-E40835D1430D}.AppStore|iPhone.ActiveCfg = Release|Any CPU
		{0830C47F-AA16-4A0E-9CCF-E40835D1430D}.AppStore|iPhone.Build.0 = Release|Any CPU
		{0830C47F-AA16-4A0E-9CCF-E40835D1430D}.AppStore|iPhoneSimulator.ActiveCfg = Release|Any CPU
		{0830C47F-AA16-4A0E-9CCF-E40835D1430D}.AppStore|iPhoneSimulator.Build.0 = Release|Any CPU
		{0830C47F-AA16-4A0E-9CCF-E40835D1430D}.Debug|Any CPU.ActiveCfg = Debug|Any CPU
		{0830C47F-AA16-4A0E-9CCF-E40835D1430D}.Debug|Any CPU.Build.0 = Debug|Any CPU
		{0830C47F-AA16-4A0E-9CCF-E40835D1430D}.Debug|iPhone.ActiveCfg = Debug|Any CPU
		{0830C47F-AA16-4A0E-9CCF-E40835D1430D}.Debug|iPhone.Build.0 = Debug|Any CPU
		{0830C47F-AA16-4A0E-9CCF-E40835D1430D}.Debug|iPhoneSimulator.ActiveCfg = Debug|Any CPU
		{0830C47F-AA16-4A0E-9CCF-E40835D1430D}.Debug|iPhoneSimulator.Build.0 = Debug|Any CPU
		{0830C47F-AA16-4A0E-9CCF-E40835D1430D}.Release|Any CPU.ActiveCfg = Release|Any CPU
		{0830C47F-AA16-4A0E-9CCF-E40835D1430D}.Release|Any CPU.Build.0 = Release|Any CPU
		{0830C47F-AA16-4A0E-9CCF-E40835D1430D}.Release|iPhone.ActiveCfg = Release|Any CPU
		{0830C47F-AA16-4A0E-9CCF-E40835D1430D}.Release|iPhone.Build.0 = Release|Any CPU
		{0830C47F-AA16-4A0E-9CCF-E40835D1430D}.Release|iPhoneSimulator.ActiveCfg = Release|Any CPU
		{0830C47F-AA16-4A0E-9CCF-E40835D1430D}.Release|iPhoneSimulator.Build.0 = Release|Any CPU
		{664EAD44-C19D-462B-9127-FD1106B4F3C6}.Ad-Hoc|Any CPU.ActiveCfg = Debug|iPhoneSimulator
		{664EAD44-C19D-462B-9127-FD1106B4F3C6}.Ad-Hoc|Any CPU.Build.0 = Debug|iPhoneSimulator
		{664EAD44-C19D-462B-9127-FD1106B4F3C6}.Ad-Hoc|iPhone.ActiveCfg = Release|iPhone
		{664EAD44-C19D-462B-9127-FD1106B4F3C6}.Ad-Hoc|iPhone.Build.0 = Release|iPhone
		{664EAD44-C19D-462B-9127-FD1106B4F3C6}.Ad-Hoc|iPhoneSimulator.ActiveCfg = Debug|iPhoneSimulator
		{664EAD44-C19D-462B-9127-FD1106B4F3C6}.Ad-Hoc|iPhoneSimulator.Build.0 = Debug|iPhoneSimulator
		{664EAD44-C19D-462B-9127-FD1106B4F3C6}.AppStore|Any CPU.ActiveCfg = Debug|iPhoneSimulator
		{664EAD44-C19D-462B-9127-FD1106B4F3C6}.AppStore|Any CPU.Build.0 = Debug|iPhoneSimulator
		{664EAD44-C19D-462B-9127-FD1106B4F3C6}.AppStore|iPhone.ActiveCfg = Release|iPhone
		{664EAD44-C19D-462B-9127-FD1106B4F3C6}.AppStore|iPhone.Build.0 = Release|iPhone
		{664EAD44-C19D-462B-9127-FD1106B4F3C6}.AppStore|iPhoneSimulator.ActiveCfg = Debug|iPhoneSimulator
		{664EAD44-C19D-462B-9127-FD1106B4F3C6}.AppStore|iPhoneSimulator.Build.0 = Debug|iPhoneSimulator
		{664EAD44-C19D-462B-9127-FD1106B4F3C6}.Debug|Any CPU.ActiveCfg = Debug|iPhoneSimulator
		{664EAD44-C19D-462B-9127-FD1106B4F3C6}.Debug|iPhone.ActiveCfg = Debug|iPhone
		{664EAD44-C19D-462B-9127-FD1106B4F3C6}.Debug|iPhone.Build.0 = Debug|iPhone
		{664EAD44-C19D-462B-9127-FD1106B4F3C6}.Debug|iPhoneSimulator.ActiveCfg = Debug|iPhoneSimulator
		{664EAD44-C19D-462B-9127-FD1106B4F3C6}.Debug|iPhoneSimulator.Build.0 = Debug|iPhoneSimulator
		{664EAD44-C19D-462B-9127-FD1106B4F3C6}.Release|Any CPU.ActiveCfg = Release|iPhone
		{664EAD44-C19D-462B-9127-FD1106B4F3C6}.Release|Any CPU.Build.0 = Release|iPhone
		{664EAD44-C19D-462B-9127-FD1106B4F3C6}.Release|iPhone.ActiveCfg = Release|iPhone
		{664EAD44-C19D-462B-9127-FD1106B4F3C6}.Release|iPhone.Build.0 = Release|iPhone
		{664EAD44-C19D-462B-9127-FD1106B4F3C6}.Release|iPhoneSimulator.ActiveCfg = Release|iPhoneSimulator
		{664EAD44-C19D-462B-9127-FD1106B4F3C6}.Release|iPhoneSimulator.Build.0 = Release|iPhoneSimulator
		{11D4E6C7-C8E2-449C-A1E7-18BBBCE4E6F3}.Ad-Hoc|Any CPU.ActiveCfg = Release|Any CPU
		{11D4E6C7-C8E2-449C-A1E7-18BBBCE4E6F3}.Ad-Hoc|Any CPU.Build.0 = Release|Any CPU
		{11D4E6C7-C8E2-449C-A1E7-18BBBCE4E6F3}.Ad-Hoc|iPhone.ActiveCfg = Release|Any CPU
		{11D4E6C7-C8E2-449C-A1E7-18BBBCE4E6F3}.Ad-Hoc|iPhone.Build.0 = Release|Any CPU
		{11D4E6C7-C8E2-449C-A1E7-18BBBCE4E6F3}.Ad-Hoc|iPhoneSimulator.ActiveCfg = Release|Any CPU
		{11D4E6C7-C8E2-449C-A1E7-18BBBCE4E6F3}.Ad-Hoc|iPhoneSimulator.Build.0 = Release|Any CPU
		{11D4E6C7-C8E2-449C-A1E7-18BBBCE4E6F3}.AppStore|Any CPU.ActiveCfg = Release|Any CPU
		{11D4E6C7-C8E2-449C-A1E7-18BBBCE4E6F3}.AppStore|Any CPU.Build.0 = Release|Any CPU
		{11D4E6C7-C8E2-449C-A1E7-18BBBCE4E6F3}.AppStore|iPhone.ActiveCfg = Release|Any CPU
		{11D4E6C7-C8E2-449C-A1E7-18BBBCE4E6F3}.AppStore|iPhone.Build.0 = Release|Any CPU
		{11D4E6C7-C8E2-449C-A1E7-18BBBCE4E6F3}.AppStore|iPhoneSimulator.ActiveCfg = Release|Any CPU
		{11D4E6C7-C8E2-449C-A1E7-18BBBCE4E6F3}.AppStore|iPhoneSimulator.Build.0 = Release|Any CPU
		{11D4E6C7-C8E2-449C-A1E7-18BBBCE4E6F3}.Debug|Any CPU.ActiveCfg = Debug|Any CPU
		{11D4E6C7-C8E2-449C-A1E7-18BBBCE4E6F3}.Debug|Any CPU.Build.0 = Debug|Any CPU
		{11D4E6C7-C8E2-449C-A1E7-18BBBCE4E6F3}.Debug|iPhone.ActiveCfg = Debug|Any CPU
		{11D4E6C7-C8E2-449C-A1E7-18BBBCE4E6F3}.Debug|iPhone.Build.0 = Debug|Any CPU
		{11D4E6C7-C8E2-449C-A1E7-18BBBCE4E6F3}.Debug|iPhoneSimulator.ActiveCfg = Debug|Any CPU
		{11D4E6C7-C8E2-449C-A1E7-18BBBCE4E6F3}.Debug|iPhoneSimulator.Build.0 = Debug|Any CPU
		{11D4E6C7-C8E2-449C-A1E7-18BBBCE4E6F3}.Release|Any CPU.ActiveCfg = Release|Any CPU
		{11D4E6C7-C8E2-449C-A1E7-18BBBCE4E6F3}.Release|Any CPU.Build.0 = Release|Any CPU
		{11D4E6C7-C8E2-449C-A1E7-18BBBCE4E6F3}.Release|iPhone.ActiveCfg = Release|Any CPU
		{11D4E6C7-C8E2-449C-A1E7-18BBBCE4E6F3}.Release|iPhone.Build.0 = Release|Any CPU
		{11D4E6C7-C8E2-449C-A1E7-18BBBCE4E6F3}.Release|iPhoneSimulator.ActiveCfg = Release|Any CPU
		{11D4E6C7-C8E2-449C-A1E7-18BBBCE4E6F3}.Release|iPhoneSimulator.Build.0 = Release|Any CPU
		{35B4BB5B-2202-436E-9AFE-00997CA2CC65}.Ad-Hoc|Any CPU.ActiveCfg = Debug|Any CPU
		{35B4BB5B-2202-436E-9AFE-00997CA2CC65}.Ad-Hoc|Any CPU.Build.0 = Debug|Any CPU
		{35B4BB5B-2202-436E-9AFE-00997CA2CC65}.Ad-Hoc|iPhone.ActiveCfg = Debug|Any CPU
		{35B4BB5B-2202-436E-9AFE-00997CA2CC65}.Ad-Hoc|iPhone.Build.0 = Debug|Any CPU
		{35B4BB5B-2202-436E-9AFE-00997CA2CC65}.Ad-Hoc|iPhoneSimulator.ActiveCfg = Debug|Any CPU
		{35B4BB5B-2202-436E-9AFE-00997CA2CC65}.Ad-Hoc|iPhoneSimulator.Build.0 = Debug|Any CPU
		{35B4BB5B-2202-436E-9AFE-00997CA2CC65}.AppStore|Any CPU.ActiveCfg = Debug|Any CPU
		{35B4BB5B-2202-436E-9AFE-00997CA2CC65}.AppStore|Any CPU.Build.0 = Debug|Any CPU
		{35B4BB5B-2202-436E-9AFE-00997CA2CC65}.AppStore|iPhone.ActiveCfg = Debug|Any CPU
		{35B4BB5B-2202-436E-9AFE-00997CA2CC65}.AppStore|iPhone.Build.0 = Debug|Any CPU
		{35B4BB5B-2202-436E-9AFE-00997CA2CC65}.AppStore|iPhoneSimulator.ActiveCfg = Debug|Any CPU
		{35B4BB5B-2202-436E-9AFE-00997CA2CC65}.AppStore|iPhoneSimulator.Build.0 = Debug|Any CPU
		{35B4BB5B-2202-436E-9AFE-00997CA2CC65}.Debug|Any CPU.ActiveCfg = Debug|Any CPU
		{35B4BB5B-2202-436E-9AFE-00997CA2CC65}.Debug|Any CPU.Build.0 = Debug|Any CPU
		{35B4BB5B-2202-436E-9AFE-00997CA2CC65}.Debug|iPhone.ActiveCfg = Debug|Any CPU
		{35B4BB5B-2202-436E-9AFE-00997CA2CC65}.Debug|iPhone.Build.0 = Debug|Any CPU
		{35B4BB5B-2202-436E-9AFE-00997CA2CC65}.Debug|iPhoneSimulator.ActiveCfg = Debug|Any CPU
		{35B4BB5B-2202-436E-9AFE-00997CA2CC65}.Debug|iPhoneSimulator.Build.0 = Debug|Any CPU
		{35B4BB5B-2202-436E-9AFE-00997CA2CC65}.Release|Any CPU.ActiveCfg = Release|Any CPU
		{35B4BB5B-2202-436E-9AFE-00997CA2CC65}.Release|Any CPU.Build.0 = Release|Any CPU
		{35B4BB5B-2202-436E-9AFE-00997CA2CC65}.Release|iPhone.ActiveCfg = Release|Any CPU
		{35B4BB5B-2202-436E-9AFE-00997CA2CC65}.Release|iPhone.Build.0 = Release|Any CPU
		{35B4BB5B-2202-436E-9AFE-00997CA2CC65}.Release|iPhoneSimulator.ActiveCfg = Release|Any CPU
		{35B4BB5B-2202-436E-9AFE-00997CA2CC65}.Release|iPhoneSimulator.Build.0 = Release|Any CPU
	EndGlobalSection
	GlobalSection(SolutionProperties) = preSolution
		HideSolutionNode = FALSE
	EndGlobalSection
	GlobalSection(ExtensibilityGlobals) = postSolution
		SolutionGuid = {3C9A56A6-4EA3-4228-B064-E4789B282032}
	EndGlobalSection
EndGlobal
