
Microsoft Visual Studio Solution File, Format Version 12.00
# Visual Studio Version 18
VisualStudioVersion = 18.0.11222.15
MinimumVisualStudioVersion = 10.0.40219.1
Project("{9A19103F-16F7-4668-BE54-9A1E7A4F7556}") = "CSharpMath", "CSharpMath\CSharpMath.csproj", "{5157367B-F03E-4ACB-83A1-0DE414A3BFCA}"
EndProject
Project("{9A19103F-16F7-4668-BE54-9A1E7A4F7556}") = "CSharpMath.Core.Tests", "CSharpMath.Core.Tests\CSharpMath.Core.Tests.csproj", "{0830C47F-AA16-4A0E-9CCF-E40835D1430D}"
EndProject
Project("{2150E333-8FDC-42A3-9474-1A3956D46DE8}") = "__GlobalFiles", "__GlobalFiles", "{4095C402-9D46-4F54-9A19-4FA063852135}"
	ProjectSection(SolutionItems) = preProject
		.editorconfig = .editorconfig
		.gitignore = .gitignore
		CONTRIBUTING.md = CONTRIBUTING.md
		Directory.Build.props = Directory.Build.props
		Directory.Build.targets = Directory.Build.targets
		global.json = global.json
		Icon.png = Icon.png
		Idea bucket.txt = Idea bucket.txt
		LICENSE = LICENSE
		README.md = README.md
		ReleaseProcedure.txt = ReleaseProcedure.txt
	EndProjectSection
EndProject
Project("{9A19103F-16F7-4668-BE54-9A1E7A4F7556}") = "CSharpMath.SkiaSharp", "CSharpMath.SkiaSharp\CSharpMath.SkiaSharp.csproj", "{35B4BB5B-2202-436E-9AFE-00997CA2CC65}"
EndProject
Project("{9A19103F-16F7-4668-BE54-9A1E7A4F7556}") = "CSharpMath.Rendering", "CSharpMath.Rendering\CSharpMath.Rendering.csproj", "{65016A61-2125-4E0C-90E8-A915230C7826}"
EndProject
Project("{2150E333-8FDC-42A3-9474-1A3956D46DE8}") = "_Core", "_Core", "{125C1FE9-F684-4E87-A9EF-969FD1E2D726}"
EndProject
Project("{2150E333-8FDC-42A3-9474-1A3956D46DE8}") = "SkiaSharp", "SkiaSharp", "{F3C6FCAE-FB37-4FBA-8ABD-7295868F15EC}"
EndProject
Project("{9A19103F-16F7-4668-BE54-9A1E7A4F7556}") = "CSharpMath.Core.Example", "CSharpMath.Core.Example\CSharpMath.Core.Example.csproj", "{C60126CE-A71D-4D11-A4A8-A45B67312E98}"
EndProject
Project("{6EC3EE1D-3C4E-46DD-8F32-0CC8E7565705}") = "CSharpMath.Rendering.Tests.FSharp", "CSharpMath.Rendering.Tests.FSharp\CSharpMath.Rendering.Tests.FSharp.fsproj", "{65492AC6-8B98-42FF-AAA1-1DBDC050A25F}"
EndProject
Project("{2150E333-8FDC-42A3-9474-1A3956D46DE8}") = "Avalonia", "Avalonia", "{FCA00A99-04A2-467D-9557-C8BA3F8D50D4}"
EndProject
Project("{9A19103F-16F7-4668-BE54-9A1E7A4F7556}") = "CSharpMath.Avalonia", "CSharpMath.Avalonia\CSharpMath.Avalonia.csproj", "{56166C6C-B3B4-4BAE-823E-B3D24C080394}"
EndProject
Project("{9A19103F-16F7-4668-BE54-9A1E7A4F7556}") = "CSharpMath.Avalonia.Example", "CSharpMath.Avalonia.Example\CSharpMath.Avalonia.Example.csproj", "{4E728BD1-65C2-4D1C-8147-1C7457565B6E}"
EndProject
Project("{9A19103F-16F7-4668-BE54-9A1E7A4F7556}") = "CSharpMath.Rendering.Tests", "CSharpMath.Rendering.Tests\CSharpMath.Rendering.Tests.csproj", "{14E42639-10E7-44C1-9571-65F0A48A3696}"
EndProject
Project("{9A19103F-16F7-4668-BE54-9A1E7A4F7556}") = "CSharpMath.Evaluation", "CSharpMath.Evaluation\CSharpMath.Evaluation.csproj", "{039990A9-FBF8-421E-A40A-CAE2A34B7240}"
EndProject
Project("{9A19103F-16F7-4668-BE54-9A1E7A4F7556}") = "CSharpMath.Xaml.Tests", "CSharpMath.Xaml.Tests\CSharpMath.Xaml.Tests.csproj", "{87C65DBF-14E4-4BFD-B8E3-BC7F8D2A857E}"
EndProject
Project("{9A19103F-16F7-4668-BE54-9A1E7A4F7556}") = "CSharpMath.Rendering.Text.Tests", "CSharpMath.Rendering.Text.Tests\CSharpMath.Rendering.Text.Tests.csproj", "{B4187488-F6DF-45AC-96D3-EEE58B65C53E}"
EndProject
Project("{9A19103F-16F7-4668-BE54-9A1E7A4F7556}") = "CSharpMath.Xaml.Tests.NuGet", "CSharpMath.Xaml.Tests.NuGet\CSharpMath.Xaml.Tests.NuGet.csproj", "{2FD3FBBD-FD06-4E49-BA91-4FC5ADC33BA7}"
EndProject
Project("{9A19103F-16F7-4668-BE54-9A1E7A4F7556}") = "CSharpMath.Evaluation.Tests", "CSharpMath.Evaluation.Tests\CSharpMath.Evaluation.Tests.csproj", "{06241755-626A-4992-9CAE-C5A5745CB83C}"
EndProject
Project("{9A19103F-16F7-4668-BE54-9A1E7A4F7556}") = "CSharpMath.Rendering.Benchmarks", "CSharpMath.Rendering.Benchmarks\CSharpMath.Rendering.Benchmarks.csproj", "{3D54C678-A873-4831-9894-9E92E6F8EEBF}"
EndProject
Project("{2150E333-8FDC-42A3-9474-1A3956D46DE8}") = "workflows", "workflows", "{86C13BAB-EE19-4E82-B36F-2FEE92754B30}"
	ProjectSection(SolutionItems) = preProject
		.github\workflows\Benchmark.yml = .github\workflows\Benchmark.yml
		.github\workflows\Nightly.yml = .github\workflows\Nightly.yml
		.github\workflows\Release.yml = .github\workflows\Release.yml
		.github\workflows\Test.yml = .github\workflows\Test.yml
	EndProjectSection
EndProject
Project("{FAE04EC0-301F-11D3-BF4B-00C04F79EFBC}") = "CSharpMath.Maui", "CSharpMath.Maui\CSharpMath.Maui.csproj", "{96356788-E2A3-46E7-A9CF-D8FA8674F385}"
EndProject
Project("{FAE04EC0-301F-11D3-BF4B-00C04F79EFBC}") = "CSharpMath.Maui.Example", "CSharpMath.Maui.Example\CSharpMath.Maui.Example.csproj", "{23F56FCB-C677-4F6E-A759-51F67BEB5382}"
EndProject
Project("{2150E333-8FDC-42A3-9474-1A3956D46DE8}") = "Maui", "Maui", "{24B09B12-957A-4921-9E2E-3C74A05366C9}"
EndProject
Project("{FAE04EC0-301F-11D3-BF4B-00C04F79EFBC}") = "CSharpMath.SkiaSharp.Example", "CSharpMath.SkiaSharp.Example\CSharpMath.SkiaSharp.Example.csproj", "{C3C37AA1-5525-471D-932D-BB958BDF8FD9}"
EndProject
Project("{2150E333-8FDC-42A3-9474-1A3956D46DE8}") = "CSharpMath.Xaml", "CSharpMath.Xaml", "{9B79D7A1-856D-44E2-8C93-9BFA30FCFDB6}"
	ProjectSection(SolutionItems) = preProject
		CSharpMath.Xaml\Views.cs = CSharpMath.Xaml\Views.cs
	EndProjectSection
EndProject
Project("{2150E333-8FDC-42A3-9474-1A3956D46DE8}") = "VectSharp", "VectSharp", "{7CD7AA0E-4AE7-4089-9177-C940E5D26784}"
EndProject
Project("{FAE04EC0-301F-11D3-BF4B-00C04F79EFBC}") = "CSharpMath.VectSharp", "CSharpMath.VectSharp\CSharpMath.VectSharp.csproj", "{A7860E80-776F-68F0-77C5-838F918432F9}"
EndProject
Project("{FAE04EC0-301F-11D3-BF4B-00C04F79EFBC}") = "CSharpMath.VectSharp.Example", "CSharpMath.VectSharp.Example\CSharpMath.VectSharp.Example.csproj", "{918002F5-A5C8-4075-B550-DF7A275A287E}"
EndProject
Global
	GlobalSection(SolutionConfigurationPlatforms) = preSolution
		Ad-Hoc|Any CPU = Ad-Hoc|Any CPU
		Ad-Hoc|ARM = Ad-Hoc|ARM
		Ad-Hoc|iPhone = Ad-Hoc|iPhone
		Ad-Hoc|iPhoneSimulator = Ad-Hoc|iPhoneSimulator
		Ad-Hoc|x64 = Ad-Hoc|x64
		Ad-Hoc|x86 = Ad-Hoc|x86
		AppStore|Any CPU = AppStore|Any CPU
		AppStore|ARM = AppStore|ARM
		AppStore|iPhone = AppStore|iPhone
		AppStore|iPhoneSimulator = AppStore|iPhoneSimulator
		AppStore|x64 = AppStore|x64
		AppStore|x86 = AppStore|x86
		Debug|Any CPU = Debug|Any CPU
		Debug|ARM = Debug|ARM
		Debug|iPhone = Debug|iPhone
		Debug|iPhoneSimulator = Debug|iPhoneSimulator
		Debug|x64 = Debug|x64
		Debug|x86 = Debug|x86
		Release|Any CPU = Release|Any CPU
		Release|ARM = Release|ARM
		Release|iPhone = Release|iPhone
		Release|iPhoneSimulator = Release|iPhoneSimulator
		Release|x64 = Release|x64
		Release|x86 = Release|x86
	EndGlobalSection
	GlobalSection(ProjectConfigurationPlatforms) = postSolution
		{5157367B-F03E-4ACB-83A1-0DE414A3BFCA}.Ad-Hoc|Any CPU.ActiveCfg = Release|Any CPU
		{5157367B-F03E-4ACB-83A1-0DE414A3BFCA}.Ad-Hoc|Any CPU.Build.0 = Release|Any CPU
		{5157367B-F03E-4ACB-83A1-0DE414A3BFCA}.Ad-Hoc|ARM.ActiveCfg = Debug|Any CPU
		{5157367B-F03E-4ACB-83A1-0DE414A3BFCA}.Ad-Hoc|ARM.Build.0 = Debug|Any CPU
		{5157367B-F03E-4ACB-83A1-0DE414A3BFCA}.Ad-Hoc|iPhone.ActiveCfg = Release|Any CPU
		{5157367B-F03E-4ACB-83A1-0DE414A3BFCA}.Ad-Hoc|iPhone.Build.0 = Release|Any CPU
		{5157367B-F03E-4ACB-83A1-0DE414A3BFCA}.Ad-Hoc|iPhoneSimulator.ActiveCfg = Release|Any CPU
		{5157367B-F03E-4ACB-83A1-0DE414A3BFCA}.Ad-Hoc|iPhoneSimulator.Build.0 = Release|Any CPU
		{5157367B-F03E-4ACB-83A1-0DE414A3BFCA}.Ad-Hoc|x64.ActiveCfg = Debug|Any CPU
		{5157367B-F03E-4ACB-83A1-0DE414A3BFCA}.Ad-Hoc|x64.Build.0 = Debug|Any CPU
		{5157367B-F03E-4ACB-83A1-0DE414A3BFCA}.Ad-Hoc|x86.ActiveCfg = Debug|Any CPU
		{5157367B-F03E-4ACB-83A1-0DE414A3BFCA}.Ad-Hoc|x86.Build.0 = Debug|Any CPU
		{5157367B-F03E-4ACB-83A1-0DE414A3BFCA}.AppStore|Any CPU.ActiveCfg = Release|Any CPU
		{5157367B-F03E-4ACB-83A1-0DE414A3BFCA}.AppStore|Any CPU.Build.0 = Release|Any CPU
		{5157367B-F03E-4ACB-83A1-0DE414A3BFCA}.AppStore|ARM.ActiveCfg = Debug|Any CPU
		{5157367B-F03E-4ACB-83A1-0DE414A3BFCA}.AppStore|ARM.Build.0 = Debug|Any CPU
		{5157367B-F03E-4ACB-83A1-0DE414A3BFCA}.AppStore|iPhone.ActiveCfg = Release|Any CPU
		{5157367B-F03E-4ACB-83A1-0DE414A3BFCA}.AppStore|iPhone.Build.0 = Release|Any CPU
		{5157367B-F03E-4ACB-83A1-0DE414A3BFCA}.AppStore|iPhoneSimulator.ActiveCfg = Release|Any CPU
		{5157367B-F03E-4ACB-83A1-0DE414A3BFCA}.AppStore|iPhoneSimulator.Build.0 = Release|Any CPU
		{5157367B-F03E-4ACB-83A1-0DE414A3BFCA}.AppStore|x64.ActiveCfg = Debug|Any CPU
		{5157367B-F03E-4ACB-83A1-0DE414A3BFCA}.AppStore|x64.Build.0 = Debug|Any CPU
		{5157367B-F03E-4ACB-83A1-0DE414A3BFCA}.AppStore|x86.ActiveCfg = Debug|Any CPU
		{5157367B-F03E-4ACB-83A1-0DE414A3BFCA}.AppStore|x86.Build.0 = Debug|Any CPU
		{5157367B-F03E-4ACB-83A1-0DE414A3BFCA}.Debug|Any CPU.ActiveCfg = Debug|Any CPU
		{5157367B-F03E-4ACB-83A1-0DE414A3BFCA}.Debug|Any CPU.Build.0 = Debug|Any CPU
		{5157367B-F03E-4ACB-83A1-0DE414A3BFCA}.Debug|ARM.ActiveCfg = Debug|Any CPU
		{5157367B-F03E-4ACB-83A1-0DE414A3BFCA}.Debug|ARM.Build.0 = Debug|Any CPU
		{5157367B-F03E-4ACB-83A1-0DE414A3BFCA}.Debug|iPhone.ActiveCfg = Debug|Any CPU
		{5157367B-F03E-4ACB-83A1-0DE414A3BFCA}.Debug|iPhone.Build.0 = Debug|Any CPU
		{5157367B-F03E-4ACB-83A1-0DE414A3BFCA}.Debug|iPhoneSimulator.ActiveCfg = Debug|Any CPU
		{5157367B-F03E-4ACB-83A1-0DE414A3BFCA}.Debug|iPhoneSimulator.Build.0 = Debug|Any CPU
		{5157367B-F03E-4ACB-83A1-0DE414A3BFCA}.Debug|x64.ActiveCfg = Debug|Any CPU
		{5157367B-F03E-4ACB-83A1-0DE414A3BFCA}.Debug|x64.Build.0 = Debug|Any CPU
		{5157367B-F03E-4ACB-83A1-0DE414A3BFCA}.Debug|x86.ActiveCfg = Debug|Any CPU
		{5157367B-F03E-4ACB-83A1-0DE414A3BFCA}.Debug|x86.Build.0 = Debug|Any CPU
		{5157367B-F03E-4ACB-83A1-0DE414A3BFCA}.Release|Any CPU.ActiveCfg = Release|Any CPU
		{5157367B-F03E-4ACB-83A1-0DE414A3BFCA}.Release|Any CPU.Build.0 = Release|Any CPU
		{5157367B-F03E-4ACB-83A1-0DE414A3BFCA}.Release|ARM.ActiveCfg = Release|Any CPU
		{5157367B-F03E-4ACB-83A1-0DE414A3BFCA}.Release|ARM.Build.0 = Release|Any CPU
		{5157367B-F03E-4ACB-83A1-0DE414A3BFCA}.Release|iPhone.ActiveCfg = Release|Any CPU
		{5157367B-F03E-4ACB-83A1-0DE414A3BFCA}.Release|iPhone.Build.0 = Release|Any CPU
		{5157367B-F03E-4ACB-83A1-0DE414A3BFCA}.Release|iPhoneSimulator.ActiveCfg = Release|Any CPU
		{5157367B-F03E-4ACB-83A1-0DE414A3BFCA}.Release|iPhoneSimulator.Build.0 = Release|Any CPU
		{5157367B-F03E-4ACB-83A1-0DE414A3BFCA}.Release|x64.ActiveCfg = Release|Any CPU
		{5157367B-F03E-4ACB-83A1-0DE414A3BFCA}.Release|x64.Build.0 = Release|Any CPU
		{5157367B-F03E-4ACB-83A1-0DE414A3BFCA}.Release|x86.ActiveCfg = Release|Any CPU
		{5157367B-F03E-4ACB-83A1-0DE414A3BFCA}.Release|x86.Build.0 = Release|Any CPU
		{0830C47F-AA16-4A0E-9CCF-E40835D1430D}.Ad-Hoc|Any CPU.ActiveCfg = Release|Any CPU
		{0830C47F-AA16-4A0E-9CCF-E40835D1430D}.Ad-Hoc|Any CPU.Build.0 = Release|Any CPU
		{0830C47F-AA16-4A0E-9CCF-E40835D1430D}.Ad-Hoc|ARM.ActiveCfg = Debug|Any CPU
		{0830C47F-AA16-4A0E-9CCF-E40835D1430D}.Ad-Hoc|ARM.Build.0 = Debug|Any CPU
		{0830C47F-AA16-4A0E-9CCF-E40835D1430D}.Ad-Hoc|iPhone.ActiveCfg = Release|Any CPU
		{0830C47F-AA16-4A0E-9CCF-E40835D1430D}.Ad-Hoc|iPhone.Build.0 = Release|Any CPU
		{0830C47F-AA16-4A0E-9CCF-E40835D1430D}.Ad-Hoc|iPhoneSimulator.ActiveCfg = Release|Any CPU
		{0830C47F-AA16-4A0E-9CCF-E40835D1430D}.Ad-Hoc|iPhoneSimulator.Build.0 = Release|Any CPU
		{0830C47F-AA16-4A0E-9CCF-E40835D1430D}.Ad-Hoc|x64.ActiveCfg = Debug|Any CPU
		{0830C47F-AA16-4A0E-9CCF-E40835D1430D}.Ad-Hoc|x64.Build.0 = Debug|Any CPU
		{0830C47F-AA16-4A0E-9CCF-E40835D1430D}.Ad-Hoc|x86.ActiveCfg = Debug|Any CPU
		{0830C47F-AA16-4A0E-9CCF-E40835D1430D}.Ad-Hoc|x86.Build.0 = Debug|Any CPU
		{0830C47F-AA16-4A0E-9CCF-E40835D1430D}.AppStore|Any CPU.ActiveCfg = Release|Any CPU
		{0830C47F-AA16-4A0E-9CCF-E40835D1430D}.AppStore|Any CPU.Build.0 = Release|Any CPU
		{0830C47F-AA16-4A0E-9CCF-E40835D1430D}.AppStore|ARM.ActiveCfg = Debug|Any CPU
		{0830C47F-AA16-4A0E-9CCF-E40835D1430D}.AppStore|ARM.Build.0 = Debug|Any CPU
		{0830C47F-AA16-4A0E-9CCF-E40835D1430D}.AppStore|iPhone.ActiveCfg = Release|Any CPU
		{0830C47F-AA16-4A0E-9CCF-E40835D1430D}.AppStore|iPhone.Build.0 = Release|Any CPU
		{0830C47F-AA16-4A0E-9CCF-E40835D1430D}.AppStore|iPhoneSimulator.ActiveCfg = Release|Any CPU
		{0830C47F-AA16-4A0E-9CCF-E40835D1430D}.AppStore|iPhoneSimulator.Build.0 = Release|Any CPU
		{0830C47F-AA16-4A0E-9CCF-E40835D1430D}.AppStore|x64.ActiveCfg = Debug|Any CPU
		{0830C47F-AA16-4A0E-9CCF-E40835D1430D}.AppStore|x64.Build.0 = Debug|Any CPU
		{0830C47F-AA16-4A0E-9CCF-E40835D1430D}.AppStore|x86.ActiveCfg = Debug|Any CPU
		{0830C47F-AA16-4A0E-9CCF-E40835D1430D}.AppStore|x86.Build.0 = Debug|Any CPU
		{0830C47F-AA16-4A0E-9CCF-E40835D1430D}.Debug|Any CPU.ActiveCfg = Debug|Any CPU
		{0830C47F-AA16-4A0E-9CCF-E40835D1430D}.Debug|Any CPU.Build.0 = Debug|Any CPU
		{0830C47F-AA16-4A0E-9CCF-E40835D1430D}.Debug|ARM.ActiveCfg = Debug|Any CPU
		{0830C47F-AA16-4A0E-9CCF-E40835D1430D}.Debug|ARM.Build.0 = Debug|Any CPU
		{0830C47F-AA16-4A0E-9CCF-E40835D1430D}.Debug|iPhone.ActiveCfg = Debug|Any CPU
		{0830C47F-AA16-4A0E-9CCF-E40835D1430D}.Debug|iPhone.Build.0 = Debug|Any CPU
		{0830C47F-AA16-4A0E-9CCF-E40835D1430D}.Debug|iPhoneSimulator.ActiveCfg = Debug|Any CPU
		{0830C47F-AA16-4A0E-9CCF-E40835D1430D}.Debug|iPhoneSimulator.Build.0 = Debug|Any CPU
		{0830C47F-AA16-4A0E-9CCF-E40835D1430D}.Debug|x64.ActiveCfg = Debug|Any CPU
		{0830C47F-AA16-4A0E-9CCF-E40835D1430D}.Debug|x64.Build.0 = Debug|Any CPU
		{0830C47F-AA16-4A0E-9CCF-E40835D1430D}.Debug|x86.ActiveCfg = Debug|Any CPU
		{0830C47F-AA16-4A0E-9CCF-E40835D1430D}.Debug|x86.Build.0 = Debug|Any CPU
		{0830C47F-AA16-4A0E-9CCF-E40835D1430D}.Release|Any CPU.ActiveCfg = Release|Any CPU
		{0830C47F-AA16-4A0E-9CCF-E40835D1430D}.Release|Any CPU.Build.0 = Release|Any CPU
		{0830C47F-AA16-4A0E-9CCF-E40835D1430D}.Release|ARM.ActiveCfg = Release|Any CPU
		{0830C47F-AA16-4A0E-9CCF-E40835D1430D}.Release|ARM.Build.0 = Release|Any CPU
		{0830C47F-AA16-4A0E-9CCF-E40835D1430D}.Release|iPhone.ActiveCfg = Release|Any CPU
		{0830C47F-AA16-4A0E-9CCF-E40835D1430D}.Release|iPhone.Build.0 = Release|Any CPU
		{0830C47F-AA16-4A0E-9CCF-E40835D1430D}.Release|iPhoneSimulator.ActiveCfg = Release|Any CPU
		{0830C47F-AA16-4A0E-9CCF-E40835D1430D}.Release|iPhoneSimulator.Build.0 = Release|Any CPU
		{0830C47F-AA16-4A0E-9CCF-E40835D1430D}.Release|x64.ActiveCfg = Release|Any CPU
		{0830C47F-AA16-4A0E-9CCF-E40835D1430D}.Release|x64.Build.0 = Release|Any CPU
		{0830C47F-AA16-4A0E-9CCF-E40835D1430D}.Release|x86.ActiveCfg = Release|Any CPU
		{0830C47F-AA16-4A0E-9CCF-E40835D1430D}.Release|x86.Build.0 = Release|Any CPU
		{35B4BB5B-2202-436E-9AFE-00997CA2CC65}.Ad-Hoc|Any CPU.ActiveCfg = Debug|Any CPU
		{35B4BB5B-2202-436E-9AFE-00997CA2CC65}.Ad-Hoc|Any CPU.Build.0 = Debug|Any CPU
		{35B4BB5B-2202-436E-9AFE-00997CA2CC65}.Ad-Hoc|ARM.ActiveCfg = Release|Any CPU
		{35B4BB5B-2202-436E-9AFE-00997CA2CC65}.Ad-Hoc|ARM.Build.0 = Release|Any CPU
		{35B4BB5B-2202-436E-9AFE-00997CA2CC65}.Ad-Hoc|iPhone.ActiveCfg = Debug|Any CPU
		{35B4BB5B-2202-436E-9AFE-00997CA2CC65}.Ad-Hoc|iPhone.Build.0 = Debug|Any CPU
		{35B4BB5B-2202-436E-9AFE-00997CA2CC65}.Ad-Hoc|iPhoneSimulator.ActiveCfg = Debug|Any CPU
		{35B4BB5B-2202-436E-9AFE-00997CA2CC65}.Ad-Hoc|iPhoneSimulator.Build.0 = Debug|Any CPU
		{35B4BB5B-2202-436E-9AFE-00997CA2CC65}.Ad-Hoc|x64.ActiveCfg = Release|Any CPU
		{35B4BB5B-2202-436E-9AFE-00997CA2CC65}.Ad-Hoc|x64.Build.0 = Release|Any CPU
		{35B4BB5B-2202-436E-9AFE-00997CA2CC65}.Ad-Hoc|x86.ActiveCfg = Release|Any CPU
		{35B4BB5B-2202-436E-9AFE-00997CA2CC65}.Ad-Hoc|x86.Build.0 = Release|Any CPU
		{35B4BB5B-2202-436E-9AFE-00997CA2CC65}.AppStore|Any CPU.ActiveCfg = Debug|Any CPU
		{35B4BB5B-2202-436E-9AFE-00997CA2CC65}.AppStore|Any CPU.Build.0 = Debug|Any CPU
		{35B4BB5B-2202-436E-9AFE-00997CA2CC65}.AppStore|ARM.ActiveCfg = Release|Any CPU
		{35B4BB5B-2202-436E-9AFE-00997CA2CC65}.AppStore|ARM.Build.0 = Release|Any CPU
		{35B4BB5B-2202-436E-9AFE-00997CA2CC65}.AppStore|iPhone.ActiveCfg = Debug|Any CPU
		{35B4BB5B-2202-436E-9AFE-00997CA2CC65}.AppStore|iPhone.Build.0 = Debug|Any CPU
		{35B4BB5B-2202-436E-9AFE-00997CA2CC65}.AppStore|iPhoneSimulator.ActiveCfg = Debug|Any CPU
		{35B4BB5B-2202-436E-9AFE-00997CA2CC65}.AppStore|iPhoneSimulator.Build.0 = Debug|Any CPU
		{35B4BB5B-2202-436E-9AFE-00997CA2CC65}.AppStore|x64.ActiveCfg = Release|Any CPU
		{35B4BB5B-2202-436E-9AFE-00997CA2CC65}.AppStore|x64.Build.0 = Release|Any CPU
		{35B4BB5B-2202-436E-9AFE-00997CA2CC65}.AppStore|x86.ActiveCfg = Release|Any CPU
		{35B4BB5B-2202-436E-9AFE-00997CA2CC65}.AppStore|x86.Build.0 = Release|Any CPU
		{35B4BB5B-2202-436E-9AFE-00997CA2CC65}.Debug|Any CPU.ActiveCfg = Debug|Any CPU
		{35B4BB5B-2202-436E-9AFE-00997CA2CC65}.Debug|Any CPU.Build.0 = Debug|Any CPU
		{35B4BB5B-2202-436E-9AFE-00997CA2CC65}.Debug|ARM.ActiveCfg = Debug|Any CPU
		{35B4BB5B-2202-436E-9AFE-00997CA2CC65}.Debug|ARM.Build.0 = Debug|Any CPU
		{35B4BB5B-2202-436E-9AFE-00997CA2CC65}.Debug|iPhone.ActiveCfg = Debug|Any CPU
		{35B4BB5B-2202-436E-9AFE-00997CA2CC65}.Debug|iPhone.Build.0 = Debug|Any CPU
		{35B4BB5B-2202-436E-9AFE-00997CA2CC65}.Debug|iPhoneSimulator.ActiveCfg = Debug|Any CPU
		{35B4BB5B-2202-436E-9AFE-00997CA2CC65}.Debug|iPhoneSimulator.Build.0 = Debug|Any CPU
		{35B4BB5B-2202-436E-9AFE-00997CA2CC65}.Debug|x64.ActiveCfg = Debug|Any CPU
		{35B4BB5B-2202-436E-9AFE-00997CA2CC65}.Debug|x64.Build.0 = Debug|Any CPU
		{35B4BB5B-2202-436E-9AFE-00997CA2CC65}.Debug|x86.ActiveCfg = Debug|Any CPU
		{35B4BB5B-2202-436E-9AFE-00997CA2CC65}.Debug|x86.Build.0 = Debug|Any CPU
		{35B4BB5B-2202-436E-9AFE-00997CA2CC65}.Release|Any CPU.ActiveCfg = Release|Any CPU
		{35B4BB5B-2202-436E-9AFE-00997CA2CC65}.Release|Any CPU.Build.0 = Release|Any CPU
		{35B4BB5B-2202-436E-9AFE-00997CA2CC65}.Release|ARM.ActiveCfg = Release|Any CPU
		{35B4BB5B-2202-436E-9AFE-00997CA2CC65}.Release|ARM.Build.0 = Release|Any CPU
		{35B4BB5B-2202-436E-9AFE-00997CA2CC65}.Release|iPhone.ActiveCfg = Release|Any CPU
		{35B4BB5B-2202-436E-9AFE-00997CA2CC65}.Release|iPhone.Build.0 = Release|Any CPU
		{35B4BB5B-2202-436E-9AFE-00997CA2CC65}.Release|iPhoneSimulator.ActiveCfg = Release|Any CPU
		{35B4BB5B-2202-436E-9AFE-00997CA2CC65}.Release|iPhoneSimulator.Build.0 = Release|Any CPU
		{35B4BB5B-2202-436E-9AFE-00997CA2CC65}.Release|x64.ActiveCfg = Release|Any CPU
		{35B4BB5B-2202-436E-9AFE-00997CA2CC65}.Release|x64.Build.0 = Release|Any CPU
		{35B4BB5B-2202-436E-9AFE-00997CA2CC65}.Release|x86.ActiveCfg = Release|Any CPU
		{35B4BB5B-2202-436E-9AFE-00997CA2CC65}.Release|x86.Build.0 = Release|Any CPU
		{65016A61-2125-4E0C-90E8-A915230C7826}.Ad-Hoc|Any CPU.ActiveCfg = Debug|Any CPU
		{65016A61-2125-4E0C-90E8-A915230C7826}.Ad-Hoc|Any CPU.Build.0 = Debug|Any CPU
		{65016A61-2125-4E0C-90E8-A915230C7826}.Ad-Hoc|ARM.ActiveCfg = Debug|Any CPU
		{65016A61-2125-4E0C-90E8-A915230C7826}.Ad-Hoc|ARM.Build.0 = Debug|Any CPU
		{65016A61-2125-4E0C-90E8-A915230C7826}.Ad-Hoc|iPhone.ActiveCfg = Debug|Any CPU
		{65016A61-2125-4E0C-90E8-A915230C7826}.Ad-Hoc|iPhone.Build.0 = Debug|Any CPU
		{65016A61-2125-4E0C-90E8-A915230C7826}.Ad-Hoc|iPhoneSimulator.ActiveCfg = Debug|Any CPU
		{65016A61-2125-4E0C-90E8-A915230C7826}.Ad-Hoc|iPhoneSimulator.Build.0 = Debug|Any CPU
		{65016A61-2125-4E0C-90E8-A915230C7826}.Ad-Hoc|x64.ActiveCfg = Debug|Any CPU
		{65016A61-2125-4E0C-90E8-A915230C7826}.Ad-Hoc|x64.Build.0 = Debug|Any CPU
		{65016A61-2125-4E0C-90E8-A915230C7826}.Ad-Hoc|x86.ActiveCfg = Debug|Any CPU
		{65016A61-2125-4E0C-90E8-A915230C7826}.Ad-Hoc|x86.Build.0 = Debug|Any CPU
		{65016A61-2125-4E0C-90E8-A915230C7826}.AppStore|Any CPU.ActiveCfg = Debug|Any CPU
		{65016A61-2125-4E0C-90E8-A915230C7826}.AppStore|Any CPU.Build.0 = Debug|Any CPU
		{65016A61-2125-4E0C-90E8-A915230C7826}.AppStore|ARM.ActiveCfg = Debug|Any CPU
		{65016A61-2125-4E0C-90E8-A915230C7826}.AppStore|ARM.Build.0 = Debug|Any CPU
		{65016A61-2125-4E0C-90E8-A915230C7826}.AppStore|iPhone.ActiveCfg = Debug|Any CPU
		{65016A61-2125-4E0C-90E8-A915230C7826}.AppStore|iPhone.Build.0 = Debug|Any CPU
		{65016A61-2125-4E0C-90E8-A915230C7826}.AppStore|iPhoneSimulator.ActiveCfg = Debug|Any CPU
		{65016A61-2125-4E0C-90E8-A915230C7826}.AppStore|iPhoneSimulator.Build.0 = Debug|Any CPU
		{65016A61-2125-4E0C-90E8-A915230C7826}.AppStore|x64.ActiveCfg = Debug|Any CPU
		{65016A61-2125-4E0C-90E8-A915230C7826}.AppStore|x64.Build.0 = Debug|Any CPU
		{65016A61-2125-4E0C-90E8-A915230C7826}.AppStore|x86.ActiveCfg = Debug|Any CPU
		{65016A61-2125-4E0C-90E8-A915230C7826}.AppStore|x86.Build.0 = Debug|Any CPU
		{65016A61-2125-4E0C-90E8-A915230C7826}.Debug|Any CPU.ActiveCfg = Debug|Any CPU
		{65016A61-2125-4E0C-90E8-A915230C7826}.Debug|Any CPU.Build.0 = Debug|Any CPU
		{65016A61-2125-4E0C-90E8-A915230C7826}.Debug|ARM.ActiveCfg = Debug|Any CPU
		{65016A61-2125-4E0C-90E8-A915230C7826}.Debug|ARM.Build.0 = Debug|Any CPU
		{65016A61-2125-4E0C-90E8-A915230C7826}.Debug|iPhone.ActiveCfg = Debug|Any CPU
		{65016A61-2125-4E0C-90E8-A915230C7826}.Debug|iPhone.Build.0 = Debug|Any CPU
		{65016A61-2125-4E0C-90E8-A915230C7826}.Debug|iPhoneSimulator.ActiveCfg = Debug|Any CPU
		{65016A61-2125-4E0C-90E8-A915230C7826}.Debug|iPhoneSimulator.Build.0 = Debug|Any CPU
		{65016A61-2125-4E0C-90E8-A915230C7826}.Debug|x64.ActiveCfg = Debug|Any CPU
		{65016A61-2125-4E0C-90E8-A915230C7826}.Debug|x64.Build.0 = Debug|Any CPU
		{65016A61-2125-4E0C-90E8-A915230C7826}.Debug|x86.ActiveCfg = Debug|Any CPU
		{65016A61-2125-4E0C-90E8-A915230C7826}.Debug|x86.Build.0 = Debug|Any CPU
		{65016A61-2125-4E0C-90E8-A915230C7826}.Release|Any CPU.ActiveCfg = Release|Any CPU
		{65016A61-2125-4E0C-90E8-A915230C7826}.Release|Any CPU.Build.0 = Release|Any CPU
		{65016A61-2125-4E0C-90E8-A915230C7826}.Release|ARM.ActiveCfg = Release|Any CPU
		{65016A61-2125-4E0C-90E8-A915230C7826}.Release|ARM.Build.0 = Release|Any CPU
		{65016A61-2125-4E0C-90E8-A915230C7826}.Release|iPhone.ActiveCfg = Release|Any CPU
		{65016A61-2125-4E0C-90E8-A915230C7826}.Release|iPhone.Build.0 = Release|Any CPU
		{65016A61-2125-4E0C-90E8-A915230C7826}.Release|iPhoneSimulator.ActiveCfg = Release|Any CPU
		{65016A61-2125-4E0C-90E8-A915230C7826}.Release|iPhoneSimulator.Build.0 = Release|Any CPU
		{65016A61-2125-4E0C-90E8-A915230C7826}.Release|x64.ActiveCfg = Release|Any CPU
		{65016A61-2125-4E0C-90E8-A915230C7826}.Release|x64.Build.0 = Release|Any CPU
		{65016A61-2125-4E0C-90E8-A915230C7826}.Release|x86.ActiveCfg = Release|Any CPU
		{65016A61-2125-4E0C-90E8-A915230C7826}.Release|x86.Build.0 = Release|Any CPU
		{C60126CE-A71D-4D11-A4A8-A45B67312E98}.Ad-Hoc|Any CPU.ActiveCfg = Debug|Any CPU
		{C60126CE-A71D-4D11-A4A8-A45B67312E98}.Ad-Hoc|Any CPU.Build.0 = Debug|Any CPU
		{C60126CE-A71D-4D11-A4A8-A45B67312E98}.Ad-Hoc|ARM.ActiveCfg = Debug|Any CPU
		{C60126CE-A71D-4D11-A4A8-A45B67312E98}.Ad-Hoc|ARM.Build.0 = Debug|Any CPU
		{C60126CE-A71D-4D11-A4A8-A45B67312E98}.Ad-Hoc|iPhone.ActiveCfg = Debug|Any CPU
		{C60126CE-A71D-4D11-A4A8-A45B67312E98}.Ad-Hoc|iPhone.Build.0 = Debug|Any CPU
		{C60126CE-A71D-4D11-A4A8-A45B67312E98}.Ad-Hoc|iPhoneSimulator.ActiveCfg = Debug|Any CPU
		{C60126CE-A71D-4D11-A4A8-A45B67312E98}.Ad-Hoc|iPhoneSimulator.Build.0 = Debug|Any CPU
		{C60126CE-A71D-4D11-A4A8-A45B67312E98}.Ad-Hoc|x64.ActiveCfg = Debug|Any CPU
		{C60126CE-A71D-4D11-A4A8-A45B67312E98}.Ad-Hoc|x64.Build.0 = Debug|Any CPU
		{C60126CE-A71D-4D11-A4A8-A45B67312E98}.Ad-Hoc|x86.ActiveCfg = Debug|Any CPU
		{C60126CE-A71D-4D11-A4A8-A45B67312E98}.Ad-Hoc|x86.Build.0 = Debug|Any CPU
		{C60126CE-A71D-4D11-A4A8-A45B67312E98}.AppStore|Any CPU.ActiveCfg = Debug|Any CPU
		{C60126CE-A71D-4D11-A4A8-A45B67312E98}.AppStore|Any CPU.Build.0 = Debug|Any CPU
		{C60126CE-A71D-4D11-A4A8-A45B67312E98}.AppStore|ARM.ActiveCfg = Debug|Any CPU
		{C60126CE-A71D-4D11-A4A8-A45B67312E98}.AppStore|ARM.Build.0 = Debug|Any CPU
		{C60126CE-A71D-4D11-A4A8-A45B67312E98}.AppStore|iPhone.ActiveCfg = Debug|Any CPU
		{C60126CE-A71D-4D11-A4A8-A45B67312E98}.AppStore|iPhone.Build.0 = Debug|Any CPU
		{C60126CE-A71D-4D11-A4A8-A45B67312E98}.AppStore|iPhoneSimulator.ActiveCfg = Debug|Any CPU
		{C60126CE-A71D-4D11-A4A8-A45B67312E98}.AppStore|iPhoneSimulator.Build.0 = Debug|Any CPU
		{C60126CE-A71D-4D11-A4A8-A45B67312E98}.AppStore|x64.ActiveCfg = Debug|Any CPU
		{C60126CE-A71D-4D11-A4A8-A45B67312E98}.AppStore|x64.Build.0 = Debug|Any CPU
		{C60126CE-A71D-4D11-A4A8-A45B67312E98}.AppStore|x86.ActiveCfg = Debug|Any CPU
		{C60126CE-A71D-4D11-A4A8-A45B67312E98}.AppStore|x86.Build.0 = Debug|Any CPU
		{C60126CE-A71D-4D11-A4A8-A45B67312E98}.Debug|Any CPU.ActiveCfg = Debug|Any CPU
		{C60126CE-A71D-4D11-A4A8-A45B67312E98}.Debug|Any CPU.Build.0 = Debug|Any CPU
		{C60126CE-A71D-4D11-A4A8-A45B67312E98}.Debug|ARM.ActiveCfg = Debug|Any CPU
		{C60126CE-A71D-4D11-A4A8-A45B67312E98}.Debug|ARM.Build.0 = Debug|Any CPU
		{C60126CE-A71D-4D11-A4A8-A45B67312E98}.Debug|iPhone.ActiveCfg = Debug|Any CPU
		{C60126CE-A71D-4D11-A4A8-A45B67312E98}.Debug|iPhone.Build.0 = Debug|Any CPU
		{C60126CE-A71D-4D11-A4A8-A45B67312E98}.Debug|iPhoneSimulator.ActiveCfg = Debug|Any CPU
		{C60126CE-A71D-4D11-A4A8-A45B67312E98}.Debug|iPhoneSimulator.Build.0 = Debug|Any CPU
		{C60126CE-A71D-4D11-A4A8-A45B67312E98}.Debug|x64.ActiveCfg = Debug|Any CPU
		{C60126CE-A71D-4D11-A4A8-A45B67312E98}.Debug|x64.Build.0 = Debug|Any CPU
		{C60126CE-A71D-4D11-A4A8-A45B67312E98}.Debug|x86.ActiveCfg = Debug|Any CPU
		{C60126CE-A71D-4D11-A4A8-A45B67312E98}.Debug|x86.Build.0 = Debug|Any CPU
		{C60126CE-A71D-4D11-A4A8-A45B67312E98}.Release|Any CPU.ActiveCfg = Release|Any CPU
		{C60126CE-A71D-4D11-A4A8-A45B67312E98}.Release|Any CPU.Build.0 = Release|Any CPU
		{C60126CE-A71D-4D11-A4A8-A45B67312E98}.Release|ARM.ActiveCfg = Release|Any CPU
		{C60126CE-A71D-4D11-A4A8-A45B67312E98}.Release|ARM.Build.0 = Release|Any CPU
		{C60126CE-A71D-4D11-A4A8-A45B67312E98}.Release|iPhone.ActiveCfg = Release|Any CPU
		{C60126CE-A71D-4D11-A4A8-A45B67312E98}.Release|iPhone.Build.0 = Release|Any CPU
		{C60126CE-A71D-4D11-A4A8-A45B67312E98}.Release|iPhoneSimulator.ActiveCfg = Release|Any CPU
		{C60126CE-A71D-4D11-A4A8-A45B67312E98}.Release|iPhoneSimulator.Build.0 = Release|Any CPU
		{C60126CE-A71D-4D11-A4A8-A45B67312E98}.Release|x64.ActiveCfg = Release|Any CPU
		{C60126CE-A71D-4D11-A4A8-A45B67312E98}.Release|x64.Build.0 = Release|Any CPU
		{C60126CE-A71D-4D11-A4A8-A45B67312E98}.Release|x86.ActiveCfg = Release|Any CPU
		{C60126CE-A71D-4D11-A4A8-A45B67312E98}.Release|x86.Build.0 = Release|Any CPU
		{65492AC6-8B98-42FF-AAA1-1DBDC050A25F}.Ad-Hoc|Any CPU.ActiveCfg = Debug|Any CPU
		{65492AC6-8B98-42FF-AAA1-1DBDC050A25F}.Ad-Hoc|Any CPU.Build.0 = Debug|Any CPU
		{65492AC6-8B98-42FF-AAA1-1DBDC050A25F}.Ad-Hoc|ARM.ActiveCfg = Debug|Any CPU
		{65492AC6-8B98-42FF-AAA1-1DBDC050A25F}.Ad-Hoc|ARM.Build.0 = Debug|Any CPU
		{65492AC6-8B98-42FF-AAA1-1DBDC050A25F}.Ad-Hoc|iPhone.ActiveCfg = Debug|Any CPU
		{65492AC6-8B98-42FF-AAA1-1DBDC050A25F}.Ad-Hoc|iPhone.Build.0 = Debug|Any CPU
		{65492AC6-8B98-42FF-AAA1-1DBDC050A25F}.Ad-Hoc|iPhoneSimulator.ActiveCfg = Debug|Any CPU
		{65492AC6-8B98-42FF-AAA1-1DBDC050A25F}.Ad-Hoc|iPhoneSimulator.Build.0 = Debug|Any CPU
		{65492AC6-8B98-42FF-AAA1-1DBDC050A25F}.Ad-Hoc|x64.ActiveCfg = Debug|Any CPU
		{65492AC6-8B98-42FF-AAA1-1DBDC050A25F}.Ad-Hoc|x64.Build.0 = Debug|Any CPU
		{65492AC6-8B98-42FF-AAA1-1DBDC050A25F}.Ad-Hoc|x86.ActiveCfg = Debug|Any CPU
		{65492AC6-8B98-42FF-AAA1-1DBDC050A25F}.Ad-Hoc|x86.Build.0 = Debug|Any CPU
		{65492AC6-8B98-42FF-AAA1-1DBDC050A25F}.AppStore|Any CPU.ActiveCfg = Debug|Any CPU
		{65492AC6-8B98-42FF-AAA1-1DBDC050A25F}.AppStore|Any CPU.Build.0 = Debug|Any CPU
		{65492AC6-8B98-42FF-AAA1-1DBDC050A25F}.AppStore|ARM.ActiveCfg = Debug|Any CPU
		{65492AC6-8B98-42FF-AAA1-1DBDC050A25F}.AppStore|ARM.Build.0 = Debug|Any CPU
		{65492AC6-8B98-42FF-AAA1-1DBDC050A25F}.AppStore|iPhone.ActiveCfg = Debug|Any CPU
		{65492AC6-8B98-42FF-AAA1-1DBDC050A25F}.AppStore|iPhone.Build.0 = Debug|Any CPU
		{65492AC6-8B98-42FF-AAA1-1DBDC050A25F}.AppStore|iPhoneSimulator.ActiveCfg = Debug|Any CPU
		{65492AC6-8B98-42FF-AAA1-1DBDC050A25F}.AppStore|iPhoneSimulator.Build.0 = Debug|Any CPU
		{65492AC6-8B98-42FF-AAA1-1DBDC050A25F}.AppStore|x64.ActiveCfg = Debug|Any CPU
		{65492AC6-8B98-42FF-AAA1-1DBDC050A25F}.AppStore|x64.Build.0 = Debug|Any CPU
		{65492AC6-8B98-42FF-AAA1-1DBDC050A25F}.AppStore|x86.ActiveCfg = Debug|Any CPU
		{65492AC6-8B98-42FF-AAA1-1DBDC050A25F}.AppStore|x86.Build.0 = Debug|Any CPU
		{65492AC6-8B98-42FF-AAA1-1DBDC050A25F}.Debug|Any CPU.ActiveCfg = Debug|Any CPU
		{65492AC6-8B98-42FF-AAA1-1DBDC050A25F}.Debug|Any CPU.Build.0 = Debug|Any CPU
		{65492AC6-8B98-42FF-AAA1-1DBDC050A25F}.Debug|ARM.ActiveCfg = Debug|Any CPU
		{65492AC6-8B98-42FF-AAA1-1DBDC050A25F}.Debug|ARM.Build.0 = Debug|Any CPU
		{65492AC6-8B98-42FF-AAA1-1DBDC050A25F}.Debug|iPhone.ActiveCfg = Debug|Any CPU
		{65492AC6-8B98-42FF-AAA1-1DBDC050A25F}.Debug|iPhone.Build.0 = Debug|Any CPU
		{65492AC6-8B98-42FF-AAA1-1DBDC050A25F}.Debug|iPhoneSimulator.ActiveCfg = Debug|Any CPU
		{65492AC6-8B98-42FF-AAA1-1DBDC050A25F}.Debug|iPhoneSimulator.Build.0 = Debug|Any CPU
		{65492AC6-8B98-42FF-AAA1-1DBDC050A25F}.Debug|x64.ActiveCfg = Debug|Any CPU
		{65492AC6-8B98-42FF-AAA1-1DBDC050A25F}.Debug|x64.Build.0 = Debug|Any CPU
		{65492AC6-8B98-42FF-AAA1-1DBDC050A25F}.Debug|x86.ActiveCfg = Debug|Any CPU
		{65492AC6-8B98-42FF-AAA1-1DBDC050A25F}.Debug|x86.Build.0 = Debug|Any CPU
		{65492AC6-8B98-42FF-AAA1-1DBDC050A25F}.Release|Any CPU.ActiveCfg = Release|Any CPU
		{65492AC6-8B98-42FF-AAA1-1DBDC050A25F}.Release|Any CPU.Build.0 = Release|Any CPU
		{65492AC6-8B98-42FF-AAA1-1DBDC050A25F}.Release|ARM.ActiveCfg = Release|Any CPU
		{65492AC6-8B98-42FF-AAA1-1DBDC050A25F}.Release|ARM.Build.0 = Release|Any CPU
		{65492AC6-8B98-42FF-AAA1-1DBDC050A25F}.Release|iPhone.ActiveCfg = Release|Any CPU
		{65492AC6-8B98-42FF-AAA1-1DBDC050A25F}.Release|iPhone.Build.0 = Release|Any CPU
		{65492AC6-8B98-42FF-AAA1-1DBDC050A25F}.Release|iPhoneSimulator.ActiveCfg = Release|Any CPU
		{65492AC6-8B98-42FF-AAA1-1DBDC050A25F}.Release|iPhoneSimulator.Build.0 = Release|Any CPU
		{65492AC6-8B98-42FF-AAA1-1DBDC050A25F}.Release|x64.ActiveCfg = Release|Any CPU
		{65492AC6-8B98-42FF-AAA1-1DBDC050A25F}.Release|x64.Build.0 = Release|Any CPU
		{65492AC6-8B98-42FF-AAA1-1DBDC050A25F}.Release|x86.ActiveCfg = Release|Any CPU
		{65492AC6-8B98-42FF-AAA1-1DBDC050A25F}.Release|x86.Build.0 = Release|Any CPU
		{56166C6C-B3B4-4BAE-823E-B3D24C080394}.Ad-Hoc|Any CPU.ActiveCfg = Debug|Any CPU
		{56166C6C-B3B4-4BAE-823E-B3D24C080394}.Ad-Hoc|Any CPU.Build.0 = Debug|Any CPU
		{56166C6C-B3B4-4BAE-823E-B3D24C080394}.Ad-Hoc|ARM.ActiveCfg = Debug|Any CPU
		{56166C6C-B3B4-4BAE-823E-B3D24C080394}.Ad-Hoc|ARM.Build.0 = Debug|Any CPU
		{56166C6C-B3B4-4BAE-823E-B3D24C080394}.Ad-Hoc|iPhone.ActiveCfg = Debug|Any CPU
		{56166C6C-B3B4-4BAE-823E-B3D24C080394}.Ad-Hoc|iPhone.Build.0 = Debug|Any CPU
		{56166C6C-B3B4-4BAE-823E-B3D24C080394}.Ad-Hoc|iPhoneSimulator.ActiveCfg = Debug|Any CPU
		{56166C6C-B3B4-4BAE-823E-B3D24C080394}.Ad-Hoc|iPhoneSimulator.Build.0 = Debug|Any CPU
		{56166C6C-B3B4-4BAE-823E-B3D24C080394}.Ad-Hoc|x64.ActiveCfg = Debug|Any CPU
		{56166C6C-B3B4-4BAE-823E-B3D24C080394}.Ad-Hoc|x64.Build.0 = Debug|Any CPU
		{56166C6C-B3B4-4BAE-823E-B3D24C080394}.Ad-Hoc|x86.ActiveCfg = Debug|Any CPU
		{56166C6C-B3B4-4BAE-823E-B3D24C080394}.Ad-Hoc|x86.Build.0 = Debug|Any CPU
		{56166C6C-B3B4-4BAE-823E-B3D24C080394}.AppStore|Any CPU.ActiveCfg = Debug|Any CPU
		{56166C6C-B3B4-4BAE-823E-B3D24C080394}.AppStore|Any CPU.Build.0 = Debug|Any CPU
		{56166C6C-B3B4-4BAE-823E-B3D24C080394}.AppStore|ARM.ActiveCfg = Debug|Any CPU
		{56166C6C-B3B4-4BAE-823E-B3D24C080394}.AppStore|ARM.Build.0 = Debug|Any CPU
		{56166C6C-B3B4-4BAE-823E-B3D24C080394}.AppStore|iPhone.ActiveCfg = Debug|Any CPU
		{56166C6C-B3B4-4BAE-823E-B3D24C080394}.AppStore|iPhone.Build.0 = Debug|Any CPU
		{56166C6C-B3B4-4BAE-823E-B3D24C080394}.AppStore|iPhoneSimulator.ActiveCfg = Debug|Any CPU
		{56166C6C-B3B4-4BAE-823E-B3D24C080394}.AppStore|iPhoneSimulator.Build.0 = Debug|Any CPU
		{56166C6C-B3B4-4BAE-823E-B3D24C080394}.AppStore|x64.ActiveCfg = Debug|Any CPU
		{56166C6C-B3B4-4BAE-823E-B3D24C080394}.AppStore|x64.Build.0 = Debug|Any CPU
		{56166C6C-B3B4-4BAE-823E-B3D24C080394}.AppStore|x86.ActiveCfg = Debug|Any CPU
		{56166C6C-B3B4-4BAE-823E-B3D24C080394}.AppStore|x86.Build.0 = Debug|Any CPU
		{56166C6C-B3B4-4BAE-823E-B3D24C080394}.Debug|Any CPU.ActiveCfg = Debug|Any CPU
		{56166C6C-B3B4-4BAE-823E-B3D24C080394}.Debug|Any CPU.Build.0 = Debug|Any CPU
		{56166C6C-B3B4-4BAE-823E-B3D24C080394}.Debug|ARM.ActiveCfg = Debug|Any CPU
		{56166C6C-B3B4-4BAE-823E-B3D24C080394}.Debug|ARM.Build.0 = Debug|Any CPU
		{56166C6C-B3B4-4BAE-823E-B3D24C080394}.Debug|iPhone.ActiveCfg = Debug|Any CPU
		{56166C6C-B3B4-4BAE-823E-B3D24C080394}.Debug|iPhone.Build.0 = Debug|Any CPU
		{56166C6C-B3B4-4BAE-823E-B3D24C080394}.Debug|iPhoneSimulator.ActiveCfg = Debug|Any CPU
		{56166C6C-B3B4-4BAE-823E-B3D24C080394}.Debug|iPhoneSimulator.Build.0 = Debug|Any CPU
		{56166C6C-B3B4-4BAE-823E-B3D24C080394}.Debug|x64.ActiveCfg = Debug|Any CPU
		{56166C6C-B3B4-4BAE-823E-B3D24C080394}.Debug|x64.Build.0 = Debug|Any CPU
		{56166C6C-B3B4-4BAE-823E-B3D24C080394}.Debug|x86.ActiveCfg = Debug|Any CPU
		{56166C6C-B3B4-4BAE-823E-B3D24C080394}.Debug|x86.Build.0 = Debug|Any CPU
		{56166C6C-B3B4-4BAE-823E-B3D24C080394}.Release|Any CPU.ActiveCfg = Release|Any CPU
		{56166C6C-B3B4-4BAE-823E-B3D24C080394}.Release|Any CPU.Build.0 = Release|Any CPU
		{56166C6C-B3B4-4BAE-823E-B3D24C080394}.Release|ARM.ActiveCfg = Release|Any CPU
		{56166C6C-B3B4-4BAE-823E-B3D24C080394}.Release|ARM.Build.0 = Release|Any CPU
		{56166C6C-B3B4-4BAE-823E-B3D24C080394}.Release|iPhone.ActiveCfg = Release|Any CPU
		{56166C6C-B3B4-4BAE-823E-B3D24C080394}.Release|iPhone.Build.0 = Release|Any CPU
		{56166C6C-B3B4-4BAE-823E-B3D24C080394}.Release|iPhoneSimulator.ActiveCfg = Release|Any CPU
		{56166C6C-B3B4-4BAE-823E-B3D24C080394}.Release|iPhoneSimulator.Build.0 = Release|Any CPU
		{56166C6C-B3B4-4BAE-823E-B3D24C080394}.Release|x64.ActiveCfg = Release|Any CPU
		{56166C6C-B3B4-4BAE-823E-B3D24C080394}.Release|x64.Build.0 = Release|Any CPU
		{56166C6C-B3B4-4BAE-823E-B3D24C080394}.Release|x86.ActiveCfg = Release|Any CPU
		{56166C6C-B3B4-4BAE-823E-B3D24C080394}.Release|x86.Build.0 = Release|Any CPU
		{4E728BD1-65C2-4D1C-8147-1C7457565B6E}.Ad-Hoc|Any CPU.ActiveCfg = Debug|Any CPU
		{4E728BD1-65C2-4D1C-8147-1C7457565B6E}.Ad-Hoc|Any CPU.Build.0 = Debug|Any CPU
		{4E728BD1-65C2-4D1C-8147-1C7457565B6E}.Ad-Hoc|ARM.ActiveCfg = Debug|Any CPU
		{4E728BD1-65C2-4D1C-8147-1C7457565B6E}.Ad-Hoc|ARM.Build.0 = Debug|Any CPU
		{4E728BD1-65C2-4D1C-8147-1C7457565B6E}.Ad-Hoc|iPhone.ActiveCfg = Debug|Any CPU
		{4E728BD1-65C2-4D1C-8147-1C7457565B6E}.Ad-Hoc|iPhone.Build.0 = Debug|Any CPU
		{4E728BD1-65C2-4D1C-8147-1C7457565B6E}.Ad-Hoc|iPhoneSimulator.ActiveCfg = Debug|Any CPU
		{4E728BD1-65C2-4D1C-8147-1C7457565B6E}.Ad-Hoc|iPhoneSimulator.Build.0 = Debug|Any CPU
		{4E728BD1-65C2-4D1C-8147-1C7457565B6E}.Ad-Hoc|x64.ActiveCfg = Debug|Any CPU
		{4E728BD1-65C2-4D1C-8147-1C7457565B6E}.Ad-Hoc|x64.Build.0 = Debug|Any CPU
		{4E728BD1-65C2-4D1C-8147-1C7457565B6E}.Ad-Hoc|x86.ActiveCfg = Debug|Any CPU
		{4E728BD1-65C2-4D1C-8147-1C7457565B6E}.Ad-Hoc|x86.Build.0 = Debug|Any CPU
		{4E728BD1-65C2-4D1C-8147-1C7457565B6E}.AppStore|Any CPU.ActiveCfg = Debug|Any CPU
		{4E728BD1-65C2-4D1C-8147-1C7457565B6E}.AppStore|Any CPU.Build.0 = Debug|Any CPU
		{4E728BD1-65C2-4D1C-8147-1C7457565B6E}.AppStore|ARM.ActiveCfg = Debug|Any CPU
		{4E728BD1-65C2-4D1C-8147-1C7457565B6E}.AppStore|ARM.Build.0 = Debug|Any CPU
		{4E728BD1-65C2-4D1C-8147-1C7457565B6E}.AppStore|iPhone.ActiveCfg = Debug|Any CPU
		{4E728BD1-65C2-4D1C-8147-1C7457565B6E}.AppStore|iPhone.Build.0 = Debug|Any CPU
		{4E728BD1-65C2-4D1C-8147-1C7457565B6E}.AppStore|iPhoneSimulator.ActiveCfg = Debug|Any CPU
		{4E728BD1-65C2-4D1C-8147-1C7457565B6E}.AppStore|iPhoneSimulator.Build.0 = Debug|Any CPU
		{4E728BD1-65C2-4D1C-8147-1C7457565B6E}.AppStore|x64.ActiveCfg = Debug|Any CPU
		{4E728BD1-65C2-4D1C-8147-1C7457565B6E}.AppStore|x64.Build.0 = Debug|Any CPU
		{4E728BD1-65C2-4D1C-8147-1C7457565B6E}.AppStore|x86.ActiveCfg = Debug|Any CPU
		{4E728BD1-65C2-4D1C-8147-1C7457565B6E}.AppStore|x86.Build.0 = Debug|Any CPU
		{4E728BD1-65C2-4D1C-8147-1C7457565B6E}.Debug|Any CPU.ActiveCfg = Debug|Any CPU
		{4E728BD1-65C2-4D1C-8147-1C7457565B6E}.Debug|Any CPU.Build.0 = Debug|Any CPU
		{4E728BD1-65C2-4D1C-8147-1C7457565B6E}.Debug|ARM.ActiveCfg = Debug|Any CPU
		{4E728BD1-65C2-4D1C-8147-1C7457565B6E}.Debug|ARM.Build.0 = Debug|Any CPU
		{4E728BD1-65C2-4D1C-8147-1C7457565B6E}.Debug|iPhone.ActiveCfg = Debug|Any CPU
		{4E728BD1-65C2-4D1C-8147-1C7457565B6E}.Debug|iPhone.Build.0 = Debug|Any CPU
		{4E728BD1-65C2-4D1C-8147-1C7457565B6E}.Debug|iPhoneSimulator.ActiveCfg = Debug|Any CPU
		{4E728BD1-65C2-4D1C-8147-1C7457565B6E}.Debug|iPhoneSimulator.Build.0 = Debug|Any CPU
		{4E728BD1-65C2-4D1C-8147-1C7457565B6E}.Debug|x64.ActiveCfg = Debug|Any CPU
		{4E728BD1-65C2-4D1C-8147-1C7457565B6E}.Debug|x64.Build.0 = Debug|Any CPU
		{4E728BD1-65C2-4D1C-8147-1C7457565B6E}.Debug|x86.ActiveCfg = Debug|Any CPU
		{4E728BD1-65C2-4D1C-8147-1C7457565B6E}.Debug|x86.Build.0 = Debug|Any CPU
		{4E728BD1-65C2-4D1C-8147-1C7457565B6E}.Release|Any CPU.ActiveCfg = Release|Any CPU
		{4E728BD1-65C2-4D1C-8147-1C7457565B6E}.Release|Any CPU.Build.0 = Release|Any CPU
		{4E728BD1-65C2-4D1C-8147-1C7457565B6E}.Release|ARM.ActiveCfg = Release|Any CPU
		{4E728BD1-65C2-4D1C-8147-1C7457565B6E}.Release|ARM.Build.0 = Release|Any CPU
		{4E728BD1-65C2-4D1C-8147-1C7457565B6E}.Release|iPhone.ActiveCfg = Release|Any CPU
		{4E728BD1-65C2-4D1C-8147-1C7457565B6E}.Release|iPhone.Build.0 = Release|Any CPU
		{4E728BD1-65C2-4D1C-8147-1C7457565B6E}.Release|iPhoneSimulator.ActiveCfg = Release|Any CPU
		{4E728BD1-65C2-4D1C-8147-1C7457565B6E}.Release|iPhoneSimulator.Build.0 = Release|Any CPU
		{4E728BD1-65C2-4D1C-8147-1C7457565B6E}.Release|x64.ActiveCfg = Release|Any CPU
		{4E728BD1-65C2-4D1C-8147-1C7457565B6E}.Release|x64.Build.0 = Release|Any CPU
		{4E728BD1-65C2-4D1C-8147-1C7457565B6E}.Release|x86.ActiveCfg = Release|Any CPU
		{4E728BD1-65C2-4D1C-8147-1C7457565B6E}.Release|x86.Build.0 = Release|Any CPU
		{14E42639-10E7-44C1-9571-65F0A48A3696}.Ad-Hoc|Any CPU.ActiveCfg = Debug|Any CPU
		{14E42639-10E7-44C1-9571-65F0A48A3696}.Ad-Hoc|Any CPU.Build.0 = Debug|Any CPU
		{14E42639-10E7-44C1-9571-65F0A48A3696}.Ad-Hoc|ARM.ActiveCfg = Debug|Any CPU
		{14E42639-10E7-44C1-9571-65F0A48A3696}.Ad-Hoc|ARM.Build.0 = Debug|Any CPU
		{14E42639-10E7-44C1-9571-65F0A48A3696}.Ad-Hoc|iPhone.ActiveCfg = Debug|Any CPU
		{14E42639-10E7-44C1-9571-65F0A48A3696}.Ad-Hoc|iPhone.Build.0 = Debug|Any CPU
		{14E42639-10E7-44C1-9571-65F0A48A3696}.Ad-Hoc|iPhoneSimulator.ActiveCfg = Debug|Any CPU
		{14E42639-10E7-44C1-9571-65F0A48A3696}.Ad-Hoc|iPhoneSimulator.Build.0 = Debug|Any CPU
		{14E42639-10E7-44C1-9571-65F0A48A3696}.Ad-Hoc|x64.ActiveCfg = Debug|Any CPU
		{14E42639-10E7-44C1-9571-65F0A48A3696}.Ad-Hoc|x64.Build.0 = Debug|Any CPU
		{14E42639-10E7-44C1-9571-65F0A48A3696}.Ad-Hoc|x86.ActiveCfg = Debug|Any CPU
		{14E42639-10E7-44C1-9571-65F0A48A3696}.Ad-Hoc|x86.Build.0 = Debug|Any CPU
		{14E42639-10E7-44C1-9571-65F0A48A3696}.AppStore|Any CPU.ActiveCfg = Debug|Any CPU
		{14E42639-10E7-44C1-9571-65F0A48A3696}.AppStore|Any CPU.Build.0 = Debug|Any CPU
		{14E42639-10E7-44C1-9571-65F0A48A3696}.AppStore|ARM.ActiveCfg = Debug|Any CPU
		{14E42639-10E7-44C1-9571-65F0A48A3696}.AppStore|ARM.Build.0 = Debug|Any CPU
		{14E42639-10E7-44C1-9571-65F0A48A3696}.AppStore|iPhone.ActiveCfg = Debug|Any CPU
		{14E42639-10E7-44C1-9571-65F0A48A3696}.AppStore|iPhone.Build.0 = Debug|Any CPU
		{14E42639-10E7-44C1-9571-65F0A48A3696}.AppStore|iPhoneSimulator.ActiveCfg = Debug|Any CPU
		{14E42639-10E7-44C1-9571-65F0A48A3696}.AppStore|iPhoneSimulator.Build.0 = Debug|Any CPU
		{14E42639-10E7-44C1-9571-65F0A48A3696}.AppStore|x64.ActiveCfg = Debug|Any CPU
		{14E42639-10E7-44C1-9571-65F0A48A3696}.AppStore|x64.Build.0 = Debug|Any CPU
		{14E42639-10E7-44C1-9571-65F0A48A3696}.AppStore|x86.ActiveCfg = Debug|Any CPU
		{14E42639-10E7-44C1-9571-65F0A48A3696}.AppStore|x86.Build.0 = Debug|Any CPU
		{14E42639-10E7-44C1-9571-65F0A48A3696}.Debug|Any CPU.ActiveCfg = Debug|Any CPU
		{14E42639-10E7-44C1-9571-65F0A48A3696}.Debug|Any CPU.Build.0 = Debug|Any CPU
		{14E42639-10E7-44C1-9571-65F0A48A3696}.Debug|ARM.ActiveCfg = Debug|Any CPU
		{14E42639-10E7-44C1-9571-65F0A48A3696}.Debug|ARM.Build.0 = Debug|Any CPU
		{14E42639-10E7-44C1-9571-65F0A48A3696}.Debug|iPhone.ActiveCfg = Debug|Any CPU
		{14E42639-10E7-44C1-9571-65F0A48A3696}.Debug|iPhone.Build.0 = Debug|Any CPU
		{14E42639-10E7-44C1-9571-65F0A48A3696}.Debug|iPhoneSimulator.ActiveCfg = Debug|Any CPU
		{14E42639-10E7-44C1-9571-65F0A48A3696}.Debug|iPhoneSimulator.Build.0 = Debug|Any CPU
		{14E42639-10E7-44C1-9571-65F0A48A3696}.Debug|x64.ActiveCfg = Debug|Any CPU
		{14E42639-10E7-44C1-9571-65F0A48A3696}.Debug|x64.Build.0 = Debug|Any CPU
		{14E42639-10E7-44C1-9571-65F0A48A3696}.Debug|x86.ActiveCfg = Debug|Any CPU
		{14E42639-10E7-44C1-9571-65F0A48A3696}.Debug|x86.Build.0 = Debug|Any CPU
		{14E42639-10E7-44C1-9571-65F0A48A3696}.Release|Any CPU.ActiveCfg = Release|Any CPU
		{14E42639-10E7-44C1-9571-65F0A48A3696}.Release|Any CPU.Build.0 = Release|Any CPU
		{14E42639-10E7-44C1-9571-65F0A48A3696}.Release|ARM.ActiveCfg = Release|Any CPU
		{14E42639-10E7-44C1-9571-65F0A48A3696}.Release|ARM.Build.0 = Release|Any CPU
		{14E42639-10E7-44C1-9571-65F0A48A3696}.Release|iPhone.ActiveCfg = Release|Any CPU
		{14E42639-10E7-44C1-9571-65F0A48A3696}.Release|iPhone.Build.0 = Release|Any CPU
		{14E42639-10E7-44C1-9571-65F0A48A3696}.Release|iPhoneSimulator.ActiveCfg = Release|Any CPU
		{14E42639-10E7-44C1-9571-65F0A48A3696}.Release|iPhoneSimulator.Build.0 = Release|Any CPU
		{14E42639-10E7-44C1-9571-65F0A48A3696}.Release|x64.ActiveCfg = Release|Any CPU
		{14E42639-10E7-44C1-9571-65F0A48A3696}.Release|x64.Build.0 = Release|Any CPU
		{14E42639-10E7-44C1-9571-65F0A48A3696}.Release|x86.ActiveCfg = Release|Any CPU
		{14E42639-10E7-44C1-9571-65F0A48A3696}.Release|x86.Build.0 = Release|Any CPU
		{039990A9-FBF8-421E-A40A-CAE2A34B7240}.Ad-Hoc|Any CPU.ActiveCfg = Debug|Any CPU
		{039990A9-FBF8-421E-A40A-CAE2A34B7240}.Ad-Hoc|Any CPU.Build.0 = Debug|Any CPU
		{039990A9-FBF8-421E-A40A-CAE2A34B7240}.Ad-Hoc|ARM.ActiveCfg = Debug|Any CPU
		{039990A9-FBF8-421E-A40A-CAE2A34B7240}.Ad-Hoc|ARM.Build.0 = Debug|Any CPU
		{039990A9-FBF8-421E-A40A-CAE2A34B7240}.Ad-Hoc|iPhone.ActiveCfg = Debug|Any CPU
		{039990A9-FBF8-421E-A40A-CAE2A34B7240}.Ad-Hoc|iPhone.Build.0 = Debug|Any CPU
		{039990A9-FBF8-421E-A40A-CAE2A34B7240}.Ad-Hoc|iPhoneSimulator.ActiveCfg = Debug|Any CPU
		{039990A9-FBF8-421E-A40A-CAE2A34B7240}.Ad-Hoc|iPhoneSimulator.Build.0 = Debug|Any CPU
		{039990A9-FBF8-421E-A40A-CAE2A34B7240}.Ad-Hoc|x64.ActiveCfg = Debug|Any CPU
		{039990A9-FBF8-421E-A40A-CAE2A34B7240}.Ad-Hoc|x64.Build.0 = Debug|Any CPU
		{039990A9-FBF8-421E-A40A-CAE2A34B7240}.Ad-Hoc|x86.ActiveCfg = Debug|Any CPU
		{039990A9-FBF8-421E-A40A-CAE2A34B7240}.Ad-Hoc|x86.Build.0 = Debug|Any CPU
		{039990A9-FBF8-421E-A40A-CAE2A34B7240}.AppStore|Any CPU.ActiveCfg = Debug|Any CPU
		{039990A9-FBF8-421E-A40A-CAE2A34B7240}.AppStore|Any CPU.Build.0 = Debug|Any CPU
		{039990A9-FBF8-421E-A40A-CAE2A34B7240}.AppStore|ARM.ActiveCfg = Debug|Any CPU
		{039990A9-FBF8-421E-A40A-CAE2A34B7240}.AppStore|ARM.Build.0 = Debug|Any CPU
		{039990A9-FBF8-421E-A40A-CAE2A34B7240}.AppStore|iPhone.ActiveCfg = Debug|Any CPU
		{039990A9-FBF8-421E-A40A-CAE2A34B7240}.AppStore|iPhone.Build.0 = Debug|Any CPU
		{039990A9-FBF8-421E-A40A-CAE2A34B7240}.AppStore|iPhoneSimulator.ActiveCfg = Debug|Any CPU
		{039990A9-FBF8-421E-A40A-CAE2A34B7240}.AppStore|iPhoneSimulator.Build.0 = Debug|Any CPU
		{039990A9-FBF8-421E-A40A-CAE2A34B7240}.AppStore|x64.ActiveCfg = Debug|Any CPU
		{039990A9-FBF8-421E-A40A-CAE2A34B7240}.AppStore|x64.Build.0 = Debug|Any CPU
		{039990A9-FBF8-421E-A40A-CAE2A34B7240}.AppStore|x86.ActiveCfg = Debug|Any CPU
		{039990A9-FBF8-421E-A40A-CAE2A34B7240}.AppStore|x86.Build.0 = Debug|Any CPU
		{039990A9-FBF8-421E-A40A-CAE2A34B7240}.Debug|Any CPU.ActiveCfg = Debug|Any CPU
		{039990A9-FBF8-421E-A40A-CAE2A34B7240}.Debug|Any CPU.Build.0 = Debug|Any CPU
		{039990A9-FBF8-421E-A40A-CAE2A34B7240}.Debug|ARM.ActiveCfg = Debug|Any CPU
		{039990A9-FBF8-421E-A40A-CAE2A34B7240}.Debug|ARM.Build.0 = Debug|Any CPU
		{039990A9-FBF8-421E-A40A-CAE2A34B7240}.Debug|iPhone.ActiveCfg = Debug|Any CPU
		{039990A9-FBF8-421E-A40A-CAE2A34B7240}.Debug|iPhone.Build.0 = Debug|Any CPU
		{039990A9-FBF8-421E-A40A-CAE2A34B7240}.Debug|iPhoneSimulator.ActiveCfg = Debug|Any CPU
		{039990A9-FBF8-421E-A40A-CAE2A34B7240}.Debug|iPhoneSimulator.Build.0 = Debug|Any CPU
		{039990A9-FBF8-421E-A40A-CAE2A34B7240}.Debug|x64.ActiveCfg = Debug|Any CPU
		{039990A9-FBF8-421E-A40A-CAE2A34B7240}.Debug|x64.Build.0 = Debug|Any CPU
		{039990A9-FBF8-421E-A40A-CAE2A34B7240}.Debug|x86.ActiveCfg = Debug|Any CPU
		{039990A9-FBF8-421E-A40A-CAE2A34B7240}.Debug|x86.Build.0 = Debug|Any CPU
		{039990A9-FBF8-421E-A40A-CAE2A34B7240}.Release|Any CPU.ActiveCfg = Release|Any CPU
		{039990A9-FBF8-421E-A40A-CAE2A34B7240}.Release|Any CPU.Build.0 = Release|Any CPU
		{039990A9-FBF8-421E-A40A-CAE2A34B7240}.Release|ARM.ActiveCfg = Release|Any CPU
		{039990A9-FBF8-421E-A40A-CAE2A34B7240}.Release|ARM.Build.0 = Release|Any CPU
		{039990A9-FBF8-421E-A40A-CAE2A34B7240}.Release|iPhone.ActiveCfg = Release|Any CPU
		{039990A9-FBF8-421E-A40A-CAE2A34B7240}.Release|iPhone.Build.0 = Release|Any CPU
		{039990A9-FBF8-421E-A40A-CAE2A34B7240}.Release|iPhoneSimulator.ActiveCfg = Release|Any CPU
		{039990A9-FBF8-421E-A40A-CAE2A34B7240}.Release|iPhoneSimulator.Build.0 = Release|Any CPU
		{039990A9-FBF8-421E-A40A-CAE2A34B7240}.Release|x64.ActiveCfg = Release|Any CPU
		{039990A9-FBF8-421E-A40A-CAE2A34B7240}.Release|x64.Build.0 = Release|Any CPU
		{039990A9-FBF8-421E-A40A-CAE2A34B7240}.Release|x86.ActiveCfg = Release|Any CPU
		{039990A9-FBF8-421E-A40A-CAE2A34B7240}.Release|x86.Build.0 = Release|Any CPU
		{87C65DBF-14E4-4BFD-B8E3-BC7F8D2A857E}.Ad-Hoc|Any CPU.ActiveCfg = Debug|Any CPU
		{87C65DBF-14E4-4BFD-B8E3-BC7F8D2A857E}.Ad-Hoc|Any CPU.Build.0 = Debug|Any CPU
		{87C65DBF-14E4-4BFD-B8E3-BC7F8D2A857E}.Ad-Hoc|ARM.ActiveCfg = Debug|Any CPU
		{87C65DBF-14E4-4BFD-B8E3-BC7F8D2A857E}.Ad-Hoc|ARM.Build.0 = Debug|Any CPU
		{87C65DBF-14E4-4BFD-B8E3-BC7F8D2A857E}.Ad-Hoc|iPhone.ActiveCfg = Debug|Any CPU
		{87C65DBF-14E4-4BFD-B8E3-BC7F8D2A857E}.Ad-Hoc|iPhone.Build.0 = Debug|Any CPU
		{87C65DBF-14E4-4BFD-B8E3-BC7F8D2A857E}.Ad-Hoc|iPhoneSimulator.ActiveCfg = Debug|Any CPU
		{87C65DBF-14E4-4BFD-B8E3-BC7F8D2A857E}.Ad-Hoc|iPhoneSimulator.Build.0 = Debug|Any CPU
		{87C65DBF-14E4-4BFD-B8E3-BC7F8D2A857E}.Ad-Hoc|x64.ActiveCfg = Debug|Any CPU
		{87C65DBF-14E4-4BFD-B8E3-BC7F8D2A857E}.Ad-Hoc|x64.Build.0 = Debug|Any CPU
		{87C65DBF-14E4-4BFD-B8E3-BC7F8D2A857E}.Ad-Hoc|x86.ActiveCfg = Debug|Any CPU
		{87C65DBF-14E4-4BFD-B8E3-BC7F8D2A857E}.Ad-Hoc|x86.Build.0 = Debug|Any CPU
		{87C65DBF-14E4-4BFD-B8E3-BC7F8D2A857E}.AppStore|Any CPU.ActiveCfg = Debug|Any CPU
		{87C65DBF-14E4-4BFD-B8E3-BC7F8D2A857E}.AppStore|Any CPU.Build.0 = Debug|Any CPU
		{87C65DBF-14E4-4BFD-B8E3-BC7F8D2A857E}.AppStore|ARM.ActiveCfg = Debug|Any CPU
		{87C65DBF-14E4-4BFD-B8E3-BC7F8D2A857E}.AppStore|ARM.Build.0 = Debug|Any CPU
		{87C65DBF-14E4-4BFD-B8E3-BC7F8D2A857E}.AppStore|iPhone.ActiveCfg = Debug|Any CPU
		{87C65DBF-14E4-4BFD-B8E3-BC7F8D2A857E}.AppStore|iPhone.Build.0 = Debug|Any CPU
		{87C65DBF-14E4-4BFD-B8E3-BC7F8D2A857E}.AppStore|iPhoneSimulator.ActiveCfg = Debug|Any CPU
		{87C65DBF-14E4-4BFD-B8E3-BC7F8D2A857E}.AppStore|iPhoneSimulator.Build.0 = Debug|Any CPU
		{87C65DBF-14E4-4BFD-B8E3-BC7F8D2A857E}.AppStore|x64.ActiveCfg = Debug|Any CPU
		{87C65DBF-14E4-4BFD-B8E3-BC7F8D2A857E}.AppStore|x64.Build.0 = Debug|Any CPU
		{87C65DBF-14E4-4BFD-B8E3-BC7F8D2A857E}.AppStore|x86.ActiveCfg = Debug|Any CPU
		{87C65DBF-14E4-4BFD-B8E3-BC7F8D2A857E}.AppStore|x86.Build.0 = Debug|Any CPU
		{87C65DBF-14E4-4BFD-B8E3-BC7F8D2A857E}.Debug|Any CPU.ActiveCfg = Debug|Any CPU
		{87C65DBF-14E4-4BFD-B8E3-BC7F8D2A857E}.Debug|Any CPU.Build.0 = Debug|Any CPU
		{87C65DBF-14E4-4BFD-B8E3-BC7F8D2A857E}.Debug|ARM.ActiveCfg = Debug|Any CPU
		{87C65DBF-14E4-4BFD-B8E3-BC7F8D2A857E}.Debug|ARM.Build.0 = Debug|Any CPU
		{87C65DBF-14E4-4BFD-B8E3-BC7F8D2A857E}.Debug|iPhone.ActiveCfg = Debug|Any CPU
		{87C65DBF-14E4-4BFD-B8E3-BC7F8D2A857E}.Debug|iPhone.Build.0 = Debug|Any CPU
		{87C65DBF-14E4-4BFD-B8E3-BC7F8D2A857E}.Debug|iPhoneSimulator.ActiveCfg = Debug|Any CPU
		{87C65DBF-14E4-4BFD-B8E3-BC7F8D2A857E}.Debug|iPhoneSimulator.Build.0 = Debug|Any CPU
		{87C65DBF-14E4-4BFD-B8E3-BC7F8D2A857E}.Debug|x64.ActiveCfg = Debug|Any CPU
		{87C65DBF-14E4-4BFD-B8E3-BC7F8D2A857E}.Debug|x64.Build.0 = Debug|Any CPU
		{87C65DBF-14E4-4BFD-B8E3-BC7F8D2A857E}.Debug|x86.ActiveCfg = Debug|Any CPU
		{87C65DBF-14E4-4BFD-B8E3-BC7F8D2A857E}.Debug|x86.Build.0 = Debug|Any CPU
		{87C65DBF-14E4-4BFD-B8E3-BC7F8D2A857E}.Release|Any CPU.ActiveCfg = Release|Any CPU
		{87C65DBF-14E4-4BFD-B8E3-BC7F8D2A857E}.Release|Any CPU.Build.0 = Release|Any CPU
		{87C65DBF-14E4-4BFD-B8E3-BC7F8D2A857E}.Release|ARM.ActiveCfg = Release|Any CPU
		{87C65DBF-14E4-4BFD-B8E3-BC7F8D2A857E}.Release|ARM.Build.0 = Release|Any CPU
		{87C65DBF-14E4-4BFD-B8E3-BC7F8D2A857E}.Release|iPhone.ActiveCfg = Release|Any CPU
		{87C65DBF-14E4-4BFD-B8E3-BC7F8D2A857E}.Release|iPhone.Build.0 = Release|Any CPU
		{87C65DBF-14E4-4BFD-B8E3-BC7F8D2A857E}.Release|iPhoneSimulator.ActiveCfg = Release|Any CPU
		{87C65DBF-14E4-4BFD-B8E3-BC7F8D2A857E}.Release|iPhoneSimulator.Build.0 = Release|Any CPU
		{87C65DBF-14E4-4BFD-B8E3-BC7F8D2A857E}.Release|x64.ActiveCfg = Release|Any CPU
		{87C65DBF-14E4-4BFD-B8E3-BC7F8D2A857E}.Release|x64.Build.0 = Release|Any CPU
		{87C65DBF-14E4-4BFD-B8E3-BC7F8D2A857E}.Release|x86.ActiveCfg = Release|Any CPU
		{87C65DBF-14E4-4BFD-B8E3-BC7F8D2A857E}.Release|x86.Build.0 = Release|Any CPU
		{B4187488-F6DF-45AC-96D3-EEE58B65C53E}.Ad-Hoc|Any CPU.ActiveCfg = Debug|Any CPU
		{B4187488-F6DF-45AC-96D3-EEE58B65C53E}.Ad-Hoc|Any CPU.Build.0 = Debug|Any CPU
		{B4187488-F6DF-45AC-96D3-EEE58B65C53E}.Ad-Hoc|ARM.ActiveCfg = Debug|Any CPU
		{B4187488-F6DF-45AC-96D3-EEE58B65C53E}.Ad-Hoc|ARM.Build.0 = Debug|Any CPU
		{B4187488-F6DF-45AC-96D3-EEE58B65C53E}.Ad-Hoc|iPhone.ActiveCfg = Debug|Any CPU
		{B4187488-F6DF-45AC-96D3-EEE58B65C53E}.Ad-Hoc|iPhone.Build.0 = Debug|Any CPU
		{B4187488-F6DF-45AC-96D3-EEE58B65C53E}.Ad-Hoc|iPhoneSimulator.ActiveCfg = Debug|Any CPU
		{B4187488-F6DF-45AC-96D3-EEE58B65C53E}.Ad-Hoc|iPhoneSimulator.Build.0 = Debug|Any CPU
		{B4187488-F6DF-45AC-96D3-EEE58B65C53E}.Ad-Hoc|x64.ActiveCfg = Debug|Any CPU
		{B4187488-F6DF-45AC-96D3-EEE58B65C53E}.Ad-Hoc|x64.Build.0 = Debug|Any CPU
		{B4187488-F6DF-45AC-96D3-EEE58B65C53E}.Ad-Hoc|x86.ActiveCfg = Debug|Any CPU
		{B4187488-F6DF-45AC-96D3-EEE58B65C53E}.Ad-Hoc|x86.Build.0 = Debug|Any CPU
		{B4187488-F6DF-45AC-96D3-EEE58B65C53E}.AppStore|Any CPU.ActiveCfg = Debug|Any CPU
		{B4187488-F6DF-45AC-96D3-EEE58B65C53E}.AppStore|Any CPU.Build.0 = Debug|Any CPU
		{B4187488-F6DF-45AC-96D3-EEE58B65C53E}.AppStore|ARM.ActiveCfg = Debug|Any CPU
		{B4187488-F6DF-45AC-96D3-EEE58B65C53E}.AppStore|ARM.Build.0 = Debug|Any CPU
		{B4187488-F6DF-45AC-96D3-EEE58B65C53E}.AppStore|iPhone.ActiveCfg = Debug|Any CPU
		{B4187488-F6DF-45AC-96D3-EEE58B65C53E}.AppStore|iPhone.Build.0 = Debug|Any CPU
		{B4187488-F6DF-45AC-96D3-EEE58B65C53E}.AppStore|iPhoneSimulator.ActiveCfg = Debug|Any CPU
		{B4187488-F6DF-45AC-96D3-EEE58B65C53E}.AppStore|iPhoneSimulator.Build.0 = Debug|Any CPU
		{B4187488-F6DF-45AC-96D3-EEE58B65C53E}.AppStore|x64.ActiveCfg = Debug|Any CPU
		{B4187488-F6DF-45AC-96D3-EEE58B65C53E}.AppStore|x64.Build.0 = Debug|Any CPU
		{B4187488-F6DF-45AC-96D3-EEE58B65C53E}.AppStore|x86.ActiveCfg = Debug|Any CPU
		{B4187488-F6DF-45AC-96D3-EEE58B65C53E}.AppStore|x86.Build.0 = Debug|Any CPU
		{B4187488-F6DF-45AC-96D3-EEE58B65C53E}.Debug|Any CPU.ActiveCfg = Debug|Any CPU
		{B4187488-F6DF-45AC-96D3-EEE58B65C53E}.Debug|Any CPU.Build.0 = Debug|Any CPU
		{B4187488-F6DF-45AC-96D3-EEE58B65C53E}.Debug|ARM.ActiveCfg = Debug|Any CPU
		{B4187488-F6DF-45AC-96D3-EEE58B65C53E}.Debug|ARM.Build.0 = Debug|Any CPU
		{B4187488-F6DF-45AC-96D3-EEE58B65C53E}.Debug|iPhone.ActiveCfg = Debug|Any CPU
		{B4187488-F6DF-45AC-96D3-EEE58B65C53E}.Debug|iPhone.Build.0 = Debug|Any CPU
		{B4187488-F6DF-45AC-96D3-EEE58B65C53E}.Debug|iPhoneSimulator.ActiveCfg = Debug|Any CPU
		{B4187488-F6DF-45AC-96D3-EEE58B65C53E}.Debug|iPhoneSimulator.Build.0 = Debug|Any CPU
		{B4187488-F6DF-45AC-96D3-EEE58B65C53E}.Debug|x64.ActiveCfg = Debug|Any CPU
		{B4187488-F6DF-45AC-96D3-EEE58B65C53E}.Debug|x64.Build.0 = Debug|Any CPU
		{B4187488-F6DF-45AC-96D3-EEE58B65C53E}.Debug|x86.ActiveCfg = Debug|Any CPU
		{B4187488-F6DF-45AC-96D3-EEE58B65C53E}.Debug|x86.Build.0 = Debug|Any CPU
		{B4187488-F6DF-45AC-96D3-EEE58B65C53E}.Release|Any CPU.ActiveCfg = Release|Any CPU
		{B4187488-F6DF-45AC-96D3-EEE58B65C53E}.Release|Any CPU.Build.0 = Release|Any CPU
		{B4187488-F6DF-45AC-96D3-EEE58B65C53E}.Release|ARM.ActiveCfg = Release|Any CPU
		{B4187488-F6DF-45AC-96D3-EEE58B65C53E}.Release|ARM.Build.0 = Release|Any CPU
		{B4187488-F6DF-45AC-96D3-EEE58B65C53E}.Release|iPhone.ActiveCfg = Release|Any CPU
		{B4187488-F6DF-45AC-96D3-EEE58B65C53E}.Release|iPhone.Build.0 = Release|Any CPU
		{B4187488-F6DF-45AC-96D3-EEE58B65C53E}.Release|iPhoneSimulator.ActiveCfg = Release|Any CPU
		{B4187488-F6DF-45AC-96D3-EEE58B65C53E}.Release|iPhoneSimulator.Build.0 = Release|Any CPU
		{B4187488-F6DF-45AC-96D3-EEE58B65C53E}.Release|x64.ActiveCfg = Release|Any CPU
		{B4187488-F6DF-45AC-96D3-EEE58B65C53E}.Release|x64.Build.0 = Release|Any CPU
		{B4187488-F6DF-45AC-96D3-EEE58B65C53E}.Release|x86.ActiveCfg = Release|Any CPU
		{B4187488-F6DF-45AC-96D3-EEE58B65C53E}.Release|x86.Build.0 = Release|Any CPU
		{2FD3FBBD-FD06-4E49-BA91-4FC5ADC33BA7}.Ad-Hoc|Any CPU.ActiveCfg = Debug|Any CPU
		{2FD3FBBD-FD06-4E49-BA91-4FC5ADC33BA7}.Ad-Hoc|Any CPU.Build.0 = Debug|Any CPU
		{2FD3FBBD-FD06-4E49-BA91-4FC5ADC33BA7}.Ad-Hoc|ARM.ActiveCfg = Debug|Any CPU
		{2FD3FBBD-FD06-4E49-BA91-4FC5ADC33BA7}.Ad-Hoc|ARM.Build.0 = Debug|Any CPU
		{2FD3FBBD-FD06-4E49-BA91-4FC5ADC33BA7}.Ad-Hoc|iPhone.ActiveCfg = Debug|Any CPU
		{2FD3FBBD-FD06-4E49-BA91-4FC5ADC33BA7}.Ad-Hoc|iPhone.Build.0 = Debug|Any CPU
		{2FD3FBBD-FD06-4E49-BA91-4FC5ADC33BA7}.Ad-Hoc|iPhoneSimulator.ActiveCfg = Debug|Any CPU
		{2FD3FBBD-FD06-4E49-BA91-4FC5ADC33BA7}.Ad-Hoc|iPhoneSimulator.Build.0 = Debug|Any CPU
		{2FD3FBBD-FD06-4E49-BA91-4FC5ADC33BA7}.Ad-Hoc|x64.ActiveCfg = Debug|Any CPU
		{2FD3FBBD-FD06-4E49-BA91-4FC5ADC33BA7}.Ad-Hoc|x64.Build.0 = Debug|Any CPU
		{2FD3FBBD-FD06-4E49-BA91-4FC5ADC33BA7}.Ad-Hoc|x86.ActiveCfg = Debug|Any CPU
		{2FD3FBBD-FD06-4E49-BA91-4FC5ADC33BA7}.Ad-Hoc|x86.Build.0 = Debug|Any CPU
		{2FD3FBBD-FD06-4E49-BA91-4FC5ADC33BA7}.AppStore|Any CPU.ActiveCfg = Debug|Any CPU
		{2FD3FBBD-FD06-4E49-BA91-4FC5ADC33BA7}.AppStore|Any CPU.Build.0 = Debug|Any CPU
		{2FD3FBBD-FD06-4E49-BA91-4FC5ADC33BA7}.AppStore|ARM.ActiveCfg = Debug|Any CPU
		{2FD3FBBD-FD06-4E49-BA91-4FC5ADC33BA7}.AppStore|ARM.Build.0 = Debug|Any CPU
		{2FD3FBBD-FD06-4E49-BA91-4FC5ADC33BA7}.AppStore|iPhone.ActiveCfg = Debug|Any CPU
		{2FD3FBBD-FD06-4E49-BA91-4FC5ADC33BA7}.AppStore|iPhone.Build.0 = Debug|Any CPU
		{2FD3FBBD-FD06-4E49-BA91-4FC5ADC33BA7}.AppStore|iPhoneSimulator.ActiveCfg = Debug|Any CPU
		{2FD3FBBD-FD06-4E49-BA91-4FC5ADC33BA7}.AppStore|iPhoneSimulator.Build.0 = Debug|Any CPU
		{2FD3FBBD-FD06-4E49-BA91-4FC5ADC33BA7}.AppStore|x64.ActiveCfg = Debug|Any CPU
		{2FD3FBBD-FD06-4E49-BA91-4FC5ADC33BA7}.AppStore|x64.Build.0 = Debug|Any CPU
		{2FD3FBBD-FD06-4E49-BA91-4FC5ADC33BA7}.AppStore|x86.ActiveCfg = Debug|Any CPU
		{2FD3FBBD-FD06-4E49-BA91-4FC5ADC33BA7}.AppStore|x86.Build.0 = Debug|Any CPU
		{2FD3FBBD-FD06-4E49-BA91-4FC5ADC33BA7}.Debug|Any CPU.ActiveCfg = Debug|Any CPU
		{2FD3FBBD-FD06-4E49-BA91-4FC5ADC33BA7}.Debug|Any CPU.Build.0 = Debug|Any CPU
		{2FD3FBBD-FD06-4E49-BA91-4FC5ADC33BA7}.Debug|ARM.ActiveCfg = Debug|Any CPU
		{2FD3FBBD-FD06-4E49-BA91-4FC5ADC33BA7}.Debug|ARM.Build.0 = Debug|Any CPU
		{2FD3FBBD-FD06-4E49-BA91-4FC5ADC33BA7}.Debug|iPhone.ActiveCfg = Debug|Any CPU
		{2FD3FBBD-FD06-4E49-BA91-4FC5ADC33BA7}.Debug|iPhone.Build.0 = Debug|Any CPU
		{2FD3FBBD-FD06-4E49-BA91-4FC5ADC33BA7}.Debug|iPhoneSimulator.ActiveCfg = Debug|Any CPU
		{2FD3FBBD-FD06-4E49-BA91-4FC5ADC33BA7}.Debug|iPhoneSimulator.Build.0 = Debug|Any CPU
		{2FD3FBBD-FD06-4E49-BA91-4FC5ADC33BA7}.Debug|x64.ActiveCfg = Debug|Any CPU
		{2FD3FBBD-FD06-4E49-BA91-4FC5ADC33BA7}.Debug|x64.Build.0 = Debug|Any CPU
		{2FD3FBBD-FD06-4E49-BA91-4FC5ADC33BA7}.Debug|x86.ActiveCfg = Debug|Any CPU
		{2FD3FBBD-FD06-4E49-BA91-4FC5ADC33BA7}.Debug|x86.Build.0 = Debug|Any CPU
		{2FD3FBBD-FD06-4E49-BA91-4FC5ADC33BA7}.Release|Any CPU.ActiveCfg = Release|Any CPU
		{2FD3FBBD-FD06-4E49-BA91-4FC5ADC33BA7}.Release|Any CPU.Build.0 = Release|Any CPU
		{2FD3FBBD-FD06-4E49-BA91-4FC5ADC33BA7}.Release|ARM.ActiveCfg = Release|Any CPU
		{2FD3FBBD-FD06-4E49-BA91-4FC5ADC33BA7}.Release|ARM.Build.0 = Release|Any CPU
		{2FD3FBBD-FD06-4E49-BA91-4FC5ADC33BA7}.Release|iPhone.ActiveCfg = Release|Any CPU
		{2FD3FBBD-FD06-4E49-BA91-4FC5ADC33BA7}.Release|iPhone.Build.0 = Release|Any CPU
		{2FD3FBBD-FD06-4E49-BA91-4FC5ADC33BA7}.Release|iPhoneSimulator.ActiveCfg = Release|Any CPU
		{2FD3FBBD-FD06-4E49-BA91-4FC5ADC33BA7}.Release|iPhoneSimulator.Build.0 = Release|Any CPU
		{2FD3FBBD-FD06-4E49-BA91-4FC5ADC33BA7}.Release|x64.ActiveCfg = Release|Any CPU
		{2FD3FBBD-FD06-4E49-BA91-4FC5ADC33BA7}.Release|x64.Build.0 = Release|Any CPU
		{2FD3FBBD-FD06-4E49-BA91-4FC5ADC33BA7}.Release|x86.ActiveCfg = Release|Any CPU
		{2FD3FBBD-FD06-4E49-BA91-4FC5ADC33BA7}.Release|x86.Build.0 = Release|Any CPU
		{06241755-626A-4992-9CAE-C5A5745CB83C}.Ad-Hoc|Any CPU.ActiveCfg = Release|Any CPU
		{06241755-626A-4992-9CAE-C5A5745CB83C}.Ad-Hoc|Any CPU.Build.0 = Release|Any CPU
		{06241755-626A-4992-9CAE-C5A5745CB83C}.Ad-Hoc|ARM.ActiveCfg = Debug|Any CPU
		{06241755-626A-4992-9CAE-C5A5745CB83C}.Ad-Hoc|ARM.Build.0 = Debug|Any CPU
		{06241755-626A-4992-9CAE-C5A5745CB83C}.Ad-Hoc|iPhone.ActiveCfg = Release|Any CPU
		{06241755-626A-4992-9CAE-C5A5745CB83C}.Ad-Hoc|iPhone.Build.0 = Release|Any CPU
		{06241755-626A-4992-9CAE-C5A5745CB83C}.Ad-Hoc|iPhoneSimulator.ActiveCfg = Release|Any CPU
		{06241755-626A-4992-9CAE-C5A5745CB83C}.Ad-Hoc|iPhoneSimulator.Build.0 = Release|Any CPU
		{06241755-626A-4992-9CAE-C5A5745CB83C}.Ad-Hoc|x64.ActiveCfg = Debug|Any CPU
		{06241755-626A-4992-9CAE-C5A5745CB83C}.Ad-Hoc|x64.Build.0 = Debug|Any CPU
		{06241755-626A-4992-9CAE-C5A5745CB83C}.Ad-Hoc|x86.ActiveCfg = Debug|Any CPU
		{06241755-626A-4992-9CAE-C5A5745CB83C}.Ad-Hoc|x86.Build.0 = Debug|Any CPU
		{06241755-626A-4992-9CAE-C5A5745CB83C}.AppStore|Any CPU.ActiveCfg = Release|Any CPU
		{06241755-626A-4992-9CAE-C5A5745CB83C}.AppStore|Any CPU.Build.0 = Release|Any CPU
		{06241755-626A-4992-9CAE-C5A5745CB83C}.AppStore|ARM.ActiveCfg = Debug|Any CPU
		{06241755-626A-4992-9CAE-C5A5745CB83C}.AppStore|ARM.Build.0 = Debug|Any CPU
		{06241755-626A-4992-9CAE-C5A5745CB83C}.AppStore|iPhone.ActiveCfg = Release|Any CPU
		{06241755-626A-4992-9CAE-C5A5745CB83C}.AppStore|iPhone.Build.0 = Release|Any CPU
		{06241755-626A-4992-9CAE-C5A5745CB83C}.AppStore|iPhoneSimulator.ActiveCfg = Release|Any CPU
		{06241755-626A-4992-9CAE-C5A5745CB83C}.AppStore|iPhoneSimulator.Build.0 = Release|Any CPU
		{06241755-626A-4992-9CAE-C5A5745CB83C}.AppStore|x64.ActiveCfg = Debug|Any CPU
		{06241755-626A-4992-9CAE-C5A5745CB83C}.AppStore|x64.Build.0 = Debug|Any CPU
		{06241755-626A-4992-9CAE-C5A5745CB83C}.AppStore|x86.ActiveCfg = Debug|Any CPU
		{06241755-626A-4992-9CAE-C5A5745CB83C}.AppStore|x86.Build.0 = Debug|Any CPU
		{06241755-626A-4992-9CAE-C5A5745CB83C}.Debug|Any CPU.ActiveCfg = Debug|Any CPU
		{06241755-626A-4992-9CAE-C5A5745CB83C}.Debug|Any CPU.Build.0 = Debug|Any CPU
		{06241755-626A-4992-9CAE-C5A5745CB83C}.Debug|ARM.ActiveCfg = Debug|Any CPU
		{06241755-626A-4992-9CAE-C5A5745CB83C}.Debug|ARM.Build.0 = Debug|Any CPU
		{06241755-626A-4992-9CAE-C5A5745CB83C}.Debug|iPhone.ActiveCfg = Debug|Any CPU
		{06241755-626A-4992-9CAE-C5A5745CB83C}.Debug|iPhone.Build.0 = Debug|Any CPU
		{06241755-626A-4992-9CAE-C5A5745CB83C}.Debug|iPhoneSimulator.ActiveCfg = Debug|Any CPU
		{06241755-626A-4992-9CAE-C5A5745CB83C}.Debug|iPhoneSimulator.Build.0 = Debug|Any CPU
		{06241755-626A-4992-9CAE-C5A5745CB83C}.Debug|x64.ActiveCfg = Debug|Any CPU
		{06241755-626A-4992-9CAE-C5A5745CB83C}.Debug|x64.Build.0 = Debug|Any CPU
		{06241755-626A-4992-9CAE-C5A5745CB83C}.Debug|x86.ActiveCfg = Debug|Any CPU
		{06241755-626A-4992-9CAE-C5A5745CB83C}.Debug|x86.Build.0 = Debug|Any CPU
		{06241755-626A-4992-9CAE-C5A5745CB83C}.Release|Any CPU.ActiveCfg = Release|Any CPU
		{06241755-626A-4992-9CAE-C5A5745CB83C}.Release|Any CPU.Build.0 = Release|Any CPU
		{06241755-626A-4992-9CAE-C5A5745CB83C}.Release|ARM.ActiveCfg = Release|Any CPU
		{06241755-626A-4992-9CAE-C5A5745CB83C}.Release|ARM.Build.0 = Release|Any CPU
		{06241755-626A-4992-9CAE-C5A5745CB83C}.Release|iPhone.ActiveCfg = Release|Any CPU
		{06241755-626A-4992-9CAE-C5A5745CB83C}.Release|iPhone.Build.0 = Release|Any CPU
		{06241755-626A-4992-9CAE-C5A5745CB83C}.Release|iPhoneSimulator.ActiveCfg = Release|Any CPU
		{06241755-626A-4992-9CAE-C5A5745CB83C}.Release|iPhoneSimulator.Build.0 = Release|Any CPU
		{06241755-626A-4992-9CAE-C5A5745CB83C}.Release|x64.ActiveCfg = Release|Any CPU
		{06241755-626A-4992-9CAE-C5A5745CB83C}.Release|x64.Build.0 = Release|Any CPU
		{06241755-626A-4992-9CAE-C5A5745CB83C}.Release|x86.ActiveCfg = Release|Any CPU
		{06241755-626A-4992-9CAE-C5A5745CB83C}.Release|x86.Build.0 = Release|Any CPU
		{3D54C678-A873-4831-9894-9E92E6F8EEBF}.Ad-Hoc|Any CPU.ActiveCfg = Debug|Any CPU
		{3D54C678-A873-4831-9894-9E92E6F8EEBF}.Ad-Hoc|Any CPU.Build.0 = Debug|Any CPU
		{3D54C678-A873-4831-9894-9E92E6F8EEBF}.Ad-Hoc|ARM.ActiveCfg = Debug|Any CPU
		{3D54C678-A873-4831-9894-9E92E6F8EEBF}.Ad-Hoc|ARM.Build.0 = Debug|Any CPU
		{3D54C678-A873-4831-9894-9E92E6F8EEBF}.Ad-Hoc|iPhone.ActiveCfg = Debug|Any CPU
		{3D54C678-A873-4831-9894-9E92E6F8EEBF}.Ad-Hoc|iPhone.Build.0 = Debug|Any CPU
		{3D54C678-A873-4831-9894-9E92E6F8EEBF}.Ad-Hoc|iPhoneSimulator.ActiveCfg = Debug|Any CPU
		{3D54C678-A873-4831-9894-9E92E6F8EEBF}.Ad-Hoc|iPhoneSimulator.Build.0 = Debug|Any CPU
		{3D54C678-A873-4831-9894-9E92E6F8EEBF}.Ad-Hoc|x64.ActiveCfg = Debug|Any CPU
		{3D54C678-A873-4831-9894-9E92E6F8EEBF}.Ad-Hoc|x64.Build.0 = Debug|Any CPU
		{3D54C678-A873-4831-9894-9E92E6F8EEBF}.Ad-Hoc|x86.ActiveCfg = Debug|Any CPU
		{3D54C678-A873-4831-9894-9E92E6F8EEBF}.Ad-Hoc|x86.Build.0 = Debug|Any CPU
		{3D54C678-A873-4831-9894-9E92E6F8EEBF}.AppStore|Any CPU.ActiveCfg = Debug|Any CPU
		{3D54C678-A873-4831-9894-9E92E6F8EEBF}.AppStore|Any CPU.Build.0 = Debug|Any CPU
		{3D54C678-A873-4831-9894-9E92E6F8EEBF}.AppStore|ARM.ActiveCfg = Debug|Any CPU
		{3D54C678-A873-4831-9894-9E92E6F8EEBF}.AppStore|ARM.Build.0 = Debug|Any CPU
		{3D54C678-A873-4831-9894-9E92E6F8EEBF}.AppStore|iPhone.ActiveCfg = Debug|Any CPU
		{3D54C678-A873-4831-9894-9E92E6F8EEBF}.AppStore|iPhone.Build.0 = Debug|Any CPU
		{3D54C678-A873-4831-9894-9E92E6F8EEBF}.AppStore|iPhoneSimulator.ActiveCfg = Debug|Any CPU
		{3D54C678-A873-4831-9894-9E92E6F8EEBF}.AppStore|iPhoneSimulator.Build.0 = Debug|Any CPU
		{3D54C678-A873-4831-9894-9E92E6F8EEBF}.AppStore|x64.ActiveCfg = Debug|Any CPU
		{3D54C678-A873-4831-9894-9E92E6F8EEBF}.AppStore|x64.Build.0 = Debug|Any CPU
		{3D54C678-A873-4831-9894-9E92E6F8EEBF}.AppStore|x86.ActiveCfg = Debug|Any CPU
		{3D54C678-A873-4831-9894-9E92E6F8EEBF}.AppStore|x86.Build.0 = Debug|Any CPU
		{3D54C678-A873-4831-9894-9E92E6F8EEBF}.Debug|Any CPU.ActiveCfg = Debug|Any CPU
		{3D54C678-A873-4831-9894-9E92E6F8EEBF}.Debug|Any CPU.Build.0 = Debug|Any CPU
		{3D54C678-A873-4831-9894-9E92E6F8EEBF}.Debug|ARM.ActiveCfg = Debug|Any CPU
		{3D54C678-A873-4831-9894-9E92E6F8EEBF}.Debug|ARM.Build.0 = Debug|Any CPU
		{3D54C678-A873-4831-9894-9E92E6F8EEBF}.Debug|iPhone.ActiveCfg = Debug|Any CPU
		{3D54C678-A873-4831-9894-9E92E6F8EEBF}.Debug|iPhone.Build.0 = Debug|Any CPU
		{3D54C678-A873-4831-9894-9E92E6F8EEBF}.Debug|iPhoneSimulator.ActiveCfg = Debug|Any CPU
		{3D54C678-A873-4831-9894-9E92E6F8EEBF}.Debug|iPhoneSimulator.Build.0 = Debug|Any CPU
		{3D54C678-A873-4831-9894-9E92E6F8EEBF}.Debug|x64.ActiveCfg = Debug|Any CPU
		{3D54C678-A873-4831-9894-9E92E6F8EEBF}.Debug|x64.Build.0 = Debug|Any CPU
		{3D54C678-A873-4831-9894-9E92E6F8EEBF}.Debug|x86.ActiveCfg = Debug|Any CPU
		{3D54C678-A873-4831-9894-9E92E6F8EEBF}.Debug|x86.Build.0 = Debug|Any CPU
		{3D54C678-A873-4831-9894-9E92E6F8EEBF}.Release|Any CPU.ActiveCfg = Release|Any CPU
		{3D54C678-A873-4831-9894-9E92E6F8EEBF}.Release|Any CPU.Build.0 = Release|Any CPU
		{3D54C678-A873-4831-9894-9E92E6F8EEBF}.Release|ARM.ActiveCfg = Release|Any CPU
		{3D54C678-A873-4831-9894-9E92E6F8EEBF}.Release|ARM.Build.0 = Release|Any CPU
		{3D54C678-A873-4831-9894-9E92E6F8EEBF}.Release|iPhone.ActiveCfg = Release|Any CPU
		{3D54C678-A873-4831-9894-9E92E6F8EEBF}.Release|iPhone.Build.0 = Release|Any CPU
		{3D54C678-A873-4831-9894-9E92E6F8EEBF}.Release|iPhoneSimulator.ActiveCfg = Release|Any CPU
		{3D54C678-A873-4831-9894-9E92E6F8EEBF}.Release|iPhoneSimulator.Build.0 = Release|Any CPU
		{3D54C678-A873-4831-9894-9E92E6F8EEBF}.Release|x64.ActiveCfg = Release|Any CPU
		{3D54C678-A873-4831-9894-9E92E6F8EEBF}.Release|x64.Build.0 = Release|Any CPU
		{3D54C678-A873-4831-9894-9E92E6F8EEBF}.Release|x86.ActiveCfg = Release|Any CPU
		{3D54C678-A873-4831-9894-9E92E6F8EEBF}.Release|x86.Build.0 = Release|Any CPU
		{96356788-E2A3-46E7-A9CF-D8FA8674F385}.Ad-Hoc|Any CPU.ActiveCfg = Release|Any CPU
		{96356788-E2A3-46E7-A9CF-D8FA8674F385}.Ad-Hoc|Any CPU.Build.0 = Release|Any CPU
		{96356788-E2A3-46E7-A9CF-D8FA8674F385}.Ad-Hoc|ARM.ActiveCfg = Release|Any CPU
		{96356788-E2A3-46E7-A9CF-D8FA8674F385}.Ad-Hoc|ARM.Build.0 = Release|Any CPU
		{96356788-E2A3-46E7-A9CF-D8FA8674F385}.Ad-Hoc|iPhone.ActiveCfg = Release|Any CPU
		{96356788-E2A3-46E7-A9CF-D8FA8674F385}.Ad-Hoc|iPhone.Build.0 = Release|Any CPU
		{96356788-E2A3-46E7-A9CF-D8FA8674F385}.Ad-Hoc|iPhoneSimulator.ActiveCfg = Release|Any CPU
		{96356788-E2A3-46E7-A9CF-D8FA8674F385}.Ad-Hoc|iPhoneSimulator.Build.0 = Release|Any CPU
		{96356788-E2A3-46E7-A9CF-D8FA8674F385}.Ad-Hoc|x64.ActiveCfg = Release|Any CPU
		{96356788-E2A3-46E7-A9CF-D8FA8674F385}.Ad-Hoc|x64.Build.0 = Release|Any CPU
		{96356788-E2A3-46E7-A9CF-D8FA8674F385}.Ad-Hoc|x86.ActiveCfg = Release|Any CPU
		{96356788-E2A3-46E7-A9CF-D8FA8674F385}.Ad-Hoc|x86.Build.0 = Release|Any CPU
		{96356788-E2A3-46E7-A9CF-D8FA8674F385}.AppStore|Any CPU.ActiveCfg = Release|Any CPU
		{96356788-E2A3-46E7-A9CF-D8FA8674F385}.AppStore|Any CPU.Build.0 = Release|Any CPU
		{96356788-E2A3-46E7-A9CF-D8FA8674F385}.AppStore|ARM.ActiveCfg = Release|Any CPU
		{96356788-E2A3-46E7-A9CF-D8FA8674F385}.AppStore|ARM.Build.0 = Release|Any CPU
		{96356788-E2A3-46E7-A9CF-D8FA8674F385}.AppStore|iPhone.ActiveCfg = Release|Any CPU
		{96356788-E2A3-46E7-A9CF-D8FA8674F385}.AppStore|iPhone.Build.0 = Release|Any CPU
		{96356788-E2A3-46E7-A9CF-D8FA8674F385}.AppStore|iPhoneSimulator.ActiveCfg = Release|Any CPU
		{96356788-E2A3-46E7-A9CF-D8FA8674F385}.AppStore|iPhoneSimulator.Build.0 = Release|Any CPU
		{96356788-E2A3-46E7-A9CF-D8FA8674F385}.AppStore|x64.ActiveCfg = Release|Any CPU
		{96356788-E2A3-46E7-A9CF-D8FA8674F385}.AppStore|x64.Build.0 = Release|Any CPU
		{96356788-E2A3-46E7-A9CF-D8FA8674F385}.AppStore|x86.ActiveCfg = Release|Any CPU
		{96356788-E2A3-46E7-A9CF-D8FA8674F385}.AppStore|x86.Build.0 = Release|Any CPU
		{96356788-E2A3-46E7-A9CF-D8FA8674F385}.Debug|Any CPU.ActiveCfg = Debug|Any CPU
		{96356788-E2A3-46E7-A9CF-D8FA8674F385}.Debug|Any CPU.Build.0 = Debug|Any CPU
		{96356788-E2A3-46E7-A9CF-D8FA8674F385}.Debug|ARM.ActiveCfg = Debug|Any CPU
		{96356788-E2A3-46E7-A9CF-D8FA8674F385}.Debug|ARM.Build.0 = Debug|Any CPU
		{96356788-E2A3-46E7-A9CF-D8FA8674F385}.Debug|iPhone.ActiveCfg = Debug|Any CPU
		{96356788-E2A3-46E7-A9CF-D8FA8674F385}.Debug|iPhone.Build.0 = Debug|Any CPU
		{96356788-E2A3-46E7-A9CF-D8FA8674F385}.Debug|iPhoneSimulator.ActiveCfg = Debug|Any CPU
		{96356788-E2A3-46E7-A9CF-D8FA8674F385}.Debug|iPhoneSimulator.Build.0 = Debug|Any CPU
		{96356788-E2A3-46E7-A9CF-D8FA8674F385}.Debug|x64.ActiveCfg = Debug|Any CPU
		{96356788-E2A3-46E7-A9CF-D8FA8674F385}.Debug|x64.Build.0 = Debug|Any CPU
		{96356788-E2A3-46E7-A9CF-D8FA8674F385}.Debug|x86.ActiveCfg = Debug|Any CPU
		{96356788-E2A3-46E7-A9CF-D8FA8674F385}.Debug|x86.Build.0 = Debug|Any CPU
		{96356788-E2A3-46E7-A9CF-D8FA8674F385}.Release|Any CPU.ActiveCfg = Release|Any CPU
		{96356788-E2A3-46E7-A9CF-D8FA8674F385}.Release|Any CPU.Build.0 = Release|Any CPU
		{96356788-E2A3-46E7-A9CF-D8FA8674F385}.Release|ARM.ActiveCfg = Release|Any CPU
		{96356788-E2A3-46E7-A9CF-D8FA8674F385}.Release|ARM.Build.0 = Release|Any CPU
		{96356788-E2A3-46E7-A9CF-D8FA8674F385}.Release|iPhone.ActiveCfg = Release|Any CPU
		{96356788-E2A3-46E7-A9CF-D8FA8674F385}.Release|iPhone.Build.0 = Release|Any CPU
		{96356788-E2A3-46E7-A9CF-D8FA8674F385}.Release|iPhoneSimulator.ActiveCfg = Release|Any CPU
		{96356788-E2A3-46E7-A9CF-D8FA8674F385}.Release|iPhoneSimulator.Build.0 = Release|Any CPU
		{96356788-E2A3-46E7-A9CF-D8FA8674F385}.Release|x64.ActiveCfg = Release|Any CPU
		{96356788-E2A3-46E7-A9CF-D8FA8674F385}.Release|x64.Build.0 = Release|Any CPU
		{96356788-E2A3-46E7-A9CF-D8FA8674F385}.Release|x86.ActiveCfg = Release|Any CPU
		{96356788-E2A3-46E7-A9CF-D8FA8674F385}.Release|x86.Build.0 = Release|Any CPU
		{23F56FCB-C677-4F6E-A759-51F67BEB5382}.Ad-Hoc|Any CPU.ActiveCfg = Release|Any CPU
		{23F56FCB-C677-4F6E-A759-51F67BEB5382}.Ad-Hoc|Any CPU.Build.0 = Release|Any CPU
		{23F56FCB-C677-4F6E-A759-51F67BEB5382}.Ad-Hoc|ARM.ActiveCfg = Release|Any CPU
		{23F56FCB-C677-4F6E-A759-51F67BEB5382}.Ad-Hoc|ARM.Build.0 = Release|Any CPU
		{23F56FCB-C677-4F6E-A759-51F67BEB5382}.Ad-Hoc|iPhone.ActiveCfg = Release|Any CPU
		{23F56FCB-C677-4F6E-A759-51F67BEB5382}.Ad-Hoc|iPhone.Build.0 = Release|Any CPU
		{23F56FCB-C677-4F6E-A759-51F67BEB5382}.Ad-Hoc|iPhoneSimulator.ActiveCfg = Release|Any CPU
		{23F56FCB-C677-4F6E-A759-51F67BEB5382}.Ad-Hoc|iPhoneSimulator.Build.0 = Release|Any CPU
		{23F56FCB-C677-4F6E-A759-51F67BEB5382}.Ad-Hoc|x64.ActiveCfg = Release|Any CPU
		{23F56FCB-C677-4F6E-A759-51F67BEB5382}.Ad-Hoc|x64.Build.0 = Release|Any CPU
		{23F56FCB-C677-4F6E-A759-51F67BEB5382}.Ad-Hoc|x86.ActiveCfg = Release|Any CPU
		{23F56FCB-C677-4F6E-A759-51F67BEB5382}.Ad-Hoc|x86.Build.0 = Release|Any CPU
		{23F56FCB-C677-4F6E-A759-51F67BEB5382}.AppStore|Any CPU.ActiveCfg = Release|Any CPU
		{23F56FCB-C677-4F6E-A759-51F67BEB5382}.AppStore|Any CPU.Build.0 = Release|Any CPU
		{23F56FCB-C677-4F6E-A759-51F67BEB5382}.AppStore|ARM.ActiveCfg = Release|Any CPU
		{23F56FCB-C677-4F6E-A759-51F67BEB5382}.AppStore|ARM.Build.0 = Release|Any CPU
		{23F56FCB-C677-4F6E-A759-51F67BEB5382}.AppStore|iPhone.ActiveCfg = Release|Any CPU
		{23F56FCB-C677-4F6E-A759-51F67BEB5382}.AppStore|iPhone.Build.0 = Release|Any CPU
		{23F56FCB-C677-4F6E-A759-51F67BEB5382}.AppStore|iPhoneSimulator.ActiveCfg = Release|Any CPU
		{23F56FCB-C677-4F6E-A759-51F67BEB5382}.AppStore|iPhoneSimulator.Build.0 = Release|Any CPU
		{23F56FCB-C677-4F6E-A759-51F67BEB5382}.AppStore|x64.ActiveCfg = Release|Any CPU
		{23F56FCB-C677-4F6E-A759-51F67BEB5382}.AppStore|x64.Build.0 = Release|Any CPU
		{23F56FCB-C677-4F6E-A759-51F67BEB5382}.AppStore|x86.ActiveCfg = Release|Any CPU
		{23F56FCB-C677-4F6E-A759-51F67BEB5382}.AppStore|x86.Build.0 = Release|Any CPU
		{23F56FCB-C677-4F6E-A759-51F67BEB5382}.Debug|Any CPU.ActiveCfg = Debug|Any CPU
		{23F56FCB-C677-4F6E-A759-51F67BEB5382}.Debug|Any CPU.Build.0 = Debug|Any CPU
		{23F56FCB-C677-4F6E-A759-51F67BEB5382}.Debug|Any CPU.Deploy.0 = Debug|Any CPU
		{23F56FCB-C677-4F6E-A759-51F67BEB5382}.Debug|ARM.ActiveCfg = Debug|Any CPU
		{23F56FCB-C677-4F6E-A759-51F67BEB5382}.Debug|ARM.Build.0 = Debug|Any CPU
		{23F56FCB-C677-4F6E-A759-51F67BEB5382}.Debug|iPhone.ActiveCfg = Debug|Any CPU
		{23F56FCB-C677-4F6E-A759-51F67BEB5382}.Debug|iPhone.Build.0 = Debug|Any CPU
		{23F56FCB-C677-4F6E-A759-51F67BEB5382}.Debug|iPhoneSimulator.ActiveCfg = Debug|Any CPU
		{23F56FCB-C677-4F6E-A759-51F67BEB5382}.Debug|iPhoneSimulator.Build.0 = Debug|Any CPU
		{23F56FCB-C677-4F6E-A759-51F67BEB5382}.Debug|x64.ActiveCfg = Debug|Any CPU
		{23F56FCB-C677-4F6E-A759-51F67BEB5382}.Debug|x64.Build.0 = Debug|Any CPU
		{23F56FCB-C677-4F6E-A759-51F67BEB5382}.Debug|x86.ActiveCfg = Debug|Any CPU
		{23F56FCB-C677-4F6E-A759-51F67BEB5382}.Debug|x86.Build.0 = Debug|Any CPU
		{23F56FCB-C677-4F6E-A759-51F67BEB5382}.Release|Any CPU.ActiveCfg = Release|Any CPU
		{23F56FCB-C677-4F6E-A759-51F67BEB5382}.Release|Any CPU.Build.0 = Release|Any CPU
		{23F56FCB-C677-4F6E-A759-51F67BEB5382}.Release|ARM.ActiveCfg = Release|Any CPU
		{23F56FCB-C677-4F6E-A759-51F67BEB5382}.Release|ARM.Build.0 = Release|Any CPU
		{23F56FCB-C677-4F6E-A759-51F67BEB5382}.Release|iPhone.ActiveCfg = Release|Any CPU
		{23F56FCB-C677-4F6E-A759-51F67BEB5382}.Release|iPhone.Build.0 = Release|Any CPU
		{23F56FCB-C677-4F6E-A759-51F67BEB5382}.Release|iPhoneSimulator.ActiveCfg = Release|Any CPU
		{23F56FCB-C677-4F6E-A759-51F67BEB5382}.Release|iPhoneSimulator.Build.0 = Release|Any CPU
		{23F56FCB-C677-4F6E-A759-51F67BEB5382}.Release|x64.ActiveCfg = Release|Any CPU
		{23F56FCB-C677-4F6E-A759-51F67BEB5382}.Release|x64.Build.0 = Release|Any CPU
		{23F56FCB-C677-4F6E-A759-51F67BEB5382}.Release|x86.ActiveCfg = Release|Any CPU
		{23F56FCB-C677-4F6E-A759-51F67BEB5382}.Release|x86.Build.0 = Release|Any CPU
		{C3C37AA1-5525-471D-932D-BB958BDF8FD9}.Ad-Hoc|Any CPU.ActiveCfg = Release|Any CPU
		{C3C37AA1-5525-471D-932D-BB958BDF8FD9}.Ad-Hoc|Any CPU.Build.0 = Release|Any CPU
		{C3C37AA1-5525-471D-932D-BB958BDF8FD9}.Ad-Hoc|ARM.ActiveCfg = Release|Any CPU
		{C3C37AA1-5525-471D-932D-BB958BDF8FD9}.Ad-Hoc|ARM.Build.0 = Release|Any CPU
		{C3C37AA1-5525-471D-932D-BB958BDF8FD9}.Ad-Hoc|iPhone.ActiveCfg = Release|Any CPU
		{C3C37AA1-5525-471D-932D-BB958BDF8FD9}.Ad-Hoc|iPhone.Build.0 = Release|Any CPU
		{C3C37AA1-5525-471D-932D-BB958BDF8FD9}.Ad-Hoc|iPhoneSimulator.ActiveCfg = Release|Any CPU
		{C3C37AA1-5525-471D-932D-BB958BDF8FD9}.Ad-Hoc|iPhoneSimulator.Build.0 = Release|Any CPU
		{C3C37AA1-5525-471D-932D-BB958BDF8FD9}.Ad-Hoc|x64.ActiveCfg = Release|Any CPU
		{C3C37AA1-5525-471D-932D-BB958BDF8FD9}.Ad-Hoc|x64.Build.0 = Release|Any CPU
		{C3C37AA1-5525-471D-932D-BB958BDF8FD9}.Ad-Hoc|x86.ActiveCfg = Release|Any CPU
		{C3C37AA1-5525-471D-932D-BB958BDF8FD9}.Ad-Hoc|x86.Build.0 = Release|Any CPU
		{C3C37AA1-5525-471D-932D-BB958BDF8FD9}.AppStore|Any CPU.ActiveCfg = Release|Any CPU
		{C3C37AA1-5525-471D-932D-BB958BDF8FD9}.AppStore|Any CPU.Build.0 = Release|Any CPU
		{C3C37AA1-5525-471D-932D-BB958BDF8FD9}.AppStore|ARM.ActiveCfg = Release|Any CPU
		{C3C37AA1-5525-471D-932D-BB958BDF8FD9}.AppStore|ARM.Build.0 = Release|Any CPU
		{C3C37AA1-5525-471D-932D-BB958BDF8FD9}.AppStore|iPhone.ActiveCfg = Release|Any CPU
		{C3C37AA1-5525-471D-932D-BB958BDF8FD9}.AppStore|iPhone.Build.0 = Release|Any CPU
		{C3C37AA1-5525-471D-932D-BB958BDF8FD9}.AppStore|iPhoneSimulator.ActiveCfg = Release|Any CPU
		{C3C37AA1-5525-471D-932D-BB958BDF8FD9}.AppStore|iPhoneSimulator.Build.0 = Release|Any CPU
		{C3C37AA1-5525-471D-932D-BB958BDF8FD9}.AppStore|x64.ActiveCfg = Release|Any CPU
		{C3C37AA1-5525-471D-932D-BB958BDF8FD9}.AppStore|x64.Build.0 = Release|Any CPU
		{C3C37AA1-5525-471D-932D-BB958BDF8FD9}.AppStore|x86.ActiveCfg = Release|Any CPU
		{C3C37AA1-5525-471D-932D-BB958BDF8FD9}.AppStore|x86.Build.0 = Release|Any CPU
		{C3C37AA1-5525-471D-932D-BB958BDF8FD9}.Debug|Any CPU.ActiveCfg = Debug|Any CPU
		{C3C37AA1-5525-471D-932D-BB958BDF8FD9}.Debug|Any CPU.Build.0 = Debug|Any CPU
		{C3C37AA1-5525-471D-932D-BB958BDF8FD9}.Debug|ARM.ActiveCfg = Debug|Any CPU
		{C3C37AA1-5525-471D-932D-BB958BDF8FD9}.Debug|ARM.Build.0 = Debug|Any CPU
		{C3C37AA1-5525-471D-932D-BB958BDF8FD9}.Debug|iPhone.ActiveCfg = Debug|Any CPU
		{C3C37AA1-5525-471D-932D-BB958BDF8FD9}.Debug|iPhone.Build.0 = Debug|Any CPU
		{C3C37AA1-5525-471D-932D-BB958BDF8FD9}.Debug|iPhoneSimulator.ActiveCfg = Debug|Any CPU
		{C3C37AA1-5525-471D-932D-BB958BDF8FD9}.Debug|iPhoneSimulator.Build.0 = Debug|Any CPU
		{C3C37AA1-5525-471D-932D-BB958BDF8FD9}.Debug|x64.ActiveCfg = Debug|Any CPU
		{C3C37AA1-5525-471D-932D-BB958BDF8FD9}.Debug|x64.Build.0 = Debug|Any CPU
		{C3C37AA1-5525-471D-932D-BB958BDF8FD9}.Debug|x86.ActiveCfg = Debug|Any CPU
		{C3C37AA1-5525-471D-932D-BB958BDF8FD9}.Debug|x86.Build.0 = Debug|Any CPU
		{C3C37AA1-5525-471D-932D-BB958BDF8FD9}.Release|Any CPU.ActiveCfg = Release|Any CPU
		{C3C37AA1-5525-471D-932D-BB958BDF8FD9}.Release|Any CPU.Build.0 = Release|Any CPU
		{C3C37AA1-5525-471D-932D-BB958BDF8FD9}.Release|ARM.ActiveCfg = Release|Any CPU
		{C3C37AA1-5525-471D-932D-BB958BDF8FD9}.Release|ARM.Build.0 = Release|Any CPU
		{C3C37AA1-5525-471D-932D-BB958BDF8FD9}.Release|iPhone.ActiveCfg = Release|Any CPU
		{C3C37AA1-5525-471D-932D-BB958BDF8FD9}.Release|iPhone.Build.0 = Release|Any CPU
		{C3C37AA1-5525-471D-932D-BB958BDF8FD9}.Release|iPhoneSimulator.ActiveCfg = Release|Any CPU
		{C3C37AA1-5525-471D-932D-BB958BDF8FD9}.Release|iPhoneSimulator.Build.0 = Release|Any CPU
		{C3C37AA1-5525-471D-932D-BB958BDF8FD9}.Release|x64.ActiveCfg = Release|Any CPU
		{C3C37AA1-5525-471D-932D-BB958BDF8FD9}.Release|x64.Build.0 = Release|Any CPU
		{C3C37AA1-5525-471D-932D-BB958BDF8FD9}.Release|x86.ActiveCfg = Release|Any CPU
		{C3C37AA1-5525-471D-932D-BB958BDF8FD9}.Release|x86.Build.0 = Release|Any CPU
		{A7860E80-776F-68F0-77C5-838F918432F9}.Ad-Hoc|Any CPU.ActiveCfg = Release|Any CPU
		{A7860E80-776F-68F0-77C5-838F918432F9}.Ad-Hoc|Any CPU.Build.0 = Release|Any CPU
		{A7860E80-776F-68F0-77C5-838F918432F9}.Ad-Hoc|ARM.ActiveCfg = Release|Any CPU
		{A7860E80-776F-68F0-77C5-838F918432F9}.Ad-Hoc|ARM.Build.0 = Release|Any CPU
		{A7860E80-776F-68F0-77C5-838F918432F9}.Ad-Hoc|iPhone.ActiveCfg = Release|Any CPU
		{A7860E80-776F-68F0-77C5-838F918432F9}.Ad-Hoc|iPhone.Build.0 = Release|Any CPU
		{A7860E80-776F-68F0-77C5-838F918432F9}.Ad-Hoc|iPhoneSimulator.ActiveCfg = Release|Any CPU
		{A7860E80-776F-68F0-77C5-838F918432F9}.Ad-Hoc|iPhoneSimulator.Build.0 = Release|Any CPU
		{A7860E80-776F-68F0-77C5-838F918432F9}.Ad-Hoc|x64.ActiveCfg = Release|Any CPU
		{A7860E80-776F-68F0-77C5-838F918432F9}.Ad-Hoc|x64.Build.0 = Release|Any CPU
		{A7860E80-776F-68F0-77C5-838F918432F9}.Ad-Hoc|x86.ActiveCfg = Release|Any CPU
		{A7860E80-776F-68F0-77C5-838F918432F9}.Ad-Hoc|x86.Build.0 = Release|Any CPU
		{A7860E80-776F-68F0-77C5-838F918432F9}.AppStore|Any CPU.ActiveCfg = Release|Any CPU
		{A7860E80-776F-68F0-77C5-838F918432F9}.AppStore|Any CPU.Build.0 = Release|Any CPU
		{A7860E80-776F-68F0-77C5-838F918432F9}.AppStore|ARM.ActiveCfg = Release|Any CPU
		{A7860E80-776F-68F0-77C5-838F918432F9}.AppStore|ARM.Build.0 = Release|Any CPU
		{A7860E80-776F-68F0-77C5-838F918432F9}.AppStore|iPhone.ActiveCfg = Release|Any CPU
		{A7860E80-776F-68F0-77C5-838F918432F9}.AppStore|iPhone.Build.0 = Release|Any CPU
		{A7860E80-776F-68F0-77C5-838F918432F9}.AppStore|iPhoneSimulator.ActiveCfg = Release|Any CPU
		{A7860E80-776F-68F0-77C5-838F918432F9}.AppStore|iPhoneSimulator.Build.0 = Release|Any CPU
		{A7860E80-776F-68F0-77C5-838F918432F9}.AppStore|x64.ActiveCfg = Release|Any CPU
		{A7860E80-776F-68F0-77C5-838F918432F9}.AppStore|x64.Build.0 = Release|Any CPU
		{A7860E80-776F-68F0-77C5-838F918432F9}.AppStore|x86.ActiveCfg = Release|Any CPU
		{A7860E80-776F-68F0-77C5-838F918432F9}.AppStore|x86.Build.0 = Release|Any CPU
		{A7860E80-776F-68F0-77C5-838F918432F9}.Debug|Any CPU.ActiveCfg = Debug|Any CPU
		{A7860E80-776F-68F0-77C5-838F918432F9}.Debug|Any CPU.Build.0 = Debug|Any CPU
		{A7860E80-776F-68F0-77C5-838F918432F9}.Debug|ARM.ActiveCfg = Debug|Any CPU
		{A7860E80-776F-68F0-77C5-838F918432F9}.Debug|ARM.Build.0 = Debug|Any CPU
		{A7860E80-776F-68F0-77C5-838F918432F9}.Debug|iPhone.ActiveCfg = Debug|Any CPU
		{A7860E80-776F-68F0-77C5-838F918432F9}.Debug|iPhone.Build.0 = Debug|Any CPU
		{A7860E80-776F-68F0-77C5-838F918432F9}.Debug|iPhoneSimulator.ActiveCfg = Debug|Any CPU
		{A7860E80-776F-68F0-77C5-838F918432F9}.Debug|iPhoneSimulator.Build.0 = Debug|Any CPU
		{A7860E80-776F-68F0-77C5-838F918432F9}.Debug|x64.ActiveCfg = Debug|Any CPU
		{A7860E80-776F-68F0-77C5-838F918432F9}.Debug|x64.Build.0 = Debug|Any CPU
		{A7860E80-776F-68F0-77C5-838F918432F9}.Debug|x86.ActiveCfg = Debug|Any CPU
		{A7860E80-776F-68F0-77C5-838F918432F9}.Debug|x86.Build.0 = Debug|Any CPU
		{A7860E80-776F-68F0-77C5-838F918432F9}.Release|Any CPU.ActiveCfg = Release|Any CPU
		{A7860E80-776F-68F0-77C5-838F918432F9}.Release|Any CPU.Build.0 = Release|Any CPU
		{A7860E80-776F-68F0-77C5-838F918432F9}.Release|ARM.ActiveCfg = Release|Any CPU
		{A7860E80-776F-68F0-77C5-838F918432F9}.Release|ARM.Build.0 = Release|Any CPU
		{A7860E80-776F-68F0-77C5-838F918432F9}.Release|iPhone.ActiveCfg = Release|Any CPU
		{A7860E80-776F-68F0-77C5-838F918432F9}.Release|iPhone.Build.0 = Release|Any CPU
		{A7860E80-776F-68F0-77C5-838F918432F9}.Release|iPhoneSimulator.ActiveCfg = Release|Any CPU
		{A7860E80-776F-68F0-77C5-838F918432F9}.Release|iPhoneSimulator.Build.0 = Release|Any CPU
		{A7860E80-776F-68F0-77C5-838F918432F9}.Release|x64.ActiveCfg = Release|Any CPU
		{A7860E80-776F-68F0-77C5-838F918432F9}.Release|x64.Build.0 = Release|Any CPU
		{A7860E80-776F-68F0-77C5-838F918432F9}.Release|x86.ActiveCfg = Release|Any CPU
		{A7860E80-776F-68F0-77C5-838F918432F9}.Release|x86.Build.0 = Release|Any CPU
		{918002F5-A5C8-4075-B550-DF7A275A287E}.Ad-Hoc|Any CPU.ActiveCfg = Release|Any CPU
		{918002F5-A5C8-4075-B550-DF7A275A287E}.Ad-Hoc|Any CPU.Build.0 = Release|Any CPU
		{918002F5-A5C8-4075-B550-DF7A275A287E}.Ad-Hoc|ARM.ActiveCfg = Release|Any CPU
		{918002F5-A5C8-4075-B550-DF7A275A287E}.Ad-Hoc|ARM.Build.0 = Release|Any CPU
		{918002F5-A5C8-4075-B550-DF7A275A287E}.Ad-Hoc|iPhone.ActiveCfg = Release|Any CPU
		{918002F5-A5C8-4075-B550-DF7A275A287E}.Ad-Hoc|iPhone.Build.0 = Release|Any CPU
		{918002F5-A5C8-4075-B550-DF7A275A287E}.Ad-Hoc|iPhoneSimulator.ActiveCfg = Release|Any CPU
		{918002F5-A5C8-4075-B550-DF7A275A287E}.Ad-Hoc|iPhoneSimulator.Build.0 = Release|Any CPU
		{918002F5-A5C8-4075-B550-DF7A275A287E}.Ad-Hoc|x64.ActiveCfg = Release|Any CPU
		{918002F5-A5C8-4075-B550-DF7A275A287E}.Ad-Hoc|x64.Build.0 = Release|Any CPU
		{918002F5-A5C8-4075-B550-DF7A275A287E}.Ad-Hoc|x86.ActiveCfg = Release|Any CPU
		{918002F5-A5C8-4075-B550-DF7A275A287E}.Ad-Hoc|x86.Build.0 = Release|Any CPU
		{918002F5-A5C8-4075-B550-DF7A275A287E}.AppStore|Any CPU.ActiveCfg = Release|Any CPU
		{918002F5-A5C8-4075-B550-DF7A275A287E}.AppStore|Any CPU.Build.0 = Release|Any CPU
		{918002F5-A5C8-4075-B550-DF7A275A287E}.AppStore|ARM.ActiveCfg = Release|Any CPU
		{918002F5-A5C8-4075-B550-DF7A275A287E}.AppStore|ARM.Build.0 = Release|Any CPU
		{918002F5-A5C8-4075-B550-DF7A275A287E}.AppStore|iPhone.ActiveCfg = Release|Any CPU
		{918002F5-A5C8-4075-B550-DF7A275A287E}.AppStore|iPhone.Build.0 = Release|Any CPU
		{918002F5-A5C8-4075-B550-DF7A275A287E}.AppStore|iPhoneSimulator.ActiveCfg = Release|Any CPU
		{918002F5-A5C8-4075-B550-DF7A275A287E}.AppStore|iPhoneSimulator.Build.0 = Release|Any CPU
		{918002F5-A5C8-4075-B550-DF7A275A287E}.AppStore|x64.ActiveCfg = Release|Any CPU
		{918002F5-A5C8-4075-B550-DF7A275A287E}.AppStore|x64.Build.0 = Release|Any CPU
		{918002F5-A5C8-4075-B550-DF7A275A287E}.AppStore|x86.ActiveCfg = Release|Any CPU
		{918002F5-A5C8-4075-B550-DF7A275A287E}.AppStore|x86.Build.0 = Release|Any CPU
		{918002F5-A5C8-4075-B550-DF7A275A287E}.Debug|Any CPU.ActiveCfg = Debug|Any CPU
		{918002F5-A5C8-4075-B550-DF7A275A287E}.Debug|Any CPU.Build.0 = Debug|Any CPU
		{918002F5-A5C8-4075-B550-DF7A275A287E}.Debug|ARM.ActiveCfg = Debug|Any CPU
		{918002F5-A5C8-4075-B550-DF7A275A287E}.Debug|ARM.Build.0 = Debug|Any CPU
		{918002F5-A5C8-4075-B550-DF7A275A287E}.Debug|iPhone.ActiveCfg = Debug|Any CPU
		{918002F5-A5C8-4075-B550-DF7A275A287E}.Debug|iPhone.Build.0 = Debug|Any CPU
		{918002F5-A5C8-4075-B550-DF7A275A287E}.Debug|iPhoneSimulator.ActiveCfg = Debug|Any CPU
		{918002F5-A5C8-4075-B550-DF7A275A287E}.Debug|iPhoneSimulator.Build.0 = Debug|Any CPU
		{918002F5-A5C8-4075-B550-DF7A275A287E}.Debug|x64.ActiveCfg = Debug|Any CPU
		{918002F5-A5C8-4075-B550-DF7A275A287E}.Debug|x64.Build.0 = Debug|Any CPU
		{918002F5-A5C8-4075-B550-DF7A275A287E}.Debug|x86.ActiveCfg = Debug|Any CPU
		{918002F5-A5C8-4075-B550-DF7A275A287E}.Debug|x86.Build.0 = Debug|Any CPU
		{918002F5-A5C8-4075-B550-DF7A275A287E}.Release|Any CPU.ActiveCfg = Release|Any CPU
		{918002F5-A5C8-4075-B550-DF7A275A287E}.Release|Any CPU.Build.0 = Release|Any CPU
		{918002F5-A5C8-4075-B550-DF7A275A287E}.Release|ARM.ActiveCfg = Release|Any CPU
		{918002F5-A5C8-4075-B550-DF7A275A287E}.Release|ARM.Build.0 = Release|Any CPU
		{918002F5-A5C8-4075-B550-DF7A275A287E}.Release|iPhone.ActiveCfg = Release|Any CPU
		{918002F5-A5C8-4075-B550-DF7A275A287E}.Release|iPhone.Build.0 = Release|Any CPU
		{918002F5-A5C8-4075-B550-DF7A275A287E}.Release|iPhoneSimulator.ActiveCfg = Release|Any CPU
		{918002F5-A5C8-4075-B550-DF7A275A287E}.Release|iPhoneSimulator.Build.0 = Release|Any CPU
		{918002F5-A5C8-4075-B550-DF7A275A287E}.Release|x64.ActiveCfg = Release|Any CPU
		{918002F5-A5C8-4075-B550-DF7A275A287E}.Release|x64.Build.0 = Release|Any CPU
		{918002F5-A5C8-4075-B550-DF7A275A287E}.Release|x86.ActiveCfg = Release|Any CPU
		{918002F5-A5C8-4075-B550-DF7A275A287E}.Release|x86.Build.0 = Release|Any CPU
	EndGlobalSection
	GlobalSection(SolutionProperties) = preSolution
		HideSolutionNode = FALSE
	EndGlobalSection
	GlobalSection(NestedProjects) = preSolution
		{5157367B-F03E-4ACB-83A1-0DE414A3BFCA} = {125C1FE9-F684-4E87-A9EF-969FD1E2D726}
		{0830C47F-AA16-4A0E-9CCF-E40835D1430D} = {125C1FE9-F684-4E87-A9EF-969FD1E2D726}
		{35B4BB5B-2202-436E-9AFE-00997CA2CC65} = {F3C6FCAE-FB37-4FBA-8ABD-7295868F15EC}
		{65016A61-2125-4E0C-90E8-A915230C7826} = {125C1FE9-F684-4E87-A9EF-969FD1E2D726}
		{C60126CE-A71D-4D11-A4A8-A45B67312E98} = {125C1FE9-F684-4E87-A9EF-969FD1E2D726}
		{65492AC6-8B98-42FF-AAA1-1DBDC050A25F} = {125C1FE9-F684-4E87-A9EF-969FD1E2D726}
		{56166C6C-B3B4-4BAE-823E-B3D24C080394} = {FCA00A99-04A2-467D-9557-C8BA3F8D50D4}
		{4E728BD1-65C2-4D1C-8147-1C7457565B6E} = {FCA00A99-04A2-467D-9557-C8BA3F8D50D4}
		{14E42639-10E7-44C1-9571-65F0A48A3696} = {125C1FE9-F684-4E87-A9EF-969FD1E2D726}
		{039990A9-FBF8-421E-A40A-CAE2A34B7240} = {125C1FE9-F684-4E87-A9EF-969FD1E2D726}
		{87C65DBF-14E4-4BFD-B8E3-BC7F8D2A857E} = {125C1FE9-F684-4E87-A9EF-969FD1E2D726}
		{B4187488-F6DF-45AC-96D3-EEE58B65C53E} = {125C1FE9-F684-4E87-A9EF-969FD1E2D726}
		{2FD3FBBD-FD06-4E49-BA91-4FC5ADC33BA7} = {125C1FE9-F684-4E87-A9EF-969FD1E2D726}
		{06241755-626A-4992-9CAE-C5A5745CB83C} = {125C1FE9-F684-4E87-A9EF-969FD1E2D726}
		{3D54C678-A873-4831-9894-9E92E6F8EEBF} = {125C1FE9-F684-4E87-A9EF-969FD1E2D726}
		{86C13BAB-EE19-4E82-B36F-2FEE92754B30} = {4095C402-9D46-4F54-9A19-4FA063852135}
		{96356788-E2A3-46E7-A9CF-D8FA8674F385} = {24B09B12-957A-4921-9E2E-3C74A05366C9}
		{23F56FCB-C677-4F6E-A759-51F67BEB5382} = {24B09B12-957A-4921-9E2E-3C74A05366C9}
		{C3C37AA1-5525-471D-932D-BB958BDF8FD9} = {F3C6FCAE-FB37-4FBA-8ABD-7295868F15EC}
		{9B79D7A1-856D-44E2-8C93-9BFA30FCFDB6} = {125C1FE9-F684-4E87-A9EF-969FD1E2D726}
		{A7860E80-776F-68F0-77C5-838F918432F9} = {7CD7AA0E-4AE7-4089-9177-C940E5D26784}
		{918002F5-A5C8-4075-B550-DF7A275A287E} = {7CD7AA0E-4AE7-4089-9177-C940E5D26784}
	EndGlobalSection
	GlobalSection(ExtensibilityGlobals) = postSolution
		SolutionGuid = {3C9A56A6-4EA3-4228-B064-E4789B282032}
	EndGlobalSection
EndGlobal
